// !$*UTF8*$!
{
	archiveVersion = 1;
	classes = {
	};
	objectVersion = 45;
	objects = {

/* Begin PBXAggregateTarget section */
		233E2C640A83C768005A62DF /* Build & Copy */ = {
			isa = PBXAggregateTarget;
			buildConfigurationList = 233E2D890A83C7AC005A62DF /* Build configuration list for PBXAggregateTarget "Build & Copy" */;
			buildPhases = (
				233E2C690A83C783005A62DF /* ShellScript */,
			);
			dependencies = (
				233E2C660A83C76D005A62DF /* PBXTargetDependency */,
			);
			name = "Build & Copy";
			productName = "Build & Install";
		};
/* End PBXAggregateTarget section */

/* Begin PBXBuildFile section */
		16BA95420A7EB2EB001E4983 /* CorePlotQCPlugin.m in Sources */ = {isa = PBXBuildFile; fileRef = 16BA95410A7EB2EB001E4983 /* CorePlotQCPlugin.m */; };
		16BA96310A7EB9AC001E4983 /* Quartz.framework in Frameworks */ = {isa = PBXBuildFile; fileRef = 16BA96300A7EB9AC001E4983 /* Quartz.framework */; };
		7238D5520DB6988600E9A42D /* Settings.xib in Resources */ = {isa = PBXBuildFile; fileRef = 7238D5500DB6988600E9A42D /* Settings.xib */; };
		8D5B49B4048680CD000E48DA /* Cocoa.framework in Frameworks */ = {isa = PBXBuildFile; fileRef = 1058C7ADFEA557BF11CA2CBB /* Cocoa.framework */; };
		A8FC1816102CBADE00CF2266 /* CPScatterPlotPlugin.m in Sources */ = {isa = PBXBuildFile; fileRef = A8FC1815102CBADE00CF2266 /* CPScatterPlotPlugin.m */; };
		A8FC1819102CBAEA00CF2266 /* CPBarPlotPlugin.m in Sources */ = {isa = PBXBuildFile; fileRef = A8FC1818102CBAEA00CF2266 /* CPBarPlotPlugin.m */; };
		A8FC1E891033514100CF2266 /* error.png in Resources */ = {isa = PBXBuildFile; fileRef = A8FC1E881033514100CF2266 /* error.png */; };
		BC21A98B1035BEC100FED2A4 /* CorePlot.framework in Frameworks */ = {isa = PBXBuildFile; fileRef = BC21A97F1035BEAF00FED2A4 /* CorePlot.framework */; };
		BC21A99A1035BF6F00FED2A4 /* CorePlot.framework in CopyFiles */ = {isa = PBXBuildFile; fileRef = BC21A97F1035BEAF00FED2A4 /* CorePlot.framework */; };
/* End PBXBuildFile section */

/* Begin PBXContainerItemProxy section */
		233E2C650A83C76D005A62DF /* PBXContainerItemProxy */ = {
			isa = PBXContainerItemProxy;
			containerPortal = 089C1669FE841209C02AAC07 /* Project object */;
			proxyType = 1;
			remoteGlobalIDString = 8D5B49AC048680CD000E48DA;
			remoteInfo = CorePlotQCPlugin;
		};
		BC21A97E1035BEAF00FED2A4 /* PBXContainerItemProxy */ = {
			isa = PBXContainerItemProxy;
			containerPortal = A89BAB3B1027EFBD004B2FE1 /* CorePlot.xcodeproj */;
			proxyType = 2;
			remoteGlobalIDString = 8DC2EF5B0486A6940098B216;
			remoteInfo = CorePlot;
		};
		BC21A9801035BEAF00FED2A4 /* PBXContainerItemProxy */ = {
			isa = PBXContainerItemProxy;
			containerPortal = A89BAB3B1027EFBD004B2FE1 /* CorePlot.xcodeproj */;
			proxyType = 2;
			remoteGlobalIDString = 4CBF252C0F3CDED400DAE1A8;
			remoteInfo = "CorePlot-UnitTests";
		};
		BC21A9821035BEAF00FED2A4 /* PBXContainerItemProxy */ = {
			isa = PBXContainerItemProxy;
			containerPortal = A89BAB3B1027EFBD004B2FE1 /* CorePlot.xcodeproj */;
			proxyType = 2;
			remoteGlobalIDString = 4C2D58DE0FB78208008275E0;
			remoteInfo = "CorePlot-PerformanceTests";
		};
		BC21A9841035BEAF00FED2A4 /* PBXContainerItemProxy */ = {
			isa = PBXContainerItemProxy;
			containerPortal = A89BAB3B1027EFBD004B2FE1 /* CorePlot.xcodeproj */;
			proxyType = 2;
			remoteGlobalIDString = 4C32D3560F43B36F00EDFE7A;
			remoteInfo = CPTestHarness;
		};
		BC21A99B1035BF8600FED2A4 /* PBXContainerItemProxy */ = {
			isa = PBXContainerItemProxy;
			containerPortal = A89BAB3B1027EFBD004B2FE1 /* CorePlot.xcodeproj */;
			proxyType = 1;
			remoteGlobalIDString = 8DC2EF4F0486A6940098B216;
			remoteInfo = CorePlot;
		};
/* End PBXContainerItemProxy section */

/* Begin PBXCopyFilesBuildPhase section */
		A89BAB751027F12B004B2FE1 /* CopyFiles */ = {
			isa = PBXCopyFilesBuildPhase;
			buildActionMask = 2147483647;
			dstPath = "";
			dstSubfolderSpec = 10;
			files = (
				BC21A99A1035BF6F00FED2A4 /* CorePlot.framework in CopyFiles */,
			);
			runOnlyForDeploymentPostprocessing = 0;
		};
/* End PBXCopyFilesBuildPhase section */

/* Begin PBXFileReference section */
		1058C7ADFEA557BF11CA2CBB /* Cocoa.framework */ = {isa = PBXFileReference; lastKnownFileType = wrapper.framework; name = Cocoa.framework; path = /System/Library/Frameworks/Cocoa.framework; sourceTree = "<absolute>"; };
		16AA5C440A7EEE7300888E31 /* CorePlotQCPlugin_Prefix.pch */ = {isa = PBXFileReference; fileEncoding = 30; lastKnownFileType = sourcecode.c.h; path = CorePlotQCPlugin_Prefix.pch; sourceTree = "<group>"; };
		16BA95400A7EB2EB001E4983 /* CorePlotQCPlugin.h */ = {isa = PBXFileReference; fileEncoding = 30; lastKnownFileType = sourcecode.c.h; path = CorePlotQCPlugin.h; sourceTree = "<group>"; };
		16BA95410A7EB2EB001E4983 /* CorePlotQCPlugin.m */ = {isa = PBXFileReference; fileEncoding = 30; lastKnownFileType = sourcecode.c.objc; path = CorePlotQCPlugin.m; sourceTree = "<group>"; };
		16BA96300A7EB9AC001E4983 /* Quartz.framework */ = {isa = PBXFileReference; lastKnownFileType = wrapper.framework; name = Quartz.framework; path = /System/Library/Frameworks/Quartz.framework; sourceTree = "<absolute>"; };
		7238D5510DB6988600E9A42D /* English */ = {isa = PBXFileReference; lastKnownFileType = file.xib; name = English; path = English.lproj/Settings.xib; sourceTree = "<group>"; };
		8D5B49B6048680CD000E48DA /* CorePlotQCPlugin.plugin */ = {isa = PBXFileReference; explicitFileType = wrapper.cfbundle; includeInIndex = 0; path = CorePlotQCPlugin.plugin; sourceTree = BUILT_PRODUCTS_DIR; };
		8D5B49B7048680CD000E48DA /* Info.plist */ = {isa = PBXFileReference; fileEncoding = 4; lastKnownFileType = text.plist.xml; path = Info.plist; sourceTree = "<group>"; };
		A89BAB3B1027EFBD004B2FE1 /* CorePlot.xcodeproj */ = {isa = PBXFileReference; lastKnownFileType = "wrapper.pb-project"; name = CorePlot.xcodeproj; path = ../framework/CorePlot.xcodeproj; sourceTree = SOURCE_ROOT; };
		A8FC1814102CBADE00CF2266 /* CPScatterPlotPlugin.h */ = {isa = PBXFileReference; fileEncoding = 4; lastKnownFileType = sourcecode.c.h; path = CPScatterPlotPlugin.h; sourceTree = "<group>"; };
		A8FC1815102CBADE00CF2266 /* CPScatterPlotPlugin.m */ = {isa = PBXFileReference; fileEncoding = 4; lastKnownFileType = sourcecode.c.objc; path = CPScatterPlotPlugin.m; sourceTree = "<group>"; };
		A8FC1817102CBAEA00CF2266 /* CPBarPlotPlugin.h */ = {isa = PBXFileReference; fileEncoding = 4; lastKnownFileType = sourcecode.c.h; path = CPBarPlotPlugin.h; sourceTree = "<group>"; };
		A8FC1818102CBAEA00CF2266 /* CPBarPlotPlugin.m */ = {isa = PBXFileReference; fileEncoding = 4; lastKnownFileType = sourcecode.c.objc; path = CPBarPlotPlugin.m; sourceTree = "<group>"; };
		A8FC1E881033514100CF2266 /* error.png */ = {isa = PBXFileReference; lastKnownFileType = image.png; path = error.png; sourceTree = "<group>"; };
/* End PBXFileReference section */

/* Begin PBXFrameworksBuildPhase section */
		8D5B49B3048680CD000E48DA /* Frameworks */ = {
			isa = PBXFrameworksBuildPhase;
			buildActionMask = 2147483647;
			files = (
				BC21A98B1035BEC100FED2A4 /* CorePlot.framework in Frameworks */,
				8D5B49B4048680CD000E48DA /* Cocoa.framework in Frameworks */,
				16BA96310A7EB9AC001E4983 /* Quartz.framework in Frameworks */,
			);
			runOnlyForDeploymentPostprocessing = 0;
		};
/* End PBXFrameworksBuildPhase section */

/* Begin PBXGroup section */
		089C166AFE841209C02AAC07 /* Quartz Composer Plug In */ = {
			isa = PBXGroup;
			children = (
				A89BAB3B1027EFBD004B2FE1 /* CorePlot.xcodeproj */,
				08FB77AFFE84173DC02AAC07 /* Classes */,
				32C88E010371C26100C91783 /* Other Sources */,
				089C167CFE841241C02AAC07 /* Resources */,
				089C1671FE841209C02AAC07 /* Frameworks */,
				19C28FB8FE9D52D311CA2CBB /* Products */,
			);
			name = "Quartz Composer Plug In";
			sourceTree = "<group>";
		};
		089C1671FE841209C02AAC07 /* Frameworks */ = {
			isa = PBXGroup;
			children = (
				16BA96300A7EB9AC001E4983 /* Quartz.framework */,
				1058C7ADFEA557BF11CA2CBB /* Cocoa.framework */,
			);
			name = Frameworks;
			sourceTree = "<group>";
		};
		089C167CFE841241C02AAC07 /* Resources */ = {
			isa = PBXGroup;
			children = (
				A8FC1E881033514100CF2266 /* error.png */,
				7238D5500DB6988600E9A42D /* Settings.xib */,
				8D5B49B7048680CD000E48DA /* Info.plist */,
			);
			name = Resources;
			sourceTree = "<group>";
		};
		08FB77AFFE84173DC02AAC07 /* Classes */ = {
			isa = PBXGroup;
			children = (
				16BA95400A7EB2EB001E4983 /* CorePlotQCPlugin.h */,
				16BA95410A7EB2EB001E4983 /* CorePlotQCPlugin.m */,
				A8FC1814102CBADE00CF2266 /* CPScatterPlotPlugin.h */,
				A8FC1815102CBADE00CF2266 /* CPScatterPlotPlugin.m */,
				A8FC1817102CBAEA00CF2266 /* CPBarPlotPlugin.h */,
				A8FC1818102CBAEA00CF2266 /* CPBarPlotPlugin.m */,
			);
			name = Classes;
			sourceTree = "<group>";
		};
		19C28FB8FE9D52D311CA2CBB /* Products */ = {
			isa = PBXGroup;
			children = (
				8D5B49B6048680CD000E48DA /* CorePlotQCPlugin.plugin */,
			);
			name = Products;
			sourceTree = "<group>";
		};
		32C88E010371C26100C91783 /* Other Sources */ = {
			isa = PBXGroup;
			children = (
				16AA5C440A7EEE7300888E31 /* CorePlotQCPlugin_Prefix.pch */,
			);
			name = "Other Sources";
			sourceTree = "<group>";
		};
		BC21A9761035BEAF00FED2A4 /* Products */ = {
			isa = PBXGroup;
			children = (
				BC21A97F1035BEAF00FED2A4 /* CorePlot.framework */,
				BC21A9811035BEAF00FED2A4 /* CorePlot-UnitTests.octest */,
				BC21A9831035BEAF00FED2A4 /* CorePlot-PerformanceTests.octest */,
				BC21A9851035BEAF00FED2A4 /* CPTestHarness.app */,
			);
			name = Products;
			sourceTree = "<group>";
		};
/* End PBXGroup section */

/* Begin PBXNativeTarget section */
		8D5B49AC048680CD000E48DA /* CorePlotQCPlugin */ = {
			isa = PBXNativeTarget;
			buildConfigurationList = 1DEB913A08733D840010E9CD /* Build configuration list for PBXNativeTarget "CorePlotQCPlugin" */;
			buildPhases = (
				8D5B49AF048680CD000E48DA /* Resources */,
				8D5B49B3048680CD000E48DA /* Frameworks */,
				8D5B49B1048680CD000E48DA /* Sources */,
				A89BAB751027F12B004B2FE1 /* CopyFiles */,
			);
			buildRules = (
			);
			dependencies = (
				BC21A99C1035BF8600FED2A4 /* PBXTargetDependency */,
			);
			name = CorePlotQCPlugin;
			productInstallPath = "$(HOME)/Library/Bundles";
			productName = "Quartz Composer Plug In";
			productReference = 8D5B49B6048680CD000E48DA /* CorePlotQCPlugin.plugin */;
			productType = "com.apple.product-type.bundle";
		};
/* End PBXNativeTarget section */

/* Begin PBXProject section */
		089C1669FE841209C02AAC07 /* Project object */ = {
			isa = PBXProject;
			buildConfigurationList = 1DEB913E08733D840010E9CD /* Build configuration list for PBXProject "CorePlotQCPlugin" */;
			compatibilityVersion = "Xcode 3.1";
			hasScannedForEncodings = 1;
			mainGroup = 089C166AFE841209C02AAC07 /* Quartz Composer Plug In */;
			projectDirPath = "";
			projectReferences = (
				{
					ProductGroup = BC21A9761035BEAF00FED2A4 /* Products */;
					ProjectRef = A89BAB3B1027EFBD004B2FE1 /* CorePlot.xcodeproj */;
				},
			);
			projectRoot = "";
			targets = (
				8D5B49AC048680CD000E48DA /* CorePlotQCPlugin */,
				233E2C640A83C768005A62DF /* Build & Copy */,
			);
		};
/* End PBXProject section */

/* Begin PBXReferenceProxy section */
		BC21A97F1035BEAF00FED2A4 /* CorePlot.framework */ = {
			isa = PBXReferenceProxy;
			fileType = wrapper.framework;
			path = CorePlot.framework;
			remoteRef = BC21A97E1035BEAF00FED2A4 /* PBXContainerItemProxy */;
			sourceTree = BUILT_PRODUCTS_DIR;
		};
		BC21A9811035BEAF00FED2A4 /* CorePlot-UnitTests.octest */ = {
			isa = PBXReferenceProxy;
			fileType = wrapper.cfbundle;
			path = "CorePlot-UnitTests.octest";
			remoteRef = BC21A9801035BEAF00FED2A4 /* PBXContainerItemProxy */;
			sourceTree = BUILT_PRODUCTS_DIR;
		};
		BC21A9831035BEAF00FED2A4 /* CorePlot-PerformanceTests.octest */ = {
			isa = PBXReferenceProxy;
			fileType = wrapper.cfbundle;
			path = "CorePlot-PerformanceTests.octest";
			remoteRef = BC21A9821035BEAF00FED2A4 /* PBXContainerItemProxy */;
			sourceTree = BUILT_PRODUCTS_DIR;
		};
		BC21A9851035BEAF00FED2A4 /* CPTestHarness.app */ = {
			isa = PBXReferenceProxy;
			fileType = wrapper.application;
			path = CPTestHarness.app;
			remoteRef = BC21A9841035BEAF00FED2A4 /* PBXContainerItemProxy */;
			sourceTree = BUILT_PRODUCTS_DIR;
		};
/* End PBXReferenceProxy section */

/* Begin PBXResourcesBuildPhase section */
		8D5B49AF048680CD000E48DA /* Resources */ = {
			isa = PBXResourcesBuildPhase;
			buildActionMask = 2147483647;
			files = (
				7238D5520DB6988600E9A42D /* Settings.xib in Resources */,
				A8FC1E891033514100CF2266 /* error.png in Resources */,
			);
			runOnlyForDeploymentPostprocessing = 0;
		};
/* End PBXResourcesBuildPhase section */

/* Begin PBXShellScriptBuildPhase section */
		233E2C690A83C783005A62DF /* ShellScript */ = {
			isa = PBXShellScriptBuildPhase;
			buildActionMask = 2147483647;
			files = (
			);
			inputPaths = (
			);
			outputPaths = (
			);
			runOnlyForDeploymentPostprocessing = 0;
			shellPath = /bin/sh;
			shellScript = "# This shell script simply copies the built plug-in to \"~/Library/Graphics/Quartz Composer Plug-Ins\" and overrides any previous version at that location\n\nmkdir -p \"$USER_LIBRARY_DIR/Graphics/Quartz Composer Plug-Ins\"\nrm -rf \"$USER_LIBRARY_DIR/Graphics/Quartz Composer Plug-Ins/CorePlotQCPlugin.plugin\"\ncp -rf \"$BUILT_PRODUCTS_DIR/CorePlotQCPlugin.plugin\" \"$USER_LIBRARY_DIR/Graphics/Quartz Composer Plug-Ins/\"\n";
		};
/* End PBXShellScriptBuildPhase section */

/* Begin PBXSourcesBuildPhase section */
		8D5B49B1048680CD000E48DA /* Sources */ = {
			isa = PBXSourcesBuildPhase;
			buildActionMask = 2147483647;
			files = (
				16BA95420A7EB2EB001E4983 /* CorePlotQCPlugin.m in Sources */,
				A8FC1816102CBADE00CF2266 /* CPScatterPlotPlugin.m in Sources */,
				A8FC1819102CBAEA00CF2266 /* CPBarPlotPlugin.m in Sources */,
			);
			runOnlyForDeploymentPostprocessing = 0;
		};
/* End PBXSourcesBuildPhase section */

/* Begin PBXTargetDependency section */
		233E2C660A83C76D005A62DF /* PBXTargetDependency */ = {
			isa = PBXTargetDependency;
			target = 8D5B49AC048680CD000E48DA /* CorePlotQCPlugin */;
			targetProxy = 233E2C650A83C76D005A62DF /* PBXContainerItemProxy */;
		};
		BC21A99C1035BF8600FED2A4 /* PBXTargetDependency */ = {
			isa = PBXTargetDependency;
			name = CorePlot;
			targetProxy = BC21A99B1035BF8600FED2A4 /* PBXContainerItemProxy */;
		};
/* End PBXTargetDependency section */

/* Begin PBXVariantGroup section */
		7238D5500DB6988600E9A42D /* Settings.xib */ = {
			isa = PBXVariantGroup;
			children = (
				7238D5510DB6988600E9A42D /* English */,
			);
			name = Settings.xib;
			sourceTree = "<group>";
		};
/* End PBXVariantGroup section */

/* Begin XCBuildConfiguration section */
		1DEB913B08733D840010E9CD /* Debug */ = {
			isa = XCBuildConfiguration;
			buildSettings = {
				COPY_PHASE_STRIP = NO;
				FRAMEWORK_SEARCH_PATHS = (
					"$(inherited)",
					"\"$(SRCROOT)/../../framework/build/Debug\"",
					"\"$(SRCROOT)/../../framework/build/Release\"",
				);
				GCC_DYNAMIC_NO_PIC = NO;
				GCC_ENABLE_FIX_AND_CONTINUE = YES;
				GCC_ENABLE_OBJC_GC = supported;
				GCC_MODEL_TUNING = G5;
				GCC_OPTIMIZATION_LEVEL = 0;
				GCC_PRECOMPILE_PREFIX_HEADER = YES;
				GCC_PREFIX_HEADER = CorePlotQCPlugin_Prefix.pch;
				INFOPLIST_FILE = Info.plist;
				INSTALL_PATH = "$(HOME)/Library/Graphics/Quartz Composer Plug-Ins";
				PRODUCT_NAME = CorePlotQCPlugin;
				WRAPPER_EXTENSION = plugin;
				ZERO_LINK = YES;
			};
			name = Debug;
		};
		1DEB913C08733D840010E9CD /* Release */ = {
			isa = XCBuildConfiguration;
			buildSettings = {
				DEBUG_INFORMATION_FORMAT = "dwarf-with-dsym";
				FRAMEWORK_SEARCH_PATHS = (
					"$(inherited)",
					"\"$(SRCROOT)/../../framework/build/Debug\"",
					"\"$(SRCROOT)/../../framework/build/Release\"",
				);
				GCC_ENABLE_OBJC_GC = supported;
				GCC_MODEL_TUNING = G5;
				GCC_PRECOMPILE_PREFIX_HEADER = YES;
				GCC_PREFIX_HEADER = CorePlotQCPlugin_Prefix.pch;
				INFOPLIST_FILE = Info.plist;
				INSTALL_PATH = "$(HOME)/Library/Graphics/Quartz Composer Plug-Ins";
				PRODUCT_NAME = CorePlotQCPlugin;
				WRAPPER_EXTENSION = plugin;
				ZERO_LINK = YES;
			};
			name = Release;
		};
		1DEB913F08733D840010E9CD /* Debug */ = {
			isa = XCBuildConfiguration;
			buildSettings = {
				ARCHS = "$(ARCHS_STANDARD_32_64_BIT)";
				FRAMEWORK_SEARCH_PATHS = "$(SRCROOT)/../framework/build/Debug//**";
				GCC_C_LANGUAGE_STANDARD = c99;
				GCC_WARN_ABOUT_RETURN_TYPE = YES;
				GCC_WARN_UNUSED_VARIABLE = YES;
				ONLY_ACTIVE_ARCH = YES;
				SDKROOT = macosx10.5;
			};
			name = Debug;
		};
		1DEB914008733D840010E9CD /* Release */ = {
			isa = XCBuildConfiguration;
			buildSettings = {
				ARCHS = "$(ARCHS_STANDARD_32_64_BIT)";
				FRAMEWORK_SEARCH_PATHS = "$(SRCROOT)/../framework/build/Debug//**";
				GCC_C_LANGUAGE_STANDARD = c99;
				GCC_WARN_ABOUT_RETURN_TYPE = YES;
				GCC_WARN_UNUSED_VARIABLE = YES;
				SDKROOT = macosx10.5;
			};
			name = Release;
		};
		233E2D8A0A83C7AC005A62DF /* Debug */ = {
			isa = XCBuildConfiguration;
			buildSettings = {
				PRODUCT_NAME = "Build & Install";
			};
			name = Debug;
		};
		233E2D8B0A83C7AC005A62DF /* Release */ = {
			isa = XCBuildConfiguration;
			buildSettings = {
				PRODUCT_NAME = "Build & Install";
			};
			name = Release;
		};
/* End XCBuildConfiguration section */

/* Begin XCConfigurationList section */
		1DEB913A08733D840010E9CD /* Build configuration list for PBXNativeTarget "CorePlotQCPlugin" */ = {
			isa = XCConfigurationList;
			buildConfigurations = (
				1DEB913B08733D840010E9CD /* Debug */,
				1DEB913C08733D840010E9CD /* Release */,
			);
			defaultConfigurationIsVisible = 0;
			defaultConfigurationName = Release;
		};
		1DEB913E08733D840010E9CD /* Build configuration list for PBXProject "CorePlotQCPlugin" */ = {
			isa = XCConfigurationList;
			buildConfigurations = (
				1DEB913F08733D840010E9CD /* Debug */,
				1DEB914008733D840010E9CD /* Release */,
			);
			defaultConfigurationIsVisible = 0;
			defaultConfigurationName = Release;
		};
		233E2D890A83C7AC005A62DF /* Build configuration list for PBXAggregateTarget "Build & Copy" */ = {
			isa = XCConfigurationList;
			buildConfigurations = (
				233E2D8A0A83C7AC005A62DF /* Debug */,
				233E2D8B0A83C7AC005A62DF /* Release */,
			);
			defaultConfigurationIsVisible = 0;
			defaultConfigurationName = Release;
		};
/* End XCConfigurationList section */
	};
	rootObject = 089C1669FE841209C02AAC07 /* Project object */;
}
