// !$*UTF8*$!
{
	archiveVersion = 1;
	classes = {
	};
	objectVersion = 47;
	objects = {

/* Begin PBXBuildFile section */
		073703570FE5193C006D46AD /* APFinancialData.m in Sources */ = {isa = PBXBuildFile; fileRef = 073703560FE5193C006D46AD /* APFinancialData.m */; };
		073703B10FE51E6C006D46AD /* NSDateFormatterExtensions.m in Sources */ = {isa = PBXBuildFile; fileRef = 073703B00FE51E6C006D46AD /* NSDateFormatterExtensions.m */; };
		1D3623260D0F684500981E51 /* AAPLotAppDelegate.m in Sources */ = {isa = PBXBuildFile; fileRef = 1D3623250D0F684500981E51 /* AAPLotAppDelegate.m */; };
		1D60589B0D05DD56006BFB54 /* main.m in Sources */ = {isa = PBXBuildFile; fileRef = 29B97316FDCFA39411CA2CEA /* main.m */; };
		1D60589F0D05DD5A006BFB54 /* Foundation.framework in Frameworks */ = {isa = PBXBuildFile; fileRef = 1D30AB110D05D00D00671497 /* Foundation.framework */; };
		1DF5F4E00D08C38300B7A737 /* UIKit.framework in Frameworks */ = {isa = PBXBuildFile; fileRef = 1DF5F4DF0D08C38300B7A737 /* UIKit.framework */; };
		288765590DF743DE002DB57D /* CoreGraphics.framework in Frameworks */ = {isa = PBXBuildFile; fileRef = 288765580DF743DE002DB57D /* CoreGraphics.framework */; };
		289233A60DB2D0840083E9F9 /* FlipsideView.m in Sources */ = {isa = PBXBuildFile; fileRef = 289233A30DB2D0840083E9F9 /* FlipsideView.m */; };
		289233AE0DB2D0DB0083E9F9 /* MainViewController.m in Sources */ = {isa = PBXBuildFile; fileRef = 289233A90DB2D0DB0083E9F9 /* MainViewController.m */; };
		289233AF0DB2D0DB0083E9F9 /* RootViewController.m in Sources */ = {isa = PBXBuildFile; fileRef = 289233AB0DB2D0DB0083E9F9 /* RootViewController.m */; };
		289233B00DB2D0DB0083E9F9 /* FlipsideViewController.m in Sources */ = {isa = PBXBuildFile; fileRef = 289233AD0DB2D0DB0083E9F9 /* FlipsideViewController.m */; };
		AB8989470FE0309E00FDC37F /* QuartzCore.framework in Frameworks */ = {isa = PBXBuildFile; fileRef = AB8989460FE0309E00FDC37F /* QuartzCore.framework */; };
		AB8F94580FDEFA1500E61485 /* APYahooDataPuller.m in Sources */ = {isa = PBXBuildFile; fileRef = AB8F94570FDEFA1500E61485 /* APYahooDataPuller.m */; };
		ABA5345E0FEB40CE0046A8DA /* AAPL.plist in Resources */ = {isa = PBXBuildFile; fileRef = ABA5345D0FEB40CE0046A8DA /* AAPL.plist */; };
		C3D0A1DB20E0198700BA2921 /* MainView.xib in Resources */ = {isa = PBXBuildFile; fileRef = C3D0A1DD20E0198700BA2921 /* MainView.xib */; };
		C3D0A1EC20E0199600BA2921 /* Launch Screen.xib in Resources */ = {isa = PBXBuildFile; fileRef = C3D0A1EE20E0199600BA2921 /* Launch Screen.xib */; };
		C3D0A1EF20E019A300BA2921 /* FlipsideView.xib in Resources */ = {isa = PBXBuildFile; fileRef = C3D0A1F120E019A300BA2921 /* FlipsideView.xib */; };
		C3D0A1F220E019AB00BA2921 /* MainWindow.xib in Resources */ = {isa = PBXBuildFile; fileRef = C3D0A1F420E019AB00BA2921 /* MainWindow.xib */; };
		C3D3936C19FD6B1D00148319 /* Images.xcassets in Resources */ = {isa = PBXBuildFile; fileRef = C3D3936B19FD6B1D00148319 /* Images.xcassets */; };
		C3D414941A7D838200B6F5D6 /* libCorePlot-CocoaTouch.a in Frameworks */ = {isa = PBXBuildFile; fileRef = C3D414911A7D836300B6F5D6 /* libCorePlot-CocoaTouch.a */; };
/* End PBXBuildFile section */

/* Begin PBXContainerItemProxy section */
		C31D01C31D10F4E7008C1EF2 /* PBXContainerItemProxy */ = {
			isa = PBXContainerItemProxy;
			containerPortal = C3D4147C1A7D836300B6F5D6 /* CorePlot.xcodeproj */;
			proxyType = 2;
			remoteGlobalIDString = C37EA6921BC83F2A0091C8F7;
			remoteInfo = "CorePlot tvOS";
		};
		C31D01C51D10F4E7008C1EF2 /* PBXContainerItemProxy */ = {
			isa = PBXContainerItemProxy;
			containerPortal = C3D4147C1A7D836300B6F5D6 /* CorePlot.xcodeproj */;
			proxyType = 2;
			remoteGlobalIDString = C37EA6B71BC83F2D0091C8F7;
			remoteInfo = "UnitTests tvOS";
		};
		C3D414881A7D836300B6F5D6 /* PBXContainerItemProxy */ = {
			isa = PBXContainerItemProxy;
			containerPortal = C3D4147C1A7D836300B6F5D6 /* CorePlot.xcodeproj */;
			proxyType = 2;
			remoteGlobalIDString = 8DC2EF5B0486A6940098B216;
			remoteInfo = CorePlot;
		};
		C3D4148A1A7D836300B6F5D6 /* PBXContainerItemProxy */ = {
			isa = PBXContainerItemProxy;
			containerPortal = C3D4147C1A7D836300B6F5D6 /* CorePlot.xcodeproj */;
			proxyType = 2;
			remoteGlobalIDString = 0730F600109492D800E95162;
			remoteInfo = UnitTests;
		};
		C3D4148C1A7D836300B6F5D6 /* PBXContainerItemProxy */ = {
			isa = PBXContainerItemProxy;
			containerPortal = C3D4147C1A7D836300B6F5D6 /* CorePlot.xcodeproj */;
			proxyType = 2;
			remoteGlobalIDString = C38A09781A46185200D45436;
			remoteInfo = CorePlot_iOS;
		};
		C3D4148E1A7D836300B6F5D6 /* PBXContainerItemProxy */ = {
			isa = PBXContainerItemProxy;
			containerPortal = C3D4147C1A7D836300B6F5D6 /* CorePlot.xcodeproj */;
			proxyType = 2;
			remoteGlobalIDString = C38A09821A46185300D45436;
			remoteInfo = CorePlot_iOSTests;
		};
		C3D414901A7D836300B6F5D6 /* PBXContainerItemProxy */ = {
			isa = PBXContainerItemProxy;
			containerPortal = C3D4147C1A7D836300B6F5D6 /* CorePlot.xcodeproj */;
			proxyType = 2;
			remoteGlobalIDString = C38A09BA1A4619A900D45436;
			remoteInfo = "CorePlot-CocoaTouch";
		};
		C3D414921A7D836300B6F5D6 /* PBXContainerItemProxy */ = {
			isa = PBXContainerItemProxy;
			containerPortal = C3D4147C1A7D836300B6F5D6 /* CorePlot.xcodeproj */;
			proxyType = 2;
			remoteGlobalIDString = C38A09C41A4619A900D45436;
			remoteInfo = "CorePlot-CocoaTouchTests";
		};
/* End PBXContainerItemProxy section */

/* Begin PBXFileReference section */
		073703550FE5193C006D46AD /* APFinancialData.h */ = {isa = PBXFileReference; fileEncoding = 4; lastKnownFileType = sourcecode.c.h; path = APFinancialData.h; sourceTree = "<group>"; };
		073703560FE5193C006D46AD /* APFinancialData.m */ = {isa = PBXFileReference; fileEncoding = 4; lastKnownFileType = sourcecode.c.objc; path = APFinancialData.m; sourceTree = "<group>"; };
		073703AF0FE51E6C006D46AD /* NSDateFormatterExtensions.h */ = {isa = PBXFileReference; fileEncoding = 4; lastKnownFileType = sourcecode.c.h; path = NSDateFormatterExtensions.h; sourceTree = "<group>"; };
		073703B00FE51E6C006D46AD /* NSDateFormatterExtensions.m */ = {isa = PBXFileReference; fileEncoding = 4; lastKnownFileType = sourcecode.c.objc; path = NSDateFormatterExtensions.m; sourceTree = "<group>"; };
		1D30AB110D05D00D00671497 /* Foundation.framework */ = {isa = PBXFileReference; lastKnownFileType = wrapper.framework; name = Foundation.framework; path = System/Library/Frameworks/Foundation.framework; sourceTree = SDKROOT; };
		1D3623240D0F684500981E51 /* AAPLotAppDelegate.h */ = {isa = PBXFileReference; fileEncoding = 4; lastKnownFileType = sourcecode.c.h; path = AAPLotAppDelegate.h; sourceTree = "<group>"; };
		1D3623250D0F684500981E51 /* AAPLotAppDelegate.m */ = {isa = PBXFileReference; fileEncoding = 4; lastKnownFileType = sourcecode.c.objc; path = AAPLotAppDelegate.m; sourceTree = "<group>"; };
		1D6058910D05DD3D006BFB54 /* AAPLot.app */ = {isa = PBXFileReference; explicitFileType = wrapper.application; includeInIndex = 0; path = AAPLot.app; sourceTree = BUILT_PRODUCTS_DIR; };
		1DF5F4DF0D08C38300B7A737 /* UIKit.framework */ = {isa = PBXFileReference; lastKnownFileType = wrapper.framework; name = UIKit.framework; path = System/Library/Frameworks/UIKit.framework; sourceTree = SDKROOT; };
		288765580DF743DE002DB57D /* CoreGraphics.framework */ = {isa = PBXFileReference; lastKnownFileType = wrapper.framework; name = CoreGraphics.framework; path = System/Library/Frameworks/CoreGraphics.framework; sourceTree = SDKROOT; };
		289233A20DB2D0840083E9F9 /* FlipsideView.h */ = {isa = PBXFileReference; fileEncoding = 4; lastKnownFileType = sourcecode.c.h; name = FlipsideView.h; path = Classes/FlipsideView.h; sourceTree = "<group>"; };
		289233A30DB2D0840083E9F9 /* FlipsideView.m */ = {isa = PBXFileReference; fileEncoding = 4; lastKnownFileType = sourcecode.c.objc; name = FlipsideView.m; path = Classes/FlipsideView.m; sourceTree = "<group>"; };
		289233A80DB2D0DB0083E9F9 /* MainViewController.h */ = {isa = PBXFileReference; fileEncoding = 4; lastKnownFileType = sourcecode.c.h; lineEnding = 0; name = MainViewController.h; path = Classes/MainViewController.h; sourceTree = "<group>"; xcLanguageSpecificationIdentifier = xcode.lang.objcpp; };
		289233A90DB2D0DB0083E9F9 /* MainViewController.m */ = {isa = PBXFileReference; fileEncoding = 4; lastKnownFileType = sourcecode.c.objc; lineEnding = 0; name = MainViewController.m; path = Classes/MainViewController.m; sourceTree = "<group>"; xcLanguageSpecificationIdentifier = xcode.lang.objc; };
		289233AA0DB2D0DB0083E9F9 /* RootViewController.h */ = {isa = PBXFileReference; fileEncoding = 4; lastKnownFileType = sourcecode.c.h; path = RootViewController.h; sourceTree = "<group>"; };
		289233AB0DB2D0DB0083E9F9 /* RootViewController.m */ = {isa = PBXFileReference; fileEncoding = 4; lastKnownFileType = sourcecode.c.objc; path = RootViewController.m; sourceTree = "<group>"; };
		289233AC0DB2D0DB0083E9F9 /* FlipsideViewController.h */ = {isa = PBXFileReference; fileEncoding = 4; lastKnownFileType = sourcecode.c.h; name = FlipsideViewController.h; path = Classes/FlipsideViewController.h; sourceTree = "<group>"; };
		289233AD0DB2D0DB0083E9F9 /* FlipsideViewController.m */ = {isa = PBXFileReference; fileEncoding = 4; lastKnownFileType = sourcecode.c.objc; name = FlipsideViewController.m; path = Classes/FlipsideViewController.m; sourceTree = "<group>"; };
		29B97316FDCFA39411CA2CEA /* main.m */ = {isa = PBXFileReference; fileEncoding = 4; lastKnownFileType = sourcecode.c.objc; path = main.m; sourceTree = "<group>"; };
		32CA4F630368D1EE00C91783 /* AAPLot_Prefix.pch */ = {isa = PBXFileReference; fileEncoding = 4; lastKnownFileType = sourcecode.c.h; path = AAPLot_Prefix.pch; sourceTree = "<group>"; };
		AB8989460FE0309E00FDC37F /* QuartzCore.framework */ = {isa = PBXFileReference; lastKnownFileType = wrapper.framework; name = QuartzCore.framework; path = System/Library/Frameworks/QuartzCore.framework; sourceTree = SDKROOT; };
		AB8F94560FDEFA1500E61485 /* APYahooDataPuller.h */ = {isa = PBXFileReference; fileEncoding = 4; lastKnownFileType = sourcecode.c.h; lineEnding = 0; path = APYahooDataPuller.h; sourceTree = "<group>"; xcLanguageSpecificationIdentifier = xcode.lang.objcpp; };
		AB8F94570FDEFA1500E61485 /* APYahooDataPuller.m */ = {isa = PBXFileReference; fileEncoding = 4; lastKnownFileType = sourcecode.c.objc; lineEnding = 0; path = APYahooDataPuller.m; sourceTree = "<group>"; xcLanguageSpecificationIdentifier = xcode.lang.objc; };
		ABA5345D0FEB40CE0046A8DA /* AAPL.plist */ = {isa = PBXFileReference; fileEncoding = 4; lastKnownFileType = text.plist.xml; path = AAPL.plist; sourceTree = "<group>"; };
		C37A40D220E031AE00C4FF48 /* Base */ = {isa = PBXFileReference; lastKnownFileType = text.plist.xml; name = Base; path = Base.lproj/Info.plist; sourceTree = "<group>"; };
		C3CA9B5819E1F79B008DF7A3 /* CorePlotWarnings.xcconfig */ = {isa = PBXFileReference; lastKnownFileType = text.xcconfig; name = CorePlotWarnings.xcconfig; path = ../../framework/xcconfig/CorePlotWarnings.xcconfig; sourceTree = "<group>"; };
		C3CD282F17DE9B9C008EED1E /* Accelerate.framework */ = {isa = PBXFileReference; lastKnownFileType = wrapper.framework; name = Accelerate.framework; path = System/Library/Frameworks/Accelerate.framework; sourceTree = SDKROOT; };
		C3D0A1EB20E0198E00BA2921 /* Base */ = {isa = PBXFileReference; lastKnownFileType = file.xib; name = Base; path = Base.lproj/MainView.xib; sourceTree = "<group>"; };
		C3D0A1ED20E0199600BA2921 /* Base */ = {isa = PBXFileReference; lastKnownFileType = file.xib; name = Base; path = "Base.lproj/Launch Screen.xib"; sourceTree = "<group>"; };
		C3D0A1F020E019A300BA2921 /* Base */ = {isa = PBXFileReference; lastKnownFileType = file.xib; name = Base; path = Base.lproj/FlipsideView.xib; sourceTree = "<group>"; };
		C3D0A1F320E019AB00BA2921 /* Base */ = {isa = PBXFileReference; lastKnownFileType = file.xib; name = Base; path = Base.lproj/MainWindow.xib; sourceTree = "<group>"; };
		C3D3936B19FD6B1D00148319 /* Images.xcassets */ = {isa = PBXFileReference; lastKnownFileType = folder.assetcatalog; name = Images.xcassets; path = AAPLot/Images.xcassets; sourceTree = "<group>"; };
		C3D4147C1A7D836300B6F5D6 /* CorePlot.xcodeproj */ = {isa = PBXFileReference; lastKnownFileType = "wrapper.pb-project"; name = CorePlot.xcodeproj; path = ../../framework/CorePlot.xcodeproj; sourceTree = "<group>"; };
/* End PBXFileReference section */

/* Begin PBXFrameworksBuildPhase section */
		1D60588F0D05DD3D006BFB54 /* Frameworks */ = {
			isa = PBXFrameworksBuildPhase;
			buildActionMask = 2147483647;
			files = (
				1D60589F0D05DD5A006BFB54 /* Foundation.framework in Frameworks */,
				1DF5F4E00D08C38300B7A737 /* UIKit.framework in Frameworks */,
				288765590DF743DE002DB57D /* CoreGraphics.framework in Frameworks */,
				AB8989470FE0309E00FDC37F /* QuartzCore.framework in Frameworks */,
				C3D414941A7D838200B6F5D6 /* libCorePlot-CocoaTouch.a in Frameworks */,
			);
			runOnlyForDeploymentPostprocessing = 0;
		};
/* End PBXFrameworksBuildPhase section */

/* Begin PBXGroup section */
		0737034D0FE518E7006D46AD /* Data Acquisition */ = {
			isa = PBXGroup;
			children = (
				AB8F94560FDEFA1500E61485 /* APYahooDataPuller.h */,
				AB8F94570FDEFA1500E61485 /* APYahooDataPuller.m */,
				073703550FE5193C006D46AD /* APFinancialData.h */,
				073703560FE5193C006D46AD /* APFinancialData.m */,
				073703AF0FE51E6C006D46AD /* NSDateFormatterExtensions.h */,
				073703B00FE51E6C006D46AD /* NSDateFormatterExtensions.m */,
			);
			name = "Data Acquisition";
			sourceTree = "<group>";
		};
		080E96DDFE201D6D7F000001 /* Application Controllers */ = {
			isa = PBXGroup;
			children = (
				C3D0A1F420E019AB00BA2921 /* MainWindow.xib */,
				1D3623240D0F684500981E51 /* AAPLotAppDelegate.h */,
				1D3623250D0F684500981E51 /* AAPLotAppDelegate.m */,
				289233AA0DB2D0DB0083E9F9 /* RootViewController.h */,
				289233AB0DB2D0DB0083E9F9 /* RootViewController.m */,
			);
			name = "Application Controllers";
			path = Classes;
			sourceTree = "<group>";
		};
		19C28FACFE9D520D11CA2CBB /* Products */ = {
			isa = PBXGroup;
			children = (
				1D6058910D05DD3D006BFB54 /* AAPLot.app */,
			);
			name = Products;
			sourceTree = "<group>";
		};
		281C6CD70DB2D82200F60ACC /* Flipside View */ = {
			isa = PBXGroup;
			children = (
				C3D0A1F120E019A300BA2921 /* FlipsideView.xib */,
				289233A20DB2D0840083E9F9 /* FlipsideView.h */,
				289233A30DB2D0840083E9F9 /* FlipsideView.m */,
				289233AC0DB2D0DB0083E9F9 /* FlipsideViewController.h */,
				289233AD0DB2D0DB0083E9F9 /* FlipsideViewController.m */,
			);
			name = "Flipside View";
			sourceTree = "<group>";
		};
		289233A00DB2D0730083E9F9 /* Main View */ = {
			isa = PBXGroup;
			children = (
				C3D0A1DD20E0198700BA2921 /* MainView.xib */,
				289233A80DB2D0DB0083E9F9 /* MainViewController.h */,
				289233A90DB2D0DB0083E9F9 /* MainViewController.m */,
				C3D0A1EE20E0199600BA2921 /* Launch Screen.xib */,
			);
			name = "Main View";
			sourceTree = "<group>";
		};
		29B97314FDCFA39411CA2CEA /* CustomTemplate */ = {
			isa = PBXGroup;
			children = (
				C3D4147C1A7D836300B6F5D6 /* CorePlot.xcodeproj */,
				289233A00DB2D0730083E9F9 /* Main View */,
				0737034D0FE518E7006D46AD /* Data Acquisition */,
				281C6CD70DB2D82200F60ACC /* Flipside View */,
				080E96DDFE201D6D7F000001 /* Application Controllers */,
				29B97315FDCFA39411CA2CEA /* Other Sources */,
				29B97317FDCFA39411CA2CEA /* Resources */,
				29B97323FDCFA39411CA2CEA /* Frameworks */,
				19C28FACFE9D520D11CA2CBB /* Products */,
			);
			indentWidth = 4;
			name = CustomTemplate;
			sourceTree = "<group>";
			tabWidth = 4;
			usesTabs = 0;
		};
		29B97315FDCFA39411CA2CEA /* Other Sources */ = {
			isa = PBXGroup;
			children = (
				32CA4F630368D1EE00C91783 /* AAPLot_Prefix.pch */,
				29B97316FDCFA39411CA2CEA /* main.m */,
				C3CA9B5819E1F79B008DF7A3 /* CorePlotWarnings.xcconfig */,
			);
			name = "Other Sources";
			sourceTree = "<group>";
		};
		29B97317FDCFA39411CA2CEA /* Resources */ = {
			isa = PBXGroup;
			children = (
				C3D3936B19FD6B1D00148319 /* Images.xcassets */,
				ABA5345D0FEB40CE0046A8DA /* AAPL.plist */,
				C37A40D320E031AE00C4FF48 /* Info.plist */,
			);
			name = Resources;
			sourceTree = "<group>";
		};
		29B97323FDCFA39411CA2CEA /* Frameworks */ = {
			isa = PBXGroup;
			children = (
				AB8989460FE0309E00FDC37F /* QuartzCore.framework */,
				1DF5F4DF0D08C38300B7A737 /* UIKit.framework */,
				1D30AB110D05D00D00671497 /* Foundation.framework */,
				288765580DF743DE002DB57D /* CoreGraphics.framework */,
				C3CD282F17DE9B9C008EED1E /* Accelerate.framework */,
			);
			name = Frameworks;
			sourceTree = "<group>";
		};
		C3D4147D1A7D836300B6F5D6 /* Products */ = {
			isa = PBXGroup;
			children = (
				C3D414891A7D836300B6F5D6 /* CorePlot.framework */,
				C3D4148B1A7D836300B6F5D6 /* UnitTests.xctest */,
				C3D4148D1A7D836300B6F5D6 /* CorePlot.framework */,
				C3D4148F1A7D836300B6F5D6 /* UnitTests iOS.xctest */,
				C3D414911A7D836300B6F5D6 /* libCorePlot-CocoaTouch.a */,
				C3D414931A7D836300B6F5D6 /* CorePlot-CocoaTouchTests.xctest */,
				C31D01C41D10F4E7008C1EF2 /* CorePlot.framework */,
				C31D01C61D10F4E7008C1EF2 /* UnitTests tvOS.xctest */,
			);
			name = Products;
			sourceTree = "<group>";
		};
/* End PBXGroup section */

/* Begin PBXNativeTarget section */
		1D6058900D05DD3D006BFB54 /* AAPLot */ = {
			isa = PBXNativeTarget;
			buildConfigurationList = 1D6058960D05DD3E006BFB54 /* Build configuration list for PBXNativeTarget "AAPLot" */;
			buildPhases = (
				1D60588D0D05DD3D006BFB54 /* Resources */,
				1D60588E0D05DD3D006BFB54 /* Sources */,
				1D60588F0D05DD3D006BFB54 /* Frameworks */,
			);
			buildRules = (
			);
			dependencies = (
			);
			name = AAPLot;
			productName = AAPLot;
			productReference = 1D6058910D05DD3D006BFB54 /* AAPLot.app */;
			productType = "com.apple.product-type.application";
		};
/* End PBXNativeTarget section */

/* Begin PBXProject section */
		29B97313FDCFA39411CA2CEA /* Project object */ = {
			isa = PBXProject;
			attributes = {
				LastUpgradeCheck = 0900;
				TargetAttributes = {
					1D6058900D05DD3D006BFB54 = {
						DevelopmentTeam = 28ZA45DE7D;
					};
				};
			};
			buildConfigurationList = C01FCF4E08A954540054247B /* Build configuration list for PBXProject "AAPLot" */;
			compatibilityVersion = "Xcode 6.3";
			developmentRegion = en;
			hasScannedForEncodings = 1;
			knownRegions = (
				en,
				Base,
				ja,
				de,
				fr,
			);
			mainGroup = 29B97314FDCFA39411CA2CEA /* CustomTemplate */;
			projectDirPath = "";
			projectReferences = (
				{
					ProductGroup = C3D4147D1A7D836300B6F5D6 /* Products */;
					ProjectRef = C3D4147C1A7D836300B6F5D6 /* CorePlot.xcodeproj */;
				},
			);
			projectRoot = "";
			targets = (
				1D6058900D05DD3D006BFB54 /* AAPLot */,
			);
		};
/* End PBXProject section */

/* Begin PBXReferenceProxy section */
		C31D01C41D10F4E7008C1EF2 /* CorePlot.framework */ = {
			isa = PBXReferenceProxy;
			fileType = wrapper.framework;
			path = CorePlot.framework;
			remoteRef = C31D01C31D10F4E7008C1EF2 /* PBXContainerItemProxy */;
			sourceTree = BUILT_PRODUCTS_DIR;
		};
		C31D01C61D10F4E7008C1EF2 /* UnitTests tvOS.xctest */ = {
			isa = PBXReferenceProxy;
			fileType = wrapper.cfbundle;
			path = "UnitTests tvOS.xctest";
			remoteRef = C31D01C51D10F4E7008C1EF2 /* PBXContainerItemProxy */;
			sourceTree = BUILT_PRODUCTS_DIR;
		};
		C3D414891A7D836300B6F5D6 /* CorePlot.framework */ = {
			isa = PBXReferenceProxy;
			fileType = wrapper.framework;
			path = CorePlot.framework;
			remoteRef = C3D414881A7D836300B6F5D6 /* PBXContainerItemProxy */;
			sourceTree = BUILT_PRODUCTS_DIR;
		};
		C3D4148B1A7D836300B6F5D6 /* UnitTests.xctest */ = {
			isa = PBXReferenceProxy;
			fileType = wrapper.cfbundle;
			path = UnitTests.xctest;
			remoteRef = C3D4148A1A7D836300B6F5D6 /* PBXContainerItemProxy */;
			sourceTree = BUILT_PRODUCTS_DIR;
		};
		C3D4148D1A7D836300B6F5D6 /* CorePlot.framework */ = {
			isa = PBXReferenceProxy;
			fileType = wrapper.framework;
			path = CorePlot.framework;
			remoteRef = C3D4148C1A7D836300B6F5D6 /* PBXContainerItemProxy */;
			sourceTree = BUILT_PRODUCTS_DIR;
		};
		C3D4148F1A7D836300B6F5D6 /* UnitTests iOS.xctest */ = {
			isa = PBXReferenceProxy;
			fileType = wrapper.cfbundle;
			path = "UnitTests iOS.xctest";
			remoteRef = C3D4148E1A7D836300B6F5D6 /* PBXContainerItemProxy */;
			sourceTree = BUILT_PRODUCTS_DIR;
		};
		C3D414911A7D836300B6F5D6 /* libCorePlot-CocoaTouch.a */ = {
			isa = PBXReferenceProxy;
			fileType = archive.ar;
			path = "libCorePlot-CocoaTouch.a";
			remoteRef = C3D414901A7D836300B6F5D6 /* PBXContainerItemProxy */;
			sourceTree = BUILT_PRODUCTS_DIR;
		};
		C3D414931A7D836300B6F5D6 /* CorePlot-CocoaTouchTests.xctest */ = {
			isa = PBXReferenceProxy;
			fileType = wrapper.cfbundle;
			path = "CorePlot-CocoaTouchTests.xctest";
			remoteRef = C3D414921A7D836300B6F5D6 /* PBXContainerItemProxy */;
			sourceTree = BUILT_PRODUCTS_DIR;
		};
/* End PBXReferenceProxy section */

/* Begin PBXResourcesBuildPhase section */
		1D60588D0D05DD3D006BFB54 /* Resources */ = {
			isa = PBXResourcesBuildPhase;
			buildActionMask = 2147483647;
			files = (
				C3D0A1EF20E019A300BA2921 /* FlipsideView.xib in Resources */,
				C3D0A1DB20E0198700BA2921 /* MainView.xib in Resources */,
				C3D3936C19FD6B1D00148319 /* Images.xcassets in Resources */,
				C3D0A1F220E019AB00BA2921 /* MainWindow.xib in Resources */,
				ABA5345E0FEB40CE0046A8DA /* AAPL.plist in Resources */,
				C3D0A1EC20E0199600BA2921 /* Launch Screen.xib in Resources */,
			);
			runOnlyForDeploymentPostprocessing = 0;
		};
/* End PBXResourcesBuildPhase section */

/* Begin PBXSourcesBuildPhase section */
		1D60588E0D05DD3D006BFB54 /* Sources */ = {
			isa = PBXSourcesBuildPhase;
			buildActionMask = 2147483647;
			files = (
				1D60589B0D05DD56006BFB54 /* main.m in Sources */,
				1D3623260D0F684500981E51 /* AAPLotAppDelegate.m in Sources */,
				289233A60DB2D0840083E9F9 /* FlipsideView.m in Sources */,
				289233AE0DB2D0DB0083E9F9 /* MainViewController.m in Sources */,
				289233AF0DB2D0DB0083E9F9 /* RootViewController.m in Sources */,
				289233B00DB2D0DB0083E9F9 /* FlipsideViewController.m in Sources */,
				AB8F94580FDEFA1500E61485 /* APYahooDataPuller.m in Sources */,
				073703570FE5193C006D46AD /* APFinancialData.m in Sources */,
				073703B10FE51E6C006D46AD /* NSDateFormatterExtensions.m in Sources */,
			);
			runOnlyForDeploymentPostprocessing = 0;
		};
/* End PBXSourcesBuildPhase section */

/* Begin PBXVariantGroup section */
		C37A40D320E031AE00C4FF48 /* Info.plist */ = {
			isa = PBXVariantGroup;
			children = (
				C37A40D220E031AE00C4FF48 /* Base */,
			);
			name = Info.plist;
			sourceTree = "<group>";
		};
		C3D0A1DD20E0198700BA2921 /* MainView.xib */ = {
			isa = PBXVariantGroup;
			children = (
				C3D0A1EB20E0198E00BA2921 /* Base */,
			);
			name = MainView.xib;
			sourceTree = "<group>";
		};
		C3D0A1EE20E0199600BA2921 /* Launch Screen.xib */ = {
			isa = PBXVariantGroup;
			children = (
				C3D0A1ED20E0199600BA2921 /* Base */,
			);
			name = "Launch Screen.xib";
			sourceTree = "<group>";
		};
		C3D0A1F120E019A300BA2921 /* FlipsideView.xib */ = {
			isa = PBXVariantGroup;
			children = (
				C3D0A1F020E019A300BA2921 /* Base */,
			);
			name = FlipsideView.xib;
			sourceTree = "<group>";
		};
		C3D0A1F420E019AB00BA2921 /* MainWindow.xib */ = {
			isa = PBXVariantGroup;
			children = (
				C3D0A1F320E019AB00BA2921 /* Base */,
			);
			name = MainWindow.xib;
			path = ..;
			sourceTree = "<group>";
		};
/* End PBXVariantGroup section */

/* Begin XCBuildConfiguration section */
		1D6058940D05DD3E006BFB54 /* Debug */ = {
			isa = XCBuildConfiguration;
			baseConfigurationReference = C3CA9B5819E1F79B008DF7A3 /* CorePlotWarnings.xcconfig */;
			buildSettings = {
				ALWAYS_SEARCH_USER_PATHS = NO;
				ASSETCATALOG_COMPILER_APPICON_NAME = AppIcon;
				CLANG_ENABLE_OBJC_ARC = YES;
				CODE_SIGN_IDENTITY = "iPhone Developer";
				"CODE_SIGN_IDENTITY[sdk=iphoneos*]" = "iPhone Developer";
				COPY_PHASE_STRIP = NO;
				GCC_DYNAMIC_NO_PIC = NO;
				GCC_OPTIMIZATION_LEVEL = 0;
				GCC_PRECOMPILE_PREFIX_HEADER = YES;
				GCC_PREFIX_HEADER = AAPLot_Prefix.pch;
				HEADER_SEARCH_PATHS = "";
				INFOPLIST_FILE = "$(SRCROOT)/Base.lproj/Info.plist";
				OTHER_LDFLAGS = (
					"-ObjC",
					"-all_load",
				);
				PRODUCT_BUNDLE_IDENTIFIER = "org.CorePlot.${PRODUCT_NAME:identifier}";
				PRODUCT_NAME = AAPLot;
			};
			name = Debug;
		};
		1D6058950D05DD3E006BFB54 /* Release */ = {
			isa = XCBuildConfiguration;
			baseConfigurationReference = C3CA9B5819E1F79B008DF7A3 /* CorePlotWarnings.xcconfig */;
			buildSettings = {
				ALWAYS_SEARCH_USER_PATHS = NO;
				ASSETCATALOG_COMPILER_APPICON_NAME = AppIcon;
				CLANG_ENABLE_OBJC_ARC = YES;
				CODE_SIGN_IDENTITY = "iPhone Distribution";
				"CODE_SIGN_IDENTITY[sdk=iphoneos*]" = "iPhone Distribution";
				COPY_PHASE_STRIP = YES;
				GCC_PRECOMPILE_PREFIX_HEADER = YES;
				GCC_PREFIX_HEADER = AAPLot_Prefix.pch;
				HEADER_SEARCH_PATHS = "";
				INFOPLIST_FILE = "$(SRCROOT)/Base.lproj/Info.plist";
				OTHER_LDFLAGS = (
					"-ObjC",
					"-all_load",
				);
				PRODUCT_BUNDLE_IDENTIFIER = "org.CorePlot.${PRODUCT_NAME:identifier}";
				PRODUCT_NAME = AAPLot;
			};
			name = Release;
		};
		C01FCF4F08A954540054247B /* Debug */ = {
			isa = XCBuildConfiguration;
			baseConfigurationReference = C3CA9B5819E1F79B008DF7A3 /* CorePlotWarnings.xcconfig */;
			buildSettings = {
				ALWAYS_SEARCH_USER_PATHS = NO;
				CLANG_ANALYZER_LOCALIZABILITY_NONLOCALIZED = YES;
				CLANG_WARN_BLOCK_CAPTURE_AUTORELEASING = YES;
				CLANG_WARN_BOOL_CONVERSION = YES;
				CLANG_WARN_COMMA = YES;
				CLANG_WARN_CONSTANT_CONVERSION = YES;
				CLANG_WARN_EMPTY_BODY = YES;
				CLANG_WARN_ENUM_CONVERSION = YES;
				CLANG_WARN_INFINITE_RECURSION = YES;
				CLANG_WARN_INT_CONVERSION = YES;
				CLANG_WARN_NON_LITERAL_NULL_CONVERSION = YES;
				CLANG_WARN_OBJC_LITERAL_CONVERSION = YES;
				CLANG_WARN_RANGE_LOOP_ANALYSIS = YES;
				CLANG_WARN_STRICT_PROTOTYPES = YES;
				CLANG_WARN_SUSPICIOUS_MOVE = YES;
				CLANG_WARN_UNREACHABLE_CODE = YES;
				CLANG_WARN__DUPLICATE_METHOD_MATCH = YES;
				ENABLE_STRICT_OBJC_MSGSEND = YES;
				ENABLE_TESTABILITY = YES;
				GCC_C_LANGUAGE_STANDARD = c99;
				GCC_NO_COMMON_BLOCKS = YES;
				GCC_WARN_64_TO_32_BIT_CONVERSION = YES;
				GCC_WARN_ABOUT_RETURN_TYPE = YES;
				GCC_WARN_UNDECLARED_SELECTOR = YES;
				GCC_WARN_UNINITIALIZED_AUTOS = YES;
				GCC_WARN_UNUSED_FUNCTION = YES;
				GCC_WARN_UNUSED_VARIABLE = YES;
				HEADER_SEARCH_PATHS = "";
				IPHONEOS_DEPLOYMENT_TARGET = 8.0;
				ONLY_ACTIVE_ARCH = YES;
				SDKROOT = iphoneos;
				SYMROOT = "$(SRCROOT)/../../build";
				USER_HEADER_SEARCH_PATHS = "\"${PROJECT_DIR}/../../framework\" \"${PROJECT_DIR}/../../framework/Source\" \"${PROJECT_DIR}/../../framework/iPhoneOnly\"";
			};
			name = Debug;
		};
		C01FCF5008A954540054247B /* Release */ = {
			isa = XCBuildConfiguration;
			baseConfigurationReference = C3CA9B5819E1F79B008DF7A3 /* CorePlotWarnings.xcconfig */;
			buildSettings = {
				ALWAYS_SEARCH_USER_PATHS = NO;
				CLANG_ANALYZER_LOCALIZABILITY_NONLOCALIZED = YES;
				CLANG_WARN_BLOCK_CAPTURE_AUTORELEASING = YES;
				CLANG_WARN_BOOL_CONVERSION = YES;
				CLANG_WARN_COMMA = YES;
				CLANG_WARN_CONSTANT_CONVERSION = YES;
				CLANG_WARN_EMPTY_BODY = YES;
				CLANG_WARN_ENUM_CONVERSION = YES;
				CLANG_WARN_INFINITE_RECURSION = YES;
				CLANG_WARN_INT_CONVERSION = YES;
				CLANG_WARN_NON_LITERAL_NULL_CONVERSION = YES;
				CLANG_WARN_OBJC_LITERAL_CONVERSION = YES;
				CLANG_WARN_RANGE_LOOP_ANALYSIS = YES;
				CLANG_WARN_STRICT_PROTOTYPES = YES;
				CLANG_WARN_SUSPICIOUS_MOVE = YES;
				CLANG_WARN_UNREACHABLE_CODE = YES;
				CLANG_WARN__DUPLICATE_METHOD_MATCH = YES;
				ENABLE_STRICT_OBJC_MSGSEND = YES;
				GCC_C_LANGUAGE_STANDARD = c99;
				GCC_NO_COMMON_BLOCKS = YES;
				GCC_WARN_64_TO_32_BIT_CONVERSION = YES;
				GCC_WARN_ABOUT_RETURN_TYPE = YES;
				GCC_WARN_UNDECLARED_SELECTOR = YES;
				GCC_WARN_UNINITIALIZED_AUTOS = YES;
				GCC_WARN_UNUSED_FUNCTION = YES;
				GCC_WARN_UNUSED_VARIABLE = YES;
				HEADER_SEARCH_PATHS = "";
				IPHONEOS_DEPLOYMENT_TARGET = 8.0;
				SDKROOT = iphoneos;
				USER_HEADER_SEARCH_PATHS = "\"${PROJECT_DIR}/../../framework\" \"${PROJECT_DIR}/../../framework/Source\" \"${PROJECT_DIR}/../../framework/iPhoneOnly\"";
			};
			name = Release;
		};
/* End XCBuildConfiguration section */

/* Begin XCConfigurationList section */
		1D6058960D05DD3E006BFB54 /* Build configuration list for PBXNativeTarget "AAPLot" */ = {
			isa = XCConfigurationList;
			buildConfigurations = (
				1D6058940D05DD3E006BFB54 /* Debug */,
				1D6058950D05DD3E006BFB54 /* Release */,
			);
			defaultConfigurationIsVisible = 0;
			defaultConfigurationName = Release;
		};
		C01FCF4E08A954540054247B /* Build configuration list for PBXProject "AAPLot" */ = {
			isa = XCConfigurationList;
			buildConfigurations = (
				C01FCF4F08A954540054247B /* Debug */,
				C01FCF5008A954540054247B /* Release */,
			);
			defaultConfigurationIsVisible = 0;
			defaultConfigurationName = Release;
		};
/* End XCConfigurationList section */
	};
	rootObject = 29B97313FDCFA39411CA2CEA /* Project object */;
}
