// !$*UTF8*$!
{
	archiveVersion = 1;
	classes = {
	};
	objectVersion = 45;
	objects = {

/* Begin PBXBuildFile section */
		076185040F3CB17800A89A76 /* CorePlot.framework in Copy Frameworks */ = {isa = PBXBuildFile; fileRef = 076184C10F3CAD5900A89A76 /* CorePlot.framework */; };
		0761850B0F3CB1E800A89A76 /* CorePlot.framework in Frameworks */ = {isa = PBXBuildFile; fileRef = 076184C10F3CAD5900A89A76 /* CorePlot.framework */; };
		077382B10F3DC1FB002F10E2 /* Controller.m in Sources */ = {isa = PBXBuildFile; fileRef = 077382B00F3DC1FB002F10E2 /* Controller.m */; };
		07C13BBB0FF9322A00BEE616 /* BlueTexture.png in Resources */ = {isa = PBXBuildFile; fileRef = 07C13BBA0FF9322A00BEE616 /* BlueTexture.png */; };
		8D11072B0486CEB800E47090 /* InfoPlist.strings in Resources */ = {isa = PBXBuildFile; fileRef = 089C165CFE840E0CC02AAC07 /* InfoPlist.strings */; };
		8D11072D0486CEB800E47090 /* main.m in Sources */ = {isa = PBXBuildFile; fileRef = 29B97316FDCFA39411CA2CEA /* main.m */; settings = {ATTRIBUTES = (); }; };
		8D11072F0486CEB800E47090 /* Cocoa.framework in Frameworks */ = {isa = PBXBuildFile; fileRef = 1058C7A1FEA54F0111CA2CBB /* Cocoa.framework */; };
		90AF4F440F36CF1800753D26 /* CPTestApp.xib in Resources */ = {isa = PBXBuildFile; fileRef = 90AF4F430F36CF1800753D26 /* CPTestApp.xib */; };
		BC8E737D0FC0B3CF00DF8511 /* QuartzCore.framework in Frameworks */ = {isa = PBXBuildFile; fileRef = BC8E737C0FC0B3CF00DF8511 /* QuartzCore.framework */; };
		BC8E74240FC0B96000DF8511 /* RotationView.m in Sources */ = {isa = PBXBuildFile; fileRef = BC8E74230FC0B96000DF8511 /* RotationView.m */; };
		BCB3FD520FD85658008875A4 /* CorePlotIcon.icns in Resources */ = {isa = PBXBuildFile; fileRef = BCB3FD510FD85658008875A4 /* CorePlotIcon.icns */; };
		C34D4F8E0F8ED78400969C24 /* CPPlotSymbolTestController.m in Sources */ = {isa = PBXBuildFile; fileRef = C34D4F8C0F8ED78400969C24 /* CPPlotSymbolTestController.m */; };
/* End PBXBuildFile section */

/* Begin PBXContainerItemProxy section */
		076184C00F3CAD5900A89A76 /* PBXContainerItemProxy */ = {
			isa = PBXContainerItemProxy;
			containerPortal = 076184BC0F3CAD5900A89A76 /* CorePlot.xcodeproj */;
			proxyType = 2;
			remoteGlobalIDString = 8DC2EF5B0486A6940098B216;
			remoteInfo = CorePlot;
		};
		076184CF0F3CAE1100A89A76 /* PBXContainerItemProxy */ = {
			isa = PBXContainerItemProxy;
			containerPortal = 076184BC0F3CAD5900A89A76 /* CorePlot.xcodeproj */;
			proxyType = 1;
			remoteGlobalIDString = 8DC2EF4F0486A6940098B216;
			remoteInfo = CorePlot;
		};
		4CD7E7B20F4B4F0600F9BCBB /* PBXContainerItemProxy */ = {
			isa = PBXContainerItemProxy;
			containerPortal = 076184BC0F3CAD5900A89A76 /* CorePlot.xcodeproj */;
			proxyType = 2;
			remoteGlobalIDString = 4CBF252C0F3CDED400DAE1A8;
			remoteInfo = "CorePlot-UnitTests";
		};
		4CD7E7B40F4B4F0600F9BCBB /* PBXContainerItemProxy */ = {
			isa = PBXContainerItemProxy;
			containerPortal = 076184BC0F3CAD5900A89A76 /* CorePlot.xcodeproj */;
			proxyType = 2;
			remoteGlobalIDString = 4C32D3560F43B36F00EDFE7A;
			remoteInfo = CPTestHarness;
		};
		90FFF6C20FB87D9100B42BE4 /* PBXContainerItemProxy */ = {
			isa = PBXContainerItemProxy;
			containerPortal = 076184BC0F3CAD5900A89A76 /* CorePlot.xcodeproj */;
			proxyType = 2;
			remoteGlobalIDString = 4C2D58DE0FB78208008275E0;
			remoteInfo = "CorePlot-PerformanceTests";
		};
/* End PBXContainerItemProxy section */

/* Begin PBXCopyFilesBuildPhase section */
		90AF4F830F36D09E00753D26 /* Copy Frameworks */ = {
			isa = PBXCopyFilesBuildPhase;
			buildActionMask = 2147483647;
			dstPath = "";
			dstSubfolderSpec = 10;
			files = (
				076185040F3CB17800A89A76 /* CorePlot.framework in Copy Frameworks */,
			);
			name = "Copy Frameworks";
			runOnlyForDeploymentPostprocessing = 0;
		};
/* End PBXCopyFilesBuildPhase section */

/* Begin PBXFileReference section */
		076184BC0F3CAD5900A89A76 /* CorePlot.xcodeproj */ = {isa = PBXFileReference; lastKnownFileType = "wrapper.pb-project"; name = CorePlot.xcodeproj; path = ../../framework/CorePlot.xcodeproj; sourceTree = SOURCE_ROOT; };
		0761854B0F3CB3CB00A89A76 /* CorePlot.framework */ = {isa = PBXFileReference; explicitFileType = wrapper.framework; includeInIndex = 0; name = CorePlot.framework; path = ../../../../framework/build/Debug/CorePlot.framework; sourceTree = BUILT_PRODUCTS_DIR; };
		077382AF0F3DC1FB002F10E2 /* Controller.h */ = {isa = PBXFileReference; fileEncoding = 4; lastKnownFileType = sourcecode.c.h; path = Controller.h; sourceTree = "<group>"; };
		077382B00F3DC1FB002F10E2 /* Controller.m */ = {isa = PBXFileReference; fileEncoding = 4; lastKnownFileType = sourcecode.c.objc; path = Controller.m; sourceTree = "<group>"; };
		07C13BBA0FF9322A00BEE616 /* BlueTexture.png */ = {isa = PBXFileReference; lastKnownFileType = image.png; path = BlueTexture.png; sourceTree = "<group>"; };
		089C165DFE840E0CC02AAC07 /* English */ = {isa = PBXFileReference; fileEncoding = 10; lastKnownFileType = text.plist.strings; name = English; path = English.lproj/InfoPlist.strings; sourceTree = "<group>"; };
		1058C7A1FEA54F0111CA2CBB /* Cocoa.framework */ = {isa = PBXFileReference; lastKnownFileType = wrapper.framework; name = Cocoa.framework; path = /System/Library/Frameworks/Cocoa.framework; sourceTree = "<absolute>"; };
		13E42FB307B3F0F600E4EEF1 /* CoreData.framework */ = {isa = PBXFileReference; lastKnownFileType = wrapper.framework; name = CoreData.framework; path = /System/Library/Frameworks/CoreData.framework; sourceTree = "<absolute>"; };
		29B97316FDCFA39411CA2CEA /* main.m */ = {isa = PBXFileReference; fileEncoding = 4; lastKnownFileType = sourcecode.c.objc; name = main.m; path = Source/main.m; sourceTree = "<group>"; };
		29B97324FDCFA39411CA2CEA /* AppKit.framework */ = {isa = PBXFileReference; lastKnownFileType = wrapper.framework; name = AppKit.framework; path = /System/Library/Frameworks/AppKit.framework; sourceTree = "<absolute>"; };
		29B97325FDCFA39411CA2CEA /* Foundation.framework */ = {isa = PBXFileReference; lastKnownFileType = wrapper.framework; name = Foundation.framework; path = /System/Library/Frameworks/Foundation.framework; sourceTree = "<absolute>"; };
		32CA4F630368D1EE00C91783 /* CPTestApp_Prefix.pch */ = {isa = PBXFileReference; fileEncoding = 4; lastKnownFileType = sourcecode.c.h; path = CPTestApp_Prefix.pch; sourceTree = "<group>"; };
		8D1107310486CEB800E47090 /* Info.plist */ = {isa = PBXFileReference; fileEncoding = 4; lastKnownFileType = text.plist.xml; path = Info.plist; sourceTree = "<group>"; };
		8D1107320486CEB800E47090 /* CPTestApp.app */ = {isa = PBXFileReference; explicitFileType = wrapper.application; includeInIndex = 0; path = CPTestApp.app; sourceTree = BUILT_PRODUCTS_DIR; };
		90AF4F430F36CF1800753D26 /* CPTestApp.xib */ = {isa = PBXFileReference; lastKnownFileType = file.xib; path = CPTestApp.xib; sourceTree = "<group>"; };
		BC8E737C0FC0B3CF00DF8511 /* QuartzCore.framework */ = {isa = PBXFileReference; lastKnownFileType = wrapper.framework; name = QuartzCore.framework; path = System/Library/Frameworks/QuartzCore.framework; sourceTree = SDKROOT; };
		BC8E74220FC0B96000DF8511 /* RotationView.h */ = {isa = PBXFileReference; fileEncoding = 4; lastKnownFileType = sourcecode.c.h; path = RotationView.h; sourceTree = "<group>"; };
		BC8E74230FC0B96000DF8511 /* RotationView.m */ = {isa = PBXFileReference; fileEncoding = 4; lastKnownFileType = sourcecode.c.objc; path = RotationView.m; sourceTree = "<group>"; };
		BCB3FD510FD85658008875A4 /* CorePlotIcon.icns */ = {isa = PBXFileReference; lastKnownFileType = image.icns; path = CorePlotIcon.icns; sourceTree = "<group>"; };
		C34D4F8C0F8ED78400969C24 /* CPPlotSymbolTestController.m */ = {isa = PBXFileReference; fileEncoding = 4; lastKnownFileType = sourcecode.c.objc; path = CPPlotSymbolTestController.m; sourceTree = "<group>"; };
		C34D4F8D0F8ED78400969C24 /* CPPlotSymbolTestController.h */ = {isa = PBXFileReference; fileEncoding = 4; lastKnownFileType = sourcecode.c.h; path = CPPlotSymbolTestController.h; sourceTree = "<group>"; };
/* End PBXFileReference section */

/* Begin PBXFrameworksBuildPhase section */
		8D11072E0486CEB800E47090 /* Frameworks */ = {
			isa = PBXFrameworksBuildPhase;
			buildActionMask = 2147483647;
			files = (
				0761850B0F3CB1E800A89A76 /* CorePlot.framework in Frameworks */,
				8D11072F0486CEB800E47090 /* Cocoa.framework in Frameworks */,
				BC8E737D0FC0B3CF00DF8511 /* QuartzCore.framework in Frameworks */,
			);
			runOnlyForDeploymentPostprocessing = 0;
		};
/* End PBXFrameworksBuildPhase section */

/* Begin PBXGroup section */
		076184BD0F3CAD5900A89A76 /* Products */ = {
			isa = PBXGroup;
			children = (
				076184C10F3CAD5900A89A76 /* CorePlot.framework */,
				4CD7E7B30F4B4F0600F9BCBB /* CorePlot-UnitTests.octest */,
				90FFF6C30FB87D9100B42BE4 /* CorePlot-PerformanceTests.octest */,
				4CD7E7B50F4B4F0600F9BCBB /* CPTestHarness.app */,
			);
			name = Products;
			sourceTree = "<group>";
		};
		080E96DDFE201D6D7F000001 /* Classes */ = {
			isa = PBXGroup;
			children = (
				C34D4F8D0F8ED78400969C24 /* CPPlotSymbolTestController.h */,
				C34D4F8C0F8ED78400969C24 /* CPPlotSymbolTestController.m */,
				077382AF0F3DC1FB002F10E2 /* Controller.h */,
				077382B00F3DC1FB002F10E2 /* Controller.m */,
				BC8E74220FC0B96000DF8511 /* RotationView.h */,
				BC8E74230FC0B96000DF8511 /* RotationView.m */,
			);
			name = Classes;
			sourceTree = "<group>";
		};
		1058C7A0FEA54F0111CA2CBB /* Linked Frameworks */ = {
			isa = PBXGroup;
			children = (
				BC8E737C0FC0B3CF00DF8511 /* QuartzCore.framework */,
				1058C7A1FEA54F0111CA2CBB /* Cocoa.framework */,
			);
			name = "Linked Frameworks";
			sourceTree = "<group>";
		};
		1058C7A2FEA54F0111CA2CBB /* Other Frameworks */ = {
			isa = PBXGroup;
			children = (
				29B97324FDCFA39411CA2CEA /* AppKit.framework */,
				13E42FB307B3F0F600E4EEF1 /* CoreData.framework */,
				29B97325FDCFA39411CA2CEA /* Foundation.framework */,
			);
			name = "Other Frameworks";
			sourceTree = "<group>";
		};
		19C28FACFE9D520D11CA2CBB /* Products */ = {
			isa = PBXGroup;
			children = (
				8D1107320486CEB800E47090 /* CPTestApp.app */,
				0761854B0F3CB3CB00A89A76 /* CorePlot.framework */,
			);
			name = Products;
			sourceTree = "<group>";
		};
		29B97314FDCFA39411CA2CEA /* CPTestApp */ = {
			isa = PBXGroup;
			children = (
				076184BC0F3CAD5900A89A76 /* CorePlot.xcodeproj */,
				080E96DDFE201D6D7F000001 /* Classes */,
				29B97315FDCFA39411CA2CEA /* Other Sources */,
				29B97317FDCFA39411CA2CEA /* Resources */,
				29B97323FDCFA39411CA2CEA /* Frameworks */,
				19C28FACFE9D520D11CA2CBB /* Products */,
			);
			name = CPTestApp;
			sourceTree = "<group>";
		};
		29B97315FDCFA39411CA2CEA /* Other Sources */ = {
			isa = PBXGroup;
			children = (
				32CA4F630368D1EE00C91783 /* CPTestApp_Prefix.pch */,
				29B97316FDCFA39411CA2CEA /* main.m */,
			);
			name = "Other Sources";
			sourceTree = "<group>";
		};
		29B97317FDCFA39411CA2CEA /* Resources */ = {
			isa = PBXGroup;
			children = (
				07C13BBA0FF9322A00BEE616 /* BlueTexture.png */,
				BCB3FD510FD85658008875A4 /* CorePlotIcon.icns */,
				90AF4F430F36CF1800753D26 /* CPTestApp.xib */,
				8D1107310486CEB800E47090 /* Info.plist */,
				089C165CFE840E0CC02AAC07 /* InfoPlist.strings */,
			);
			name = Resources;
			sourceTree = "<group>";
		};
		29B97323FDCFA39411CA2CEA /* Frameworks */ = {
			isa = PBXGroup;
			children = (
				1058C7A0FEA54F0111CA2CBB /* Linked Frameworks */,
				1058C7A2FEA54F0111CA2CBB /* Other Frameworks */,
			);
			name = Frameworks;
			sourceTree = "<group>";
		};
/* End PBXGroup section */

/* Begin PBXNativeTarget section */
		8D1107260486CEB800E47090 /* CPTestApp */ = {
			isa = PBXNativeTarget;
			buildConfigurationList = C01FCF4A08A954540054247B /* Build configuration list for PBXNativeTarget "CPTestApp" */;
			buildPhases = (
				8D1107290486CEB800E47090 /* Resources */,
				8D11072E0486CEB800E47090 /* Frameworks */,
				90AF4F830F36D09E00753D26 /* Copy Frameworks */,
				8D11072C0486CEB800E47090 /* Sources */,
			);
			buildRules = (
			);
			dependencies = (
				076184D00F3CAE1100A89A76 /* PBXTargetDependency */,
			);
			name = CPTestApp;
			productInstallPath = "$(HOME)/Applications";
			productName = CPTestApp;
			productReference = 8D1107320486CEB800E47090 /* CPTestApp.app */;
			productType = "com.apple.product-type.application";
		};
/* End PBXNativeTarget section */

/* Begin PBXProject section */
		29B97313FDCFA39411CA2CEA /* Project object */ = {
			isa = PBXProject;
			attributes = {
				BuildIndependentTargetsInParallel = NO;
			};
			buildConfigurationList = C01FCF4E08A954540054247B /* Build configuration list for PBXProject "CPTestApp" */;
			compatibilityVersion = "Xcode 3.1";
			hasScannedForEncodings = 1;
			mainGroup = 29B97314FDCFA39411CA2CEA /* CPTestApp */;
			projectDirPath = "";
			projectReferences = (
				{
					ProductGroup = 076184BD0F3CAD5900A89A76 /* Products */;
					ProjectRef = 076184BC0F3CAD5900A89A76 /* CorePlot.xcodeproj */;
				},
			);
			projectRoot = "";
			targets = (
				8D1107260486CEB800E47090 /* CPTestApp */,
			);
		};
/* End PBXProject section */

/* Begin PBXReferenceProxy section */
		076184C10F3CAD5900A89A76 /* CorePlot.framework */ = {
			isa = PBXReferenceProxy;
			fileType = wrapper.framework;
			path = CorePlot.framework;
			remoteRef = 076184C00F3CAD5900A89A76 /* PBXContainerItemProxy */;
			sourceTree = BUILT_PRODUCTS_DIR;
		};
		4CD7E7B30F4B4F0600F9BCBB /* CorePlot-UnitTests.octest */ = {
			isa = PBXReferenceProxy;
			fileType = wrapper.cfbundle;
			path = "CorePlot-UnitTests.octest";
			remoteRef = 4CD7E7B20F4B4F0600F9BCBB /* PBXContainerItemProxy */;
			sourceTree = BUILT_PRODUCTS_DIR;
		};
		4CD7E7B50F4B4F0600F9BCBB /* CPTestHarness.app */ = {
			isa = PBXReferenceProxy;
			fileType = wrapper.application;
			path = CPTestHarness.app;
			remoteRef = 4CD7E7B40F4B4F0600F9BCBB /* PBXContainerItemProxy */;
			sourceTree = BUILT_PRODUCTS_DIR;
		};
		90FFF6C30FB87D9100B42BE4 /* CorePlot-PerformanceTests.octest */ = {
			isa = PBXReferenceProxy;
			fileType = wrapper.cfbundle;
			path = "CorePlot-PerformanceTests.octest";
			remoteRef = 90FFF6C20FB87D9100B42BE4 /* PBXContainerItemProxy */;
			sourceTree = BUILT_PRODUCTS_DIR;
		};
/* End PBXReferenceProxy section */

/* Begin PBXResourcesBuildPhase section */
		8D1107290486CEB800E47090 /* Resources */ = {
			isa = PBXResourcesBuildPhase;
			buildActionMask = 2147483647;
			files = (
				8D11072B0486CEB800E47090 /* InfoPlist.strings in Resources */,
				90AF4F440F36CF1800753D26 /* CPTestApp.xib in Resources */,
				BCB3FD520FD85658008875A4 /* CorePlotIcon.icns in Resources */,
				07C13BBB0FF9322A00BEE616 /* BlueTexture.png in Resources */,
			);
			runOnlyForDeploymentPostprocessing = 0;
		};
/* End PBXResourcesBuildPhase section */

/* Begin PBXSourcesBuildPhase section */
		8D11072C0486CEB800E47090 /* Sources */ = {
			isa = PBXSourcesBuildPhase;
			buildActionMask = 2147483647;
			files = (
				8D11072D0486CEB800E47090 /* main.m in Sources */,
				077382B10F3DC1FB002F10E2 /* Controller.m in Sources */,
				C34D4F8E0F8ED78400969C24 /* CPPlotSymbolTestController.m in Sources */,
				BC8E74240FC0B96000DF8511 /* RotationView.m in Sources */,
			);
			runOnlyForDeploymentPostprocessing = 0;
		};
/* End PBXSourcesBuildPhase section */

/* Begin PBXTargetDependency section */
		076184D00F3CAE1100A89A76 /* PBXTargetDependency */ = {
			isa = PBXTargetDependency;
			name = CorePlot;
			targetProxy = 076184CF0F3CAE1100A89A76 /* PBXContainerItemProxy */;
		};
/* End PBXTargetDependency section */

/* Begin PBXVariantGroup section */
		089C165CFE840E0CC02AAC07 /* InfoPlist.strings */ = {
			isa = PBXVariantGroup;
			children = (
				089C165DFE840E0CC02AAC07 /* English */,
			);
			name = InfoPlist.strings;
			sourceTree = "<group>";
		};
/* End PBXVariantGroup section */

/* Begin XCBuildConfiguration section */
		C01FCF4B08A954540054247B /* Debug */ = {
			isa = XCBuildConfiguration;
			buildSettings = {
				ALWAYS_SEARCH_USER_PATHS = NO;
				COPY_PHASE_STRIP = NO;
				FRAMEWORK_SEARCH_PATHS = (
					"$(inherited)",
					"\"$(SRCROOT)/../../framework/build/Debug\"/**",
				);
				GCC_DYNAMIC_NO_PIC = NO;
				GCC_ENABLE_FIX_AND_CONTINUE = YES;
				GCC_MODEL_TUNING = G5;
				GCC_OPTIMIZATION_LEVEL = 0;
				GCC_PRECOMPILE_PREFIX_HEADER = YES;
				GCC_PREFIX_HEADER = CPTestApp_Prefix.pch;
				GCC_PREPROCESSOR_DEFINITIONS = "";
				GCC_TREAT_WARNINGS_AS_ERRORS = YES;
				INFOPLIST_FILE = Info.plist;
				INSTALL_PATH = "$(HOME)/Applications";
				OTHER_LDFLAGS = "-lgcov";
				PRODUCT_NAME = CPTestApp;
			};
			name = Debug;
		};
		C01FCF4C08A954540054247B /* Release */ = {
			isa = XCBuildConfiguration;
			buildSettings = {
				ALWAYS_SEARCH_USER_PATHS = NO;
				DEBUG_INFORMATION_FORMAT = "dwarf-with-dsym";
				FRAMEWORK_SEARCH_PATHS = (
					"$(inherited)",
					"\"$(SRCROOT)/../../framework/build/Debug\"/**",
				);
				GCC_MODEL_TUNING = G5;
				GCC_PRECOMPILE_PREFIX_HEADER = YES;
				GCC_PREFIX_HEADER = CPTestApp_Prefix.pch;
				GCC_PREPROCESSOR_DEFINITIONS = "";
				INFOPLIST_FILE = Info.plist;
				INSTALL_PATH = "$(HOME)/Applications";
				PRODUCT_NAME = CPTestApp;
			};
			name = Release;
		};
		C01FCF4F08A954540054247B /* Debug */ = {
			isa = XCBuildConfiguration;
			buildSettings = {
				ARCHS = "$(ARCHS_STANDARD_32_64_BIT)";
				GCC_C_LANGUAGE_STANDARD = c99;
				GCC_OPTIMIZATION_LEVEL = 0;
				GCC_PREPROCESSOR_DEFINITIONS = "";
				GCC_WARN_ABOUT_RETURN_TYPE = YES;
				GCC_WARN_UNUSED_VARIABLE = YES;
				ONLY_ACTIVE_ARCH = YES;
				PREBINDING = NO;
				SDKROOT = macosx10.5;
			};
			name = Debug;
		};
		C01FCF5008A954540054247B /* Release */ = {
			isa = XCBuildConfiguration;
			buildSettings = {
				ARCHS = "$(ARCHS_STANDARD_32_64_BIT)";
				GCC_C_LANGUAGE_STANDARD = c99;
				GCC_PREPROCESSOR_DEFINITIONS = "";
				GCC_WARN_ABOUT_RETURN_TYPE = YES;
				GCC_WARN_UNUSED_VARIABLE = YES;
				PREBINDING = NO;
				SDKROOT = macosx10.5;
			};
			name = Release;
		};
/* End XCBuildConfiguration section */

/* Begin XCConfigurationList section */
		C01FCF4A08A954540054247B /* Build configuration list for PBXNativeTarget "CPTestApp" */ = {
			isa = XCConfigurationList;
			buildConfigurations = (
				C01FCF4B08A954540054247B /* Debug */,
				C01FCF4C08A954540054247B /* Release */,
			);
			defaultConfigurationIsVisible = 0;
			defaultConfigurationName = Release;
		};
		C01FCF4E08A954540054247B /* Build configuration list for PBXProject "CPTestApp" */ = {
			isa = XCConfigurationList;
			buildConfigurations = (
				C01FCF4F08A954540054247B /* Debug */,
				C01FCF5008A954540054247B /* Release */,
			);
			defaultConfigurationIsVisible = 0;
			defaultConfigurationName = Release;
		};
/* End XCConfigurationList section */
	};
	rootObject = 29B97313FDCFA39411CA2CEA /* Project object */;
}
