// !$*UTF8*$!
{
	archiveVersion = 1;
	classes = {
	};
	objectVersion = 45;
	objects = {

/* Begin PBXBuildFile section */
		2F7446990DB6B7EA00F9684A /* MainMenu.xib in Resources */ = {isa = PBXBuildFile; fileRef = 2F7446970DB6B7EA00F9684A /* MainMenu.xib */; };
		4C26728A0FD6FB660091972D /* TMOutputGroupCDFactoryTests.m in Sources */ = {isa = PBXBuildFile; fileRef = 4C2672890FD6FB660091972D /* TMOutputGroupCDFactoryTests.m */; };
		4C2679470FD83FC20091972D /* UTStateCompareView.xib in Resources */ = {isa = PBXBuildFile; fileRef = 4C2679460FD83FC20091972D /* UTStateCompareView.xib */; };
		4C26794B0FD83FFF0091972D /* TMUTStateCompareController.m in Sources */ = {isa = PBXBuildFile; fileRef = 4C26794A0FD83FFF0091972D /* TMUTStateCompareController.m */; };
		4C6C49D90FCDC2D600D6AB30 /* TMOutputGroupCDFactory.m in Sources */ = {isa = PBXBuildFile; fileRef = 4C7D31780FC215CE00005D98 /* TMOutputGroupCDFactory.m */; };
		4C6C4A350FCDC5C700D6AB30 /* OutputGroupTest in Resources */ = {isa = PBXBuildFile; fileRef = 4C6C4A2C0FCDC5C700D6AB30 /* OutputGroupTest */; };
		4C6C4AD40FCDD21800D6AB30 /* TMMergeControllerTests-testOutputGroupsSortsReferenceAndOutputFiles.gtmUTState in Resources */ = {isa = PBXBuildFile; fileRef = 4C6C4AD20FCDD21800D6AB30 /* TMMergeControllerTests-testOutputGroupsSortsReferenceAndOutputFiles.gtmUTState */; };
		4C6C4AD50FCDD21800D6AB30 /* TMMergeControllerTests-testOutputGroupsSortsReferenceAndOutputFiles.tiff in Resources */ = {isa = PBXBuildFile; fileRef = 4C6C4AD30FCDD21800D6AB30 /* TMMergeControllerTests-testOutputGroupsSortsReferenceAndOutputFiles.tiff */; };
		4C6C4AE70FCDD4DB00D6AB30 /* ImageCompareView.xib in Resources */ = {isa = PBXBuildFile; fileRef = 4C6C4AE60FCDD4DB00D6AB30 /* ImageCompareView.xib */; };
		4C6C4AF20FCDD58000D6AB30 /* Quartz.framework in Frameworks */ = {isa = PBXBuildFile; fileRef = 4C6C4AF10FCDD58000D6AB30 /* Quartz.framework */; };
		4C6C4AF80FCDD72400D6AB30 /* TMImageCompareController.m in Sources */ = {isa = PBXBuildFile; fileRef = 4C6C4AF70FCDD72400D6AB30 /* TMImageCompareController.m */; };
		4C6C4AFB0FCDD7A600D6AB30 /* TMImageCompareControllerTests.m in Sources */ = {isa = PBXBuildFile; fileRef = 4C6C4AFA0FCDD7A600D6AB30 /* TMImageCompareControllerTests.m */; };
		4C6C4BF00FCE0B3D00D6AB30 /* TMCompareController.m in Sources */ = {isa = PBXBuildFile; fileRef = 4C6C4BEF0FCE0B3D00D6AB30 /* TMCompareController.m */; };
		4C6C4C270FCF19A800D6AB30 /* TMImageView.m in Sources */ = {isa = PBXBuildFile; fileRef = 4C6C4C260FCF19A800D6AB30 /* TMImageView.m */; };
		4C6C4C2B0FCF19D400D6AB30 /* TMImageViewTests.m in Sources */ = {isa = PBXBuildFile; fileRef = 4C6C4C2A0FCF19D400D6AB30 /* TMImageViewTests.m */; };
		4C6C4C4B0FCF1C0900D6AB30 /* Quartz.framework in Frameworks */ = {isa = PBXBuildFile; fileRef = 4C6C4AF10FCDD58000D6AB30 /* Quartz.framework */; };
		4C6C4C5B0FCF1C9A00D6AB30 /* TMImageViewTests-testRenderNotSelected.gtmUTState in Resources */ = {isa = PBXBuildFile; fileRef = 4C6C4C590FCF1C9A00D6AB30 /* TMImageViewTests-testRenderNotSelected.gtmUTState */; };
		4C6C4C5C0FCF1C9A00D6AB30 /* TMImageViewTests-testRenderSelected.gtmUTState in Resources */ = {isa = PBXBuildFile; fileRef = 4C6C4C5A0FCF1C9A00D6AB30 /* TMImageViewTests-testRenderSelected.gtmUTState */; };
		4C6C4C790FCF1EF700D6AB30 /* TMImageViewTests-testRenderNotSelected.tiff in Resources */ = {isa = PBXBuildFile; fileRef = 4C6C4C770FCF1EF700D6AB30 /* TMImageViewTests-testRenderNotSelected.tiff */; };
		4C6C4C7A0FCF1EF700D6AB30 /* TMImageViewTests-testRenderSelected.tiff in Resources */ = {isa = PBXBuildFile; fileRef = 4C6C4C780FCF1EF700D6AB30 /* TMImageViewTests-testRenderSelected.tiff */; };
		4C6C4C890FCF1F5C00D6AB30 /* TMImageViewTests-testRenderNilURLImage.tiff in Resources */ = {isa = PBXBuildFile; fileRef = 4C6C4C880FCF1F5C00D6AB30 /* TMImageViewTests-testRenderNilURLImage.tiff */; };
		4C7D0F430FD5938400D83C0F /* GTMStackTrace.m in Sources */ = {isa = PBXBuildFile; fileRef = 4C7D0F3C0FD5937400D83C0F /* GTMStackTrace.m */; };
		4C7D0F450FD5939100D83C0F /* GTMNSObject+KeyValueObserving.m in Sources */ = {isa = PBXBuildFile; fileRef = 4C7D0F3B0FD5937400D83C0F /* GTMNSObject+KeyValueObserving.m */; };
		4C7D0F460FD5939500D83C0F /* GTMLogger.m in Sources */ = {isa = PBXBuildFile; fileRef = 4C7D0F390FD5937400D83C0F /* GTMLogger.m */; };
		4C7D0F470FD5939600D83C0F /* GTMLogger+ASL.m in Sources */ = {isa = PBXBuildFile; fileRef = 4C7D0F370FD5937400D83C0F /* GTMLogger+ASL.m */; };
		4C7D0F610FD594A000D83C0F /* GTMNSString+FindFolder.m in Sources */ = {isa = PBXBuildFile; fileRef = 4C7D0F600FD594A000D83C0F /* GTMNSString+FindFolder.m */; };
		4C7D2FDE0FC2013500005D98 /* GTMNSEnumerator+Filter.m in Sources */ = {isa = PBXBuildFile; fileRef = 4C7D2F3F0FC2010200005D98 /* GTMNSEnumerator+Filter.m */; };
		4C7D2FE00FC2013600005D98 /* GTMNSFileManager+Path.m in Sources */ = {isa = PBXBuildFile; fileRef = 4C7D2F450FC2010200005D98 /* GTMNSFileManager+Path.m */; };
		4C7D2FE20FC2013700005D98 /* GTMRegex.m in Sources */ = {isa = PBXBuildFile; fileRef = 4C7D2F650FC2010200005D98 /* GTMRegex.m */; };
		4C7D30270FC2028700005D98 /* GTMGeometryUtils.m in Sources */ = {isa = PBXBuildFile; fileRef = 4C7D2F190FC2010200005D98 /* GTMGeometryUtils.m */; };
		4C7D30940FC2043000005D98 /* TMOutputSorterTests.m in Sources */ = {isa = PBXBuildFile; fileRef = 4C7D30930FC2043000005D98 /* TMOutputSorterTests.m */; };
		4C7D30950FC2044100005D98 /* GTMSenTestCase.m in Sources */ = {isa = PBXBuildFile; fileRef = 4C7D2F8E0FC2010200005D98 /* GTMSenTestCase.m */; };
		4C7D30960FC2044400005D98 /* GTMAppKit+UnitTesting.m in Sources */ = {isa = PBXBuildFile; fileRef = 4C7D2F820FC2010200005D98 /* GTMAppKit+UnitTesting.m */; };
		4C7D30980FC2044900005D98 /* GTMCALayer+UnitTesting.m in Sources */ = {isa = PBXBuildFile; fileRef = 4C7D2F840FC2010200005D98 /* GTMCALayer+UnitTesting.m */; };
		4C7D30990FC2044D00005D98 /* GTMNSObject+BindingUnitTesting.m in Sources */ = {isa = PBXBuildFile; fileRef = 4C7D2F8A0FC2010200005D98 /* GTMNSObject+BindingUnitTesting.m */; };
		4C7D309A0FC2045000005D98 /* GTMNSObject+UnitTesting.m in Sources */ = {isa = PBXBuildFile; fileRef = 4C7D2F8C0FC2010200005D98 /* GTMNSObject+UnitTesting.m */; };
		4C7D309C0FC2045A00005D98 /* GTMUnitTestDevLog.m in Sources */ = {isa = PBXBuildFile; fileRef = 4C7D2FA10FC2010200005D98 /* GTMUnitTestDevLog.m */; };
		4C7D30A60FC204D700005D98 /* GTMMethodCheck.m in Sources */ = {isa = PBXBuildFile; fileRef = 4C7D2F020FC2010200005D98 /* GTMMethodCheck.m */; };
		4C7D30CB0FC2097A00005D98 /* NSString+UUID.m in Sources */ = {isa = PBXBuildFile; fileRef = 4C7D30CA0FC2097A00005D98 /* NSString+UUID.m */; };
		4C7D30CF0FC209DC00005D98 /* TMOutputSorter.m in Sources */ = {isa = PBXBuildFile; fileRef = 4C7D30CE0FC209DC00005D98 /* TMOutputSorter.m */; };
		4C7D31C00FC21F0600005D98 /* _OutputGroup.m in Sources */ = {isa = PBXBuildFile; fileRef = 4C7D31BD0FC21F0600005D98 /* _OutputGroup.m */; };
		4C7D31C10FC21F0600005D98 /* OutputGroup.m in Sources */ = {isa = PBXBuildFile; fileRef = 4C7D31BF0FC21F0600005D98 /* OutputGroup.m */; };
		4C7D325F0FC221FA00005D98 /* OCMock.framework in Frameworks */ = {isa = PBXBuildFile; fileRef = 4C7D325C0FC221EE00005D98 /* OCMock.framework */; };
		4C7D32C90FC22D9E00005D98 /* GTMSystemVersion.m in Sources */ = {isa = PBXBuildFile; fileRef = 4C7D2F740FC2010200005D98 /* GTMSystemVersion.m */; };
		4C7D32FE0FC2306500005D98 /* TMOutputSorterTests-testInitialState.gtmUTState in Resources */ = {isa = PBXBuildFile; fileRef = 4C7D32EB0FC2303500005D98 /* TMOutputSorterTests-testInitialState.gtmUTState */; };
		4C7D33060FC2311B00005D98 /* TMMergeController.m in Sources */ = {isa = PBXBuildFile; fileRef = 4C7D33050FC2311B00005D98 /* TMMergeController.m */; };
		4C7D33160FC2329700005D98 /* MergeUI.xib in Resources */ = {isa = PBXBuildFile; fileRef = 4C7D33150FC2329700005D98 /* MergeUI.xib */; };
		4C86F6DB0FCDA798008849CC /* TMErrors.m in Sources */ = {isa = PBXBuildFile; fileRef = 4C86F6DA0FCDA798008849CC /* TMErrors.m */; };
		4C86F6F10FCDAC5D008849CC /* GTMUnitTestingUtilities.m in Sources */ = {isa = PBXBuildFile; fileRef = 4C7D2FA60FC2010200005D98 /* GTMUnitTestingUtilities.m */; };
		4C86F7940FCDAF72008849CC /* TMMergeControllerTests.m in Sources */ = {isa = PBXBuildFile; fileRef = 4C86F7930FCDAF72008849CC /* TMMergeControllerTests.m */; };
		4C86F7C60FCDB22C008849CC /* BWToolkitFramework.framework in Frameworks */ = {isa = PBXBuildFile; fileRef = 4C86F7C30FCDB211008849CC /* BWToolkitFramework.framework */; };
		4C86F7DA0FCDB33C008849CC /* BWToolkitFramework.framework in CopyFiles */ = {isa = PBXBuildFile; fileRef = 4C86F7C30FCDB211008849CC /* BWToolkitFramework.framework */; };
		4C86F7E10FCDB45F008849CC /* TMMergeControllerTests-testWindowUIRendering.tiff in Resources */ = {isa = PBXBuildFile; fileRef = 4C86F7E00FCDB45F008849CC /* TMMergeControllerTests-testWindowUIRendering.tiff */; };
		770B37ED0679A11B001EADE2 /* TestMerge_DataModel.xcdatamodel in Sources */ = {isa = PBXBuildFile; fileRef = 770B37EC0679A11B001EADE2 /* TestMerge_DataModel.xcdatamodel */; };
		77C8280E06725ACE000B614F /* AppDelegate.m in Sources */ = {isa = PBXBuildFile; fileRef = 77C8280C06725ACE000B614F /* AppDelegate.m */; };
		8D11072B0486CEB800E47090 /* InfoPlist.strings in Resources */ = {isa = PBXBuildFile; fileRef = 089C165CFE840E0CC02AAC07 /* InfoPlist.strings */; };
		8D11072D0486CEB800E47090 /* main.m in Sources */ = {isa = PBXBuildFile; fileRef = 29B97316FDCFA39411CA2CEA /* main.m */; settings = {ATTRIBUTES = (); }; };
		8D11072F0486CEB800E47090 /* Cocoa.framework in Frameworks */ = {isa = PBXBuildFile; fileRef = 1058C7A1FEA54F0111CA2CBB /* Cocoa.framework */; };
/* End PBXBuildFile section */

/* Begin PBXContainerItemProxy section */
		4C7D305B0FC202D400005D98 /* PBXContainerItemProxy */ = {
			isa = PBXContainerItemProxy;
			containerPortal = 29B97313FDCFA39411CA2CEA /* Project object */;
			proxyType = 1;
			remoteGlobalIDString = 8D1107260486CEB800E47090;
			remoteInfo = TestMerge;
		};
		4C7D325B0FC221EE00005D98 /* PBXContainerItemProxy */ = {
			isa = PBXContainerItemProxy;
			containerPortal = 4C7D32530FC221EE00005D98 /* OCMock.xcodeproj */;
			proxyType = 2;
			remoteGlobalIDString = 8DC2EF5B0486A6940098B216;
			remoteInfo = OCMock;
		};
		4C7D325D0FC221EE00005D98 /* PBXContainerItemProxy */ = {
			isa = PBXContainerItemProxy;
			containerPortal = 4C7D32530FC221EE00005D98 /* OCMock.xcodeproj */;
			proxyType = 2;
			remoteGlobalIDString = 03BF2D3708F1C69500978C59;
			remoteInfo = OCMockTests;
		};
		4C7D32600FC2220400005D98 /* PBXContainerItemProxy */ = {
			isa = PBXContainerItemProxy;
			containerPortal = 4C7D32530FC221EE00005D98 /* OCMock.xcodeproj */;
			proxyType = 1;
			remoteGlobalIDString = 8DC2EF4F0486A6940098B216;
			remoteInfo = OCMock;
		};
		4C86F7C00FCDB211008849CC /* PBXContainerItemProxy */ = {
			isa = PBXContainerItemProxy;
			containerPortal = 4C86F7B70FCDB211008849CC /* BWToolkit.xcodeproj */;
			proxyType = 2;
			remoteGlobalIDString = 8D1AC9740486D14A00FE50C9;
			remoteInfo = BWToolkit;
		};
		4C86F7C20FCDB211008849CC /* PBXContainerItemProxy */ = {
			isa = PBXContainerItemProxy;
			containerPortal = 4C86F7B70FCDB211008849CC /* BWToolkit.xcodeproj */;
			proxyType = 2;
			remoteGlobalIDString = 53DF68FD067E5B5A0090B5B0;
			remoteInfo = BWToolkitFramework;
		};
		4C86F7C40FCDB219008849CC /* PBXContainerItemProxy */ = {
			isa = PBXContainerItemProxy;
			containerPortal = 4C86F7B70FCDB211008849CC /* BWToolkit.xcodeproj */;
			proxyType = 1;
			remoteGlobalIDString = 53DF68FC067E5B5A0090B5B0;
			remoteInfo = BWToolkitFramework;
		};
/* End PBXContainerItemProxy section */

/* Begin PBXCopyFilesBuildPhase section */
		4C86F7CE0FCDB24A008849CC /* CopyFiles */ = {
			isa = PBXCopyFilesBuildPhase;
			buildActionMask = 2147483647;
			dstPath = "";
			dstSubfolderSpec = 10;
			files = (
				4C86F7DA0FCDB33C008849CC /* BWToolkitFramework.framework in CopyFiles */,
			);
			runOnlyForDeploymentPostprocessing = 0;
		};
/* End PBXCopyFilesBuildPhase section */

/* Begin PBXFileReference section */
		089C165DFE840E0CC02AAC07 /* English */ = {isa = PBXFileReference; fileEncoding = 10; lastKnownFileType = text.plist.strings; name = English; path = English.lproj/InfoPlist.strings; sourceTree = "<group>"; };
		1058C7A1FEA54F0111CA2CBB /* Cocoa.framework */ = {isa = PBXFileReference; lastKnownFileType = wrapper.framework; name = Cocoa.framework; path = /System/Library/Frameworks/Cocoa.framework; sourceTree = "<absolute>"; };
		29B97316FDCFA39411CA2CEA /* main.m */ = {isa = PBXFileReference; fileEncoding = 4; lastKnownFileType = sourcecode.c.objc; path = main.m; sourceTree = "<group>"; };
		29B97324FDCFA39411CA2CEA /* AppKit.framework */ = {isa = PBXFileReference; lastKnownFileType = wrapper.framework; name = AppKit.framework; path = /System/Library/Frameworks/AppKit.framework; sourceTree = "<absolute>"; };
		29B97325FDCFA39411CA2CEA /* Foundation.framework */ = {isa = PBXFileReference; lastKnownFileType = wrapper.framework; name = Foundation.framework; path = /System/Library/Frameworks/Foundation.framework; sourceTree = "<absolute>"; };
		2F7446980DB6B7EA00F9684A /* English */ = {isa = PBXFileReference; lastKnownFileType = file.xib; name = English; path = English.lproj/MainMenu.xib; sourceTree = "<group>"; };
		32CA4F630368D1EE00C91783 /* TestMerge_Prefix.pch */ = {isa = PBXFileReference; fileEncoding = 4; lastKnownFileType = sourcecode.c.h; path = TestMerge_Prefix.pch; sourceTree = "<group>"; };
		4C05868B0FD44EA900D029E0 /* GTMStackTrace.c */ = {isa = PBXFileReference; fileEncoding = 4; lastKnownFileType = sourcecode.c.c; path = GTMStackTrace.c; sourceTree = "<group>"; };
		4C2672880FD6FB660091972D /* TMOutputGroupCDFactoryTests.h */ = {isa = PBXFileReference; fileEncoding = 4; lastKnownFileType = sourcecode.c.h; path = TMOutputGroupCDFactoryTests.h; sourceTree = "<group>"; };
		4C2672890FD6FB660091972D /* TMOutputGroupCDFactoryTests.m */ = {isa = PBXFileReference; fileEncoding = 4; lastKnownFileType = sourcecode.c.objc; path = TMOutputGroupCDFactoryTests.m; sourceTree = "<group>"; };
		4C2679440FD83FB80091972D /* English */ = {isa = PBXFileReference; lastKnownFileType = file.xib; name = English; path = English.lproj/UTStateCompareView.xib; sourceTree = "<group>"; };
		4C2679490FD83FFF0091972D /* TMUTStateCompareController.h */ = {isa = PBXFileReference; fileEncoding = 4; lastKnownFileType = sourcecode.c.h; path = TMUTStateCompareController.h; sourceTree = "<group>"; };
		4C26794A0FD83FFF0091972D /* TMUTStateCompareController.m */ = {isa = PBXFileReference; fileEncoding = 4; lastKnownFileType = sourcecode.c.objc; path = TMUTStateCompareController.m; sourceTree = "<group>"; };
		4C6C4A2C0FCDC5C700D6AB30 /* OutputGroupTest */ = {isa = PBXFileReference; lastKnownFileType = folder; name = OutputGroupTest; path = TestResources/OutputGroupTest; sourceTree = "<group>"; };
		4C6C4AD20FCDD21800D6AB30 /* TMMergeControllerTests-testOutputGroupsSortsReferenceAndOutputFiles.gtmUTState */ = {isa = PBXFileReference; fileEncoding = 4; lastKnownFileType = text.xml; name = "TMMergeControllerTests-testOutputGroupsSortsReferenceAndOutputFiles.gtmUTState"; path = "TestResources/TMMergeControllerTests-testOutputGroupsSortsReferenceAndOutputFiles.gtmUTState"; sourceTree = "<group>"; };
		4C6C4AD30FCDD21800D6AB30 /* TMMergeControllerTests-testOutputGroupsSortsReferenceAndOutputFiles.tiff */ = {isa = PBXFileReference; lastKnownFileType = image.tiff; name = "TMMergeControllerTests-testOutputGroupsSortsReferenceAndOutputFiles.tiff"; path = "TestResources/TMMergeControllerTests-testOutputGroupsSortsReferenceAndOutputFiles.tiff"; sourceTree = "<group>"; };
		4C6C4AE40FCDD4C900D6AB30 /* English */ = {isa = PBXFileReference; lastKnownFileType = file.xib; name = English; path = English.lproj/ImageCompareView.xib; sourceTree = "<group>"; };
		4C6C4AF10FCDD58000D6AB30 /* Quartz.framework */ = {isa = PBXFileReference; lastKnownFileType = wrapper.framework; name = Quartz.framework; path = System/Library/Frameworks/Quartz.framework; sourceTree = SDKROOT; };
		4C6C4AF60FCDD72400D6AB30 /* TMImageCompareController.h */ = {isa = PBXFileReference; fileEncoding = 4; lastKnownFileType = sourcecode.c.h; path = TMImageCompareController.h; sourceTree = "<group>"; };
		4C6C4AF70FCDD72400D6AB30 /* TMImageCompareController.m */ = {isa = PBXFileReference; fileEncoding = 4; lastKnownFileType = sourcecode.c.objc; path = TMImageCompareController.m; sourceTree = "<group>"; };
		4C6C4AF90FCDD7A600D6AB30 /* TMImageCompareControllerTests.h */ = {isa = PBXFileReference; fileEncoding = 4; lastKnownFileType = sourcecode.c.h; path = TMImageCompareControllerTests.h; sourceTree = "<group>"; };
		4C6C4AFA0FCDD7A600D6AB30 /* TMImageCompareControllerTests.m */ = {isa = PBXFileReference; fileEncoding = 4; lastKnownFileType = sourcecode.c.objc; path = TMImageCompareControllerTests.m; sourceTree = "<group>"; };
		4C6C4BEE0FCE0B3D00D6AB30 /* TMCompareController.h */ = {isa = PBXFileReference; fileEncoding = 4; lastKnownFileType = sourcecode.c.h; path = TMCompareController.h; sourceTree = "<group>"; };
		4C6C4BEF0FCE0B3D00D6AB30 /* TMCompareController.m */ = {isa = PBXFileReference; fileEncoding = 4; lastKnownFileType = sourcecode.c.objc; path = TMCompareController.m; sourceTree = "<group>"; };
		4C6C4C250FCF19A800D6AB30 /* TMImageView.h */ = {isa = PBXFileReference; fileEncoding = 4; lastKnownFileType = sourcecode.c.h; path = TMImageView.h; sourceTree = "<group>"; };
		4C6C4C260FCF19A800D6AB30 /* TMImageView.m */ = {isa = PBXFileReference; fileEncoding = 4; lastKnownFileType = sourcecode.c.objc; path = TMImageView.m; sourceTree = "<group>"; };
		4C6C4C290FCF19D400D6AB30 /* TMImageViewTests.h */ = {isa = PBXFileReference; fileEncoding = 4; lastKnownFileType = sourcecode.c.h; path = TMImageViewTests.h; sourceTree = "<group>"; };
		4C6C4C2A0FCF19D400D6AB30 /* TMImageViewTests.m */ = {isa = PBXFileReference; fileEncoding = 4; lastKnownFileType = sourcecode.c.objc; path = TMImageViewTests.m; sourceTree = "<group>"; };
		4C6C4C590FCF1C9A00D6AB30 /* TMImageViewTests-testRenderNotSelected.gtmUTState */ = {isa = PBXFileReference; fileEncoding = 4; lastKnownFileType = text.xml; name = "TMImageViewTests-testRenderNotSelected.gtmUTState"; path = "TestResources/TMImageViewTests-testRenderNotSelected.gtmUTState"; sourceTree = "<group>"; };
		4C6C4C5A0FCF1C9A00D6AB30 /* TMImageViewTests-testRenderSelected.gtmUTState */ = {isa = PBXFileReference; fileEncoding = 4; lastKnownFileType = text.xml; name = "TMImageViewTests-testRenderSelected.gtmUTState"; path = "TestResources/TMImageViewTests-testRenderSelected.gtmUTState"; sourceTree = "<group>"; };
		4C6C4C770FCF1EF700D6AB30 /* TMImageViewTests-testRenderNotSelected.tiff */ = {isa = PBXFileReference; lastKnownFileType = image.tiff; name = "TMImageViewTests-testRenderNotSelected.tiff"; path = "TestResources/TMImageViewTests-testRenderNotSelected.tiff"; sourceTree = "<group>"; };
		4C6C4C780FCF1EF700D6AB30 /* TMImageViewTests-testRenderSelected.tiff */ = {isa = PBXFileReference; lastKnownFileType = image.tiff; name = "TMImageViewTests-testRenderSelected.tiff"; path = "TestResources/TMImageViewTests-testRenderSelected.tiff"; sourceTree = "<group>"; };
		4C6C4C880FCF1F5C00D6AB30 /* TMImageViewTests-testRenderNilURLImage.tiff */ = {isa = PBXFileReference; lastKnownFileType = image.tiff; name = "TMImageViewTests-testRenderNilURLImage.tiff"; path = "TestResources/TMImageViewTests-testRenderNilURLImage.tiff"; sourceTree = "<group>"; };
		4C7D0F360FD5937400D83C0F /* GTMLogger+ASL.h */ = {isa = PBXFileReference; fileEncoding = 4; lastKnownFileType = sourcecode.c.h; path = "GTMLogger+ASL.h"; sourceTree = "<group>"; };
		4C7D0F370FD5937400D83C0F /* GTMLogger+ASL.m */ = {isa = PBXFileReference; fileEncoding = 4; lastKnownFileType = sourcecode.c.objc; path = "GTMLogger+ASL.m"; sourceTree = "<group>"; };
		4C7D0F380FD5937400D83C0F /* GTMLogger.h */ = {isa = PBXFileReference; fileEncoding = 4; lastKnownFileType = sourcecode.c.h; path = GTMLogger.h; sourceTree = "<group>"; };
		4C7D0F390FD5937400D83C0F /* GTMLogger.m */ = {isa = PBXFileReference; fileEncoding = 4; lastKnownFileType = sourcecode.c.objc; path = GTMLogger.m; sourceTree = "<group>"; };
		4C7D0F3A0FD5937400D83C0F /* GTMNSObject+KeyValueObserving.h */ = {isa = PBXFileReference; fileEncoding = 4; lastKnownFileType = sourcecode.c.h; path = "GTMNSObject+KeyValueObserving.h"; sourceTree = "<group>"; };
		4C7D0F3B0FD5937400D83C0F /* GTMNSObject+KeyValueObserving.m */ = {isa = PBXFileReference; fileEncoding = 4; lastKnownFileType = sourcecode.c.objc; path = "GTMNSObject+KeyValueObserving.m"; sourceTree = "<group>"; };
		4C7D0F3C0FD5937400D83C0F /* GTMStackTrace.m */ = {isa = PBXFileReference; fileEncoding = 4; lastKnownFileType = sourcecode.c.objc; path = GTMStackTrace.m; sourceTree = "<group>"; };
		4C7D0F5F0FD594A000D83C0F /* GTMNSString+FindFolder.h */ = {isa = PBXFileReference; fileEncoding = 4; lastKnownFileType = sourcecode.c.h; path = "GTMNSString+FindFolder.h"; sourceTree = "<group>"; };
		4C7D0F600FD594A000D83C0F /* GTMNSString+FindFolder.m */ = {isa = PBXFileReference; fileEncoding = 4; lastKnownFileType = sourcecode.c.objc; path = "GTMNSString+FindFolder.m"; sourceTree = "<group>"; };
		4C7D2EBA0FC2010200005D98 /* GTMDelegatingTableColumn.h */ = {isa = PBXFileReference; fileEncoding = 4; lastKnownFileType = sourcecode.c.h; path = GTMDelegatingTableColumn.h; sourceTree = "<group>"; };
		4C7D2EBB0FC2010200005D98 /* GTMDelegatingTableColumn.m */ = {isa = PBXFileReference; fileEncoding = 4; lastKnownFileType = sourcecode.c.objc; path = GTMDelegatingTableColumn.m; sourceTree = "<group>"; };
		4C7D2EC60FC2010200005D98 /* GTMLinearRGBShading.h */ = {isa = PBXFileReference; fileEncoding = 4; lastKnownFileType = sourcecode.c.h; path = GTMLinearRGBShading.h; sourceTree = "<group>"; };
		4C7D2EC70FC2010200005D98 /* GTMLinearRGBShading.m */ = {isa = PBXFileReference; fileEncoding = 4; lastKnownFileType = sourcecode.c.objc; path = GTMLinearRGBShading.m; sourceTree = "<group>"; };
		4C7D2EC80FC2010200005D98 /* GTMLinearRGBShadingTest.m */ = {isa = PBXFileReference; fileEncoding = 4; lastKnownFileType = sourcecode.c.objc; path = GTMLinearRGBShadingTest.m; sourceTree = "<group>"; };
		4C7D2EC90FC2010200005D98 /* GTMLoginItems.h */ = {isa = PBXFileReference; fileEncoding = 4; lastKnownFileType = sourcecode.c.h; path = GTMLoginItems.h; sourceTree = "<group>"; };
		4C7D2ECA0FC2010200005D98 /* GTMLoginItems.m */ = {isa = PBXFileReference; fileEncoding = 4; lastKnownFileType = sourcecode.c.objc; path = GTMLoginItems.m; sourceTree = "<group>"; };
		4C7D2ECB0FC2010200005D98 /* GTMLoginItemsTest.m */ = {isa = PBXFileReference; fileEncoding = 4; lastKnownFileType = sourcecode.c.objc; path = GTMLoginItemsTest.m; sourceTree = "<group>"; };
		4C7D2ECC0FC2010200005D98 /* GTMNSBezierPath+CGPath.h */ = {isa = PBXFileReference; fileEncoding = 4; lastKnownFileType = sourcecode.c.h; path = "GTMNSBezierPath+CGPath.h"; sourceTree = "<group>"; };
		4C7D2ECD0FC2010200005D98 /* GTMNSBezierPath+CGPath.m */ = {isa = PBXFileReference; fileEncoding = 4; lastKnownFileType = sourcecode.c.objc; path = "GTMNSBezierPath+CGPath.m"; sourceTree = "<group>"; };
		4C7D2ECE0FC2010200005D98 /* GTMNSBezierPath+CGPathTest.m */ = {isa = PBXFileReference; fileEncoding = 4; lastKnownFileType = sourcecode.c.objc; path = "GTMNSBezierPath+CGPathTest.m"; sourceTree = "<group>"; };
		4C7D2ECF0FC2010200005D98 /* GTMNSBezierPath+RoundRect.h */ = {isa = PBXFileReference; fileEncoding = 4; lastKnownFileType = sourcecode.c.h; path = "GTMNSBezierPath+RoundRect.h"; sourceTree = "<group>"; };
		4C7D2ED00FC2010200005D98 /* GTMNSBezierPath+RoundRect.m */ = {isa = PBXFileReference; fileEncoding = 4; lastKnownFileType = sourcecode.c.objc; path = "GTMNSBezierPath+RoundRect.m"; sourceTree = "<group>"; };
		4C7D2ED10FC2010200005D98 /* GTMNSBezierPath+RoundRectTest.m */ = {isa = PBXFileReference; fileEncoding = 4; lastKnownFileType = sourcecode.c.objc; path = "GTMNSBezierPath+RoundRectTest.m"; sourceTree = "<group>"; };
		4C7D2ED20FC2010200005D98 /* GTMNSBezierPath+Shading.h */ = {isa = PBXFileReference; fileEncoding = 4; lastKnownFileType = sourcecode.c.h; path = "GTMNSBezierPath+Shading.h"; sourceTree = "<group>"; };
		4C7D2ED30FC2010200005D98 /* GTMNSBezierPath+Shading.m */ = {isa = PBXFileReference; fileEncoding = 4; lastKnownFileType = sourcecode.c.objc; path = "GTMNSBezierPath+Shading.m"; sourceTree = "<group>"; };
		4C7D2ED40FC2010200005D98 /* GTMNSBezierPath+ShadingTest.m */ = {isa = PBXFileReference; fileEncoding = 4; lastKnownFileType = sourcecode.c.objc; path = "GTMNSBezierPath+ShadingTest.m"; sourceTree = "<group>"; };
		4C7D2EDE0FC2010200005D98 /* GTMShading.h */ = {isa = PBXFileReference; fileEncoding = 4; lastKnownFileType = sourcecode.c.h; path = GTMShading.h; sourceTree = "<group>"; };
		4C7D2EED0FC2010200005D98 /* GTMNSBezierPath+CGPathTest.ppc64.tiff */ = {isa = PBXFileReference; lastKnownFileType = image.tiff; path = "GTMNSBezierPath+CGPathTest.ppc64.tiff"; sourceTree = "<group>"; };
		4C7D2EEE0FC2010200005D98 /* GTMNSBezierPath+CGPathTest.tiff */ = {isa = PBXFileReference; lastKnownFileType = image.tiff; path = "GTMNSBezierPath+CGPathTest.tiff"; sourceTree = "<group>"; };
		4C7D2EEF0FC2010200005D98 /* GTMNSBezierPath+CGPathTest.x86_64.tiff */ = {isa = PBXFileReference; lastKnownFileType = image.tiff; path = "GTMNSBezierPath+CGPathTest.x86_64.tiff"; sourceTree = "<group>"; };
		4C7D2EF00FC2010200005D98 /* GTMNSBezierPath+RoundRectTest.ppc64.tiff */ = {isa = PBXFileReference; lastKnownFileType = image.tiff; path = "GTMNSBezierPath+RoundRectTest.ppc64.tiff"; sourceTree = "<group>"; };
		4C7D2EF10FC2010200005D98 /* GTMNSBezierPath+RoundRectTest.tiff */ = {isa = PBXFileReference; lastKnownFileType = image.tiff; path = "GTMNSBezierPath+RoundRectTest.tiff"; sourceTree = "<group>"; };
		4C7D2EF20FC2010200005D98 /* GTMNSBezierPath+RoundRectTest.x86_64.tiff */ = {isa = PBXFileReference; lastKnownFileType = image.tiff; path = "GTMNSBezierPath+RoundRectTest.x86_64.tiff"; sourceTree = "<group>"; };
		4C7D2EFD0FC2010200005D98 /* GTMDebugSelectorValidation.h */ = {isa = PBXFileReference; fileEncoding = 4; lastKnownFileType = sourcecode.c.h; path = GTMDebugSelectorValidation.h; sourceTree = "<group>"; };
		4C7D2F010FC2010200005D98 /* GTMMethodCheck.h */ = {isa = PBXFileReference; fileEncoding = 4; lastKnownFileType = sourcecode.c.h; path = GTMMethodCheck.h; sourceTree = "<group>"; };
		4C7D2F020FC2010200005D98 /* GTMMethodCheck.m */ = {isa = PBXFileReference; fileEncoding = 4; lastKnownFileType = sourcecode.c.objc; path = GTMMethodCheck.m; sourceTree = "<group>"; };
		4C7D2F030FC2010200005D98 /* GTMMethodCheckTest.m */ = {isa = PBXFileReference; fileEncoding = 4; lastKnownFileType = sourcecode.c.objc; path = GTMMethodCheckTest.m; sourceTree = "<group>"; };
		4C7D2F080FC2010200005D98 /* GTMBase64.h */ = {isa = PBXFileReference; fileEncoding = 4; lastKnownFileType = sourcecode.c.h; path = GTMBase64.h; sourceTree = "<group>"; };
		4C7D2F090FC2010200005D98 /* GTMBase64.m */ = {isa = PBXFileReference; fileEncoding = 4; lastKnownFileType = sourcecode.c.objc; path = GTMBase64.m; sourceTree = "<group>"; };
		4C7D2F0A0FC2010200005D98 /* GTMBase64Test.m */ = {isa = PBXFileReference; fileEncoding = 4; lastKnownFileType = sourcecode.c.objc; path = GTMBase64Test.m; sourceTree = "<group>"; };
		4C7D2F0B0FC2010200005D98 /* GTMCalculatedRange.h */ = {isa = PBXFileReference; fileEncoding = 4; lastKnownFileType = sourcecode.c.h; path = GTMCalculatedRange.h; sourceTree = "<group>"; };
		4C7D2F0C0FC2010200005D98 /* GTMCalculatedRange.m */ = {isa = PBXFileReference; fileEncoding = 4; lastKnownFileType = sourcecode.c.objc; path = GTMCalculatedRange.m; sourceTree = "<group>"; };
		4C7D2F0D0FC2010200005D98 /* GTMCalculatedRangeTest.m */ = {isa = PBXFileReference; fileEncoding = 4; lastKnownFileType = sourcecode.c.objc; path = GTMCalculatedRangeTest.m; sourceTree = "<group>"; };
		4C7D2F140FC2010200005D98 /* GTMFourCharCode.h */ = {isa = PBXFileReference; fileEncoding = 4; lastKnownFileType = sourcecode.c.h; path = GTMFourCharCode.h; sourceTree = "<group>"; };
		4C7D2F150FC2010200005D98 /* GTMFourCharCode.m */ = {isa = PBXFileReference; fileEncoding = 4; lastKnownFileType = sourcecode.c.objc; path = GTMFourCharCode.m; sourceTree = "<group>"; };
		4C7D2F160FC2010200005D98 /* GTMFourCharCodeTest.m */ = {isa = PBXFileReference; fileEncoding = 4; lastKnownFileType = sourcecode.c.objc; path = GTMFourCharCodeTest.m; sourceTree = "<group>"; };
		4C7D2F170FC2010200005D98 /* GTMGarbageCollection.h */ = {isa = PBXFileReference; fileEncoding = 4; lastKnownFileType = sourcecode.c.h; path = GTMGarbageCollection.h; sourceTree = "<group>"; };
		4C7D2F180FC2010200005D98 /* GTMGeometryUtils.h */ = {isa = PBXFileReference; fileEncoding = 4; lastKnownFileType = sourcecode.c.h; path = GTMGeometryUtils.h; sourceTree = "<group>"; };
		4C7D2F190FC2010200005D98 /* GTMGeometryUtils.m */ = {isa = PBXFileReference; fileEncoding = 4; lastKnownFileType = sourcecode.c.objc; path = GTMGeometryUtils.m; sourceTree = "<group>"; };
		4C7D2F1A0FC2010200005D98 /* GTMGeometryUtilsTest.m */ = {isa = PBXFileReference; fileEncoding = 4; lastKnownFileType = sourcecode.c.objc; path = GTMGeometryUtilsTest.m; sourceTree = "<group>"; };
		4C7D2F1B0FC2010200005D98 /* GTMHTTPFetcher.h */ = {isa = PBXFileReference; fileEncoding = 4; lastKnownFileType = sourcecode.c.h; path = GTMHTTPFetcher.h; sourceTree = "<group>"; };
		4C7D2F1C0FC2010200005D98 /* GTMHTTPServer.h */ = {isa = PBXFileReference; fileEncoding = 4; lastKnownFileType = sourcecode.c.h; path = GTMHTTPServer.h; sourceTree = "<group>"; };
		4C7D2F1D0FC2010200005D98 /* GTMHTTPServer.m */ = {isa = PBXFileReference; fileEncoding = 4; lastKnownFileType = sourcecode.c.objc; path = GTMHTTPServer.m; sourceTree = "<group>"; };
		4C7D2F1E0FC2010200005D98 /* GTMHTTPServerTest.m */ = {isa = PBXFileReference; fileEncoding = 4; lastKnownFileType = sourcecode.c.objc; path = GTMHTTPServerTest.m; sourceTree = "<group>"; };
		4C7D2F2B0FC2010200005D98 /* GTMNSAppleEvent+HandlerTest.applescript */ = {isa = PBXFileReference; fileEncoding = 4; lastKnownFileType = sourcecode.applescript; path = "GTMNSAppleEvent+HandlerTest.applescript"; sourceTree = "<group>"; };
		4C7D2F2C0FC2010200005D98 /* GTMNSAppleEventDescriptor+Foundation.h */ = {isa = PBXFileReference; fileEncoding = 4; lastKnownFileType = sourcecode.c.h; path = "GTMNSAppleEventDescriptor+Foundation.h"; sourceTree = "<group>"; };
		4C7D2F2D0FC2010200005D98 /* GTMNSAppleEventDescriptor+Foundation.m */ = {isa = PBXFileReference; fileEncoding = 4; lastKnownFileType = sourcecode.c.objc; path = "GTMNSAppleEventDescriptor+Foundation.m"; sourceTree = "<group>"; };
		4C7D2F2E0FC2010200005D98 /* GTMNSAppleEventDescriptor+FoundationTest.m */ = {isa = PBXFileReference; fileEncoding = 4; lastKnownFileType = sourcecode.c.objc; path = "GTMNSAppleEventDescriptor+FoundationTest.m"; sourceTree = "<group>"; };
		4C7D2F2F0FC2010200005D98 /* GTMNSAppleEventDescriptor+Handler.h */ = {isa = PBXFileReference; fileEncoding = 4; lastKnownFileType = sourcecode.c.h; path = "GTMNSAppleEventDescriptor+Handler.h"; sourceTree = "<group>"; };
		4C7D2F300FC2010200005D98 /* GTMNSAppleEventDescriptor+Handler.m */ = {isa = PBXFileReference; fileEncoding = 4; lastKnownFileType = sourcecode.c.objc; path = "GTMNSAppleEventDescriptor+Handler.m"; sourceTree = "<group>"; };
		4C7D2F310FC2010200005D98 /* GTMNSAppleEventDescriptor+HandlerTest.m */ = {isa = PBXFileReference; fileEncoding = 4; lastKnownFileType = sourcecode.c.objc; path = "GTMNSAppleEventDescriptor+HandlerTest.m"; sourceTree = "<group>"; };
		4C7D2F320FC2010200005D98 /* GTMNSAppleScript+Handler.h */ = {isa = PBXFileReference; fileEncoding = 4; lastKnownFileType = sourcecode.c.h; path = "GTMNSAppleScript+Handler.h"; sourceTree = "<group>"; };
		4C7D2F330FC2010200005D98 /* GTMNSAppleScript+Handler.m */ = {isa = PBXFileReference; fileEncoding = 4; lastKnownFileType = sourcecode.c.objc; path = "GTMNSAppleScript+Handler.m"; sourceTree = "<group>"; };
		4C7D2F340FC2010200005D98 /* GTMNSAppleScript+HandlerTest.m */ = {isa = PBXFileReference; fileEncoding = 4; lastKnownFileType = sourcecode.c.objc; path = "GTMNSAppleScript+HandlerTest.m"; sourceTree = "<group>"; };
		4C7D2F380FC2010200005D98 /* GTMNSData+zlib.h */ = {isa = PBXFileReference; fileEncoding = 4; lastKnownFileType = sourcecode.c.h; path = "GTMNSData+zlib.h"; sourceTree = "<group>"; };
		4C7D2F390FC2010200005D98 /* GTMNSData+zlib.m */ = {isa = PBXFileReference; fileEncoding = 4; lastKnownFileType = sourcecode.c.objc; path = "GTMNSData+zlib.m"; sourceTree = "<group>"; };
		4C7D2F3A0FC2010200005D98 /* GTMNSData+zlibTest.m */ = {isa = PBXFileReference; fileEncoding = 4; lastKnownFileType = sourcecode.c.objc; path = "GTMNSData+zlibTest.m"; sourceTree = "<group>"; };
		4C7D2F3B0FC2010200005D98 /* GTMNSDictionary+URLArguments.h */ = {isa = PBXFileReference; fileEncoding = 4; lastKnownFileType = sourcecode.c.h; path = "GTMNSDictionary+URLArguments.h"; sourceTree = "<group>"; };
		4C7D2F3C0FC2010200005D98 /* GTMNSDictionary+URLArguments.m */ = {isa = PBXFileReference; fileEncoding = 4; lastKnownFileType = sourcecode.c.objc; path = "GTMNSDictionary+URLArguments.m"; sourceTree = "<group>"; };
		4C7D2F3D0FC2010200005D98 /* GTMNSDictionary+URLArgumentsTest.m */ = {isa = PBXFileReference; fileEncoding = 4; lastKnownFileType = sourcecode.c.objc; path = "GTMNSDictionary+URLArgumentsTest.m"; sourceTree = "<group>"; };
		4C7D2F3E0FC2010200005D98 /* GTMNSEnumerator+Filter.h */ = {isa = PBXFileReference; fileEncoding = 4; lastKnownFileType = sourcecode.c.h; path = "GTMNSEnumerator+Filter.h"; sourceTree = "<group>"; };
		4C7D2F3F0FC2010200005D98 /* GTMNSEnumerator+Filter.m */ = {isa = PBXFileReference; fileEncoding = 4; lastKnownFileType = sourcecode.c.objc; path = "GTMNSEnumerator+Filter.m"; sourceTree = "<group>"; };
		4C7D2F400FC2010200005D98 /* GTMNSEnumerator+FilterTest.m */ = {isa = PBXFileReference; fileEncoding = 4; lastKnownFileType = sourcecode.c.objc; path = "GTMNSEnumerator+FilterTest.m"; sourceTree = "<group>"; };
		4C7D2F440FC2010200005D98 /* GTMNSFileManager+Path.h */ = {isa = PBXFileReference; fileEncoding = 4; lastKnownFileType = sourcecode.c.h; path = "GTMNSFileManager+Path.h"; sourceTree = "<group>"; };
		4C7D2F450FC2010200005D98 /* GTMNSFileManager+Path.m */ = {isa = PBXFileReference; fileEncoding = 4; lastKnownFileType = sourcecode.c.objc; path = "GTMNSFileManager+Path.m"; sourceTree = "<group>"; };
		4C7D2F460FC2010200005D98 /* GTMNSFileManager+PathTest.m */ = {isa = PBXFileReference; fileEncoding = 4; lastKnownFileType = sourcecode.c.objc; path = "GTMNSFileManager+PathTest.m"; sourceTree = "<group>"; };
		4C7D2F500FC2010200005D98 /* GTMNSString+HTML.h */ = {isa = PBXFileReference; fileEncoding = 4; lastKnownFileType = sourcecode.c.h; path = "GTMNSString+HTML.h"; sourceTree = "<group>"; };
		4C7D2F510FC2010200005D98 /* GTMNSString+HTML.m */ = {isa = PBXFileReference; fileEncoding = 4; lastKnownFileType = sourcecode.c.objc; path = "GTMNSString+HTML.m"; sourceTree = "<group>"; };
		4C7D2F520FC2010200005D98 /* GTMNSString+HTMLTest.m */ = {isa = PBXFileReference; fileEncoding = 4; lastKnownFileType = sourcecode.c.objc; path = "GTMNSString+HTMLTest.m"; sourceTree = "<group>"; };
		4C7D2F560FC2010200005D98 /* GTMNSString+URLArguments.h */ = {isa = PBXFileReference; fileEncoding = 4; lastKnownFileType = sourcecode.c.h; path = "GTMNSString+URLArguments.h"; sourceTree = "<group>"; };
		4C7D2F570FC2010200005D98 /* GTMNSString+URLArguments.m */ = {isa = PBXFileReference; fileEncoding = 4; lastKnownFileType = sourcecode.c.objc; path = "GTMNSString+URLArguments.m"; sourceTree = "<group>"; };
		4C7D2F580FC2010200005D98 /* GTMNSString+URLArgumentsTest.m */ = {isa = PBXFileReference; fileEncoding = 4; lastKnownFileType = sourcecode.c.objc; path = "GTMNSString+URLArgumentsTest.m"; sourceTree = "<group>"; };
		4C7D2F590FC2010200005D98 /* GTMNSString+XML.h */ = {isa = PBXFileReference; fileEncoding = 4; lastKnownFileType = sourcecode.c.h; path = "GTMNSString+XML.h"; sourceTree = "<group>"; };
		4C7D2F5A0FC2010200005D98 /* GTMNSString+XML.m */ = {isa = PBXFileReference; fileEncoding = 4; lastKnownFileType = sourcecode.c.objc; path = "GTMNSString+XML.m"; sourceTree = "<group>"; };
		4C7D2F5B0FC2010200005D98 /* GTMNSString+XMLTest.m */ = {isa = PBXFileReference; fileEncoding = 4; lastKnownFileType = sourcecode.c.objc; path = "GTMNSString+XMLTest.m"; sourceTree = "<group>"; };
		4C7D2F5C0FC2010200005D98 /* GTMObjC2Runtime.h */ = {isa = PBXFileReference; fileEncoding = 4; lastKnownFileType = sourcecode.c.h; path = GTMObjC2Runtime.h; sourceTree = "<group>"; };
		4C7D2F5D0FC2010200005D98 /* GTMObjC2Runtime.m */ = {isa = PBXFileReference; fileEncoding = 4; lastKnownFileType = sourcecode.c.objc; path = GTMObjC2Runtime.m; sourceTree = "<group>"; };
		4C7D2F5E0FC2010200005D98 /* GTMObjC2RuntimeTest.m */ = {isa = PBXFileReference; fileEncoding = 4; lastKnownFileType = sourcecode.c.objc; path = GTMObjC2RuntimeTest.m; sourceTree = "<group>"; };
		4C7D2F5F0FC2010200005D98 /* GTMObjectSingleton.h */ = {isa = PBXFileReference; fileEncoding = 4; lastKnownFileType = sourcecode.c.h; path = GTMObjectSingleton.h; sourceTree = "<group>"; };
		4C7D2F630FC2010200005D98 /* GTMProgressMonitorInputStream.h */ = {isa = PBXFileReference; fileEncoding = 4; lastKnownFileType = sourcecode.c.h; path = GTMProgressMonitorInputStream.h; sourceTree = "<group>"; };
		4C7D2F640FC2010200005D98 /* GTMRegex.h */ = {isa = PBXFileReference; fileEncoding = 4; lastKnownFileType = sourcecode.c.h; path = GTMRegex.h; sourceTree = "<group>"; };
		4C7D2F650FC2010200005D98 /* GTMRegex.m */ = {isa = PBXFileReference; fileEncoding = 4; lastKnownFileType = sourcecode.c.objc; path = GTMRegex.m; sourceTree = "<group>"; };
		4C7D2F660FC2010200005D98 /* GTMRegexTest.m */ = {isa = PBXFileReference; fileEncoding = 4; lastKnownFileType = sourcecode.c.objc; path = GTMRegexTest.m; sourceTree = "<group>"; };
		4C7D2F670FC2010200005D98 /* GTMScriptRunner.h */ = {isa = PBXFileReference; fileEncoding = 4; lastKnownFileType = sourcecode.c.h; path = GTMScriptRunner.h; sourceTree = "<group>"; };
		4C7D2F680FC2010200005D98 /* GTMScriptRunner.m */ = {isa = PBXFileReference; fileEncoding = 4; lastKnownFileType = sourcecode.c.objc; path = GTMScriptRunner.m; sourceTree = "<group>"; };
		4C7D2F690FC2010200005D98 /* GTMScriptRunnerTest.m */ = {isa = PBXFileReference; fileEncoding = 4; lastKnownFileType = sourcecode.c.objc; path = GTMScriptRunnerTest.m; sourceTree = "<group>"; };
		4C7D2F700FC2010200005D98 /* GTMStackTrace.h */ = {isa = PBXFileReference; fileEncoding = 4; lastKnownFileType = sourcecode.c.h; path = GTMStackTrace.h; sourceTree = "<group>"; };
		4C7D2F720FC2010200005D98 /* GTMStackTraceTest.m */ = {isa = PBXFileReference; fileEncoding = 4; lastKnownFileType = sourcecode.c.objc; path = GTMStackTraceTest.m; sourceTree = "<group>"; };
		4C7D2F730FC2010200005D98 /* GTMSystemVersion.h */ = {isa = PBXFileReference; fileEncoding = 4; lastKnownFileType = sourcecode.c.h; path = GTMSystemVersion.h; sourceTree = "<group>"; };
		4C7D2F740FC2010200005D98 /* GTMSystemVersion.m */ = {isa = PBXFileReference; fileEncoding = 4; lastKnownFileType = sourcecode.c.objc; path = GTMSystemVersion.m; sourceTree = "<group>"; };
		4C7D2F750FC2010200005D98 /* GTMSystemVersionTest.m */ = {isa = PBXFileReference; fileEncoding = 4; lastKnownFileType = sourcecode.c.objc; path = GTMSystemVersionTest.m; sourceTree = "<group>"; };
		4C7D2F7F0FC2010200005D98 /* GTMDefines.h */ = {isa = PBXFileReference; fileEncoding = 4; lastKnownFileType = sourcecode.c.h; name = GTMDefines.h; path = "../google-toolbox-for-mac/GTMDefines.h"; sourceTree = SOURCE_ROOT; };
		4C7D2F810FC2010200005D98 /* GTMAppKit+UnitTesting.h */ = {isa = PBXFileReference; fileEncoding = 4; lastKnownFileType = sourcecode.c.h; path = "GTMAppKit+UnitTesting.h"; sourceTree = "<group>"; };
		4C7D2F820FC2010200005D98 /* GTMAppKit+UnitTesting.m */ = {isa = PBXFileReference; fileEncoding = 4; lastKnownFileType = sourcecode.c.objc; path = "GTMAppKit+UnitTesting.m"; sourceTree = "<group>"; };
		4C7D2F830FC2010200005D98 /* GTMCALayer+UnitTesting.h */ = {isa = PBXFileReference; fileEncoding = 4; lastKnownFileType = sourcecode.c.h; path = "GTMCALayer+UnitTesting.h"; sourceTree = "<group>"; };
		4C7D2F840FC2010200005D98 /* GTMCALayer+UnitTesting.m */ = {isa = PBXFileReference; fileEncoding = 4; lastKnownFileType = sourcecode.c.objc; path = "GTMCALayer+UnitTesting.m"; sourceTree = "<group>"; };
		4C7D2F860FC2010200005D98 /* GTMIPhoneUnitTestDelegate.h */ = {isa = PBXFileReference; fileEncoding = 4; lastKnownFileType = sourcecode.c.h; path = GTMIPhoneUnitTestDelegate.h; sourceTree = "<group>"; };
		4C7D2F870FC2010200005D98 /* GTMIPhoneUnitTestDelegate.m */ = {isa = PBXFileReference; fileEncoding = 4; lastKnownFileType = sourcecode.c.objc; path = GTMIPhoneUnitTestDelegate.m; sourceTree = "<group>"; };
		4C7D2F880FC2010200005D98 /* GTMIPhoneUnitTestMain.m */ = {isa = PBXFileReference; fileEncoding = 4; lastKnownFileType = sourcecode.c.objc; path = GTMIPhoneUnitTestMain.m; sourceTree = "<group>"; };
		4C7D2F890FC2010200005D98 /* GTMNSObject+BindingUnitTesting.h */ = {isa = PBXFileReference; fileEncoding = 4; lastKnownFileType = sourcecode.c.h; path = "GTMNSObject+BindingUnitTesting.h"; sourceTree = "<group>"; };
		4C7D2F8A0FC2010200005D98 /* GTMNSObject+BindingUnitTesting.m */ = {isa = PBXFileReference; fileEncoding = 4; lastKnownFileType = sourcecode.c.objc; path = "GTMNSObject+BindingUnitTesting.m"; sourceTree = "<group>"; };
		4C7D2F8B0FC2010200005D98 /* GTMNSObject+UnitTesting.h */ = {isa = PBXFileReference; fileEncoding = 4; lastKnownFileType = sourcecode.c.h; path = "GTMNSObject+UnitTesting.h"; sourceTree = "<group>"; };
		4C7D2F8C0FC2010200005D98 /* GTMNSObject+UnitTesting.m */ = {isa = PBXFileReference; fileEncoding = 4; lastKnownFileType = sourcecode.c.objc; path = "GTMNSObject+UnitTesting.m"; sourceTree = "<group>"; };
		4C7D2F8D0FC2010200005D98 /* GTMSenTestCase.h */ = {isa = PBXFileReference; fileEncoding = 4; lastKnownFileType = sourcecode.c.h; path = GTMSenTestCase.h; sourceTree = "<group>"; };
		4C7D2F8E0FC2010200005D98 /* GTMSenTestCase.m */ = {isa = PBXFileReference; fileEncoding = 4; lastKnownFileType = sourcecode.c.objc; path = GTMSenTestCase.m; sourceTree = "<group>"; };
		4C7D2F8F0FC2010200005D98 /* GTMTestHTTPServer.h */ = {isa = PBXFileReference; fileEncoding = 4; lastKnownFileType = sourcecode.c.h; path = GTMTestHTTPServer.h; sourceTree = "<group>"; };
		4C7D2F900FC2010200005D98 /* GTMTestHTTPServer.m */ = {isa = PBXFileReference; fileEncoding = 4; lastKnownFileType = sourcecode.c.objc; path = GTMTestHTTPServer.m; sourceTree = "<group>"; };
		4C7D2F930FC2010200005D98 /* GTMUIKit+UnitTesting.h */ = {isa = PBXFileReference; fileEncoding = 4; lastKnownFileType = sourcecode.c.h; path = "GTMUIKit+UnitTesting.h"; sourceTree = "<group>"; };
		4C7D2F940FC2010200005D98 /* GTMUIKit+UnitTesting.m */ = {isa = PBXFileReference; fileEncoding = 4; lastKnownFileType = sourcecode.c.objc; path = "GTMUIKit+UnitTesting.m"; sourceTree = "<group>"; };
		4C7D2F950FC2010200005D98 /* GTMUIKit+UnitTestingTest.m */ = {isa = PBXFileReference; fileEncoding = 4; lastKnownFileType = sourcecode.c.objc; path = "GTMUIKit+UnitTestingTest.m"; sourceTree = "<group>"; };
		4C7D2F980FC2010200005D98 /* English */ = {isa = PBXFileReference; fileEncoding = 4; lastKnownFileType = text.plist.strings; name = English; path = English.lproj/Localizable.strings; sourceTree = "<group>"; };
		4C7D2F9A0FC2010200005D98 /* English */ = {isa = PBXFileReference; lastKnownFileType = wrapper.nib; name = English; path = English.lproj/MainMenu.nib; sourceTree = "<group>"; };
		4C7D2F9C0FC2010200005D98 /* English */ = {isa = PBXFileReference; lastKnownFileType = file.xib; name = English; path = English.lproj/MainMenu.xib; sourceTree = "<group>"; };
		4C7D2F9D0FC2010200005D98 /* Info.plist */ = {isa = PBXFileReference; fileEncoding = 4; lastKnownFileType = text.plist.xml; path = Info.plist; sourceTree = "<group>"; };
		4C7D2F9E0FC2010200005D98 /* main.m */ = {isa = PBXFileReference; fileEncoding = 4; lastKnownFileType = sourcecode.c.objc; path = main.m; sourceTree = "<group>"; };
		4C7D2F9F0FC2010200005D98 /* GTMUIViewUnitTestingTest.png */ = {isa = PBXFileReference; lastKnownFileType = image.png; path = GTMUIViewUnitTestingTest.png; sourceTree = "<group>"; };
		4C7D2FA00FC2010200005D98 /* GTMUnitTestDevLog.h */ = {isa = PBXFileReference; fileEncoding = 4; lastKnownFileType = sourcecode.c.h; path = GTMUnitTestDevLog.h; sourceTree = "<group>"; };
		4C7D2FA10FC2010200005D98 /* GTMUnitTestDevLog.m */ = {isa = PBXFileReference; fileEncoding = 4; lastKnownFileType = sourcecode.c.objc; path = GTMUnitTestDevLog.m; sourceTree = "<group>"; };
		4C7D2FA20FC2010200005D98 /* GTMUnitTestingBindingTest.m */ = {isa = PBXFileReference; fileEncoding = 4; lastKnownFileType = sourcecode.c.objc; path = GTMUnitTestingBindingTest.m; sourceTree = "<group>"; };
		4C7D2FA30FC2010200005D98 /* GTMUnitTestingTest.h */ = {isa = PBXFileReference; fileEncoding = 4; lastKnownFileType = sourcecode.c.h; path = GTMUnitTestingTest.h; sourceTree = "<group>"; };
		4C7D2FA40FC2010200005D98 /* GTMUnitTestingTest.m */ = {isa = PBXFileReference; fileEncoding = 4; lastKnownFileType = sourcecode.c.objc; path = GTMUnitTestingTest.m; sourceTree = "<group>"; };
		4C7D2FA50FC2010200005D98 /* GTMUnitTestingUtilities.h */ = {isa = PBXFileReference; fileEncoding = 4; lastKnownFileType = sourcecode.c.h; path = GTMUnitTestingUtilities.h; sourceTree = "<group>"; };
		4C7D2FA60FC2010200005D98 /* GTMUnitTestingUtilities.m */ = {isa = PBXFileReference; fileEncoding = 4; lastKnownFileType = sourcecode.c.objc; path = GTMUnitTestingUtilities.m; sourceTree = "<group>"; };
		4C7D2FA70FC2010200005D98 /* RunIPhoneUnitTest.sh */ = {isa = PBXFileReference; fileEncoding = 4; lastKnownFileType = text.script.sh; path = RunIPhoneUnitTest.sh; sourceTree = "<group>"; };
		4C7D2FA80FC2010200005D98 /* RunMacOSUnitTests.sh */ = {isa = PBXFileReference; fileEncoding = 4; lastKnownFileType = text.script.sh; path = RunMacOSUnitTests.sh; sourceTree = "<group>"; };
		4C7D2FAA0FC2010200005D98 /* GTMUIViewUnitTestingTest.gtmUTState */ = {isa = PBXFileReference; fileEncoding = 4; lastKnownFileType = text.xml; path = GTMUIViewUnitTestingTest.gtmUTState; sourceTree = "<group>"; };
		4C7D2FAB0FC2010200005D98 /* GTMUIViewUnitTestingTest.png */ = {isa = PBXFileReference; lastKnownFileType = image.png; path = GTMUIViewUnitTestingTest.png; sourceTree = "<group>"; };
		4C7D2FAD0FC2010200005D98 /* GTMUnitTestingImage.gtmUTState */ = {isa = PBXFileReference; fileEncoding = 4; lastKnownFileType = text.xml; path = GTMUnitTestingImage.gtmUTState; sourceTree = "<group>"; };
		4C7D2FAE0FC2010200005D98 /* GTMUnitTestingImage.tiff */ = {isa = PBXFileReference; lastKnownFileType = image.tiff; path = GTMUnitTestingImage.tiff; sourceTree = "<group>"; };
		4C7D2FAF0FC2010200005D98 /* GTMUnitTestingTest.nib */ = {isa = PBXFileReference; lastKnownFileType = wrapper.nib; path = GTMUnitTestingTest.nib; sourceTree = "<group>"; };
		4C7D2FB00FC2010200005D98 /* GTMUnitTestingTestApp.gtmUTState */ = {isa = PBXFileReference; fileEncoding = 4; lastKnownFileType = text.xml; path = GTMUnitTestingTestApp.gtmUTState; sourceTree = "<group>"; };
		4C7D2FB10FC2010200005D98 /* GTMUnitTestingView.tiff */ = {isa = PBXFileReference; lastKnownFileType = image.tiff; path = GTMUnitTestingView.tiff; sourceTree = "<group>"; };
		4C7D2FB40FC2010200005D98 /* GTMUnitTestingWindow.gtmUTState */ = {isa = PBXFileReference; fileEncoding = 4; lastKnownFileType = text.xml; path = GTMUnitTestingWindow.gtmUTState; sourceTree = "<group>"; };
		4C7D2FB50FC2010200005D98 /* GTMUnitTestingWindow.tiff */ = {isa = PBXFileReference; lastKnownFileType = image.tiff; path = GTMUnitTestingWindow.tiff; sourceTree = "<group>"; };
		4C7D2FB80FC2010200005D98 /* DebugiPhone.xcconfig */ = {isa = PBXFileReference; fileEncoding = 4; lastKnownFileType = text.xcconfig; path = DebugiPhone.xcconfig; sourceTree = "<group>"; };
		4C7D2FBB0FC2010200005D98 /* DebugLeopardOrLater.xcconfig */ = {isa = PBXFileReference; fileEncoding = 4; lastKnownFileType = text.xcconfig; path = DebugLeopardOrLater.xcconfig; sourceTree = "<group>"; };
		4C7D2FBD0FC2010200005D98 /* DebugTigerOrLater.xcconfig */ = {isa = PBXFileReference; fileEncoding = 4; lastKnownFileType = text.xcconfig; path = DebugTigerOrLater.xcconfig; sourceTree = "<group>"; };
		4C7D2FBE0FC2010200005D98 /* ReleaseiPhone.xcconfig */ = {isa = PBXFileReference; fileEncoding = 4; lastKnownFileType = text.xcconfig; path = ReleaseiPhone.xcconfig; sourceTree = "<group>"; };
		4C7D2FC10FC2010200005D98 /* ReleaseLeopardOrLater.xcconfig */ = {isa = PBXFileReference; fileEncoding = 4; lastKnownFileType = text.xcconfig; path = ReleaseLeopardOrLater.xcconfig; sourceTree = "<group>"; };
		4C7D2FC30FC2010200005D98 /* ReleaseTigerOrLater.xcconfig */ = {isa = PBXFileReference; fileEncoding = 4; lastKnownFileType = text.xcconfig; path = ReleaseTigerOrLater.xcconfig; sourceTree = "<group>"; };
		4C7D2FC50FC2010200005D98 /* CodeCoverage.xcconfig */ = {isa = PBXFileReference; fileEncoding = 4; lastKnownFileType = text.xcconfig; path = CodeCoverage.xcconfig; sourceTree = "<group>"; };
		4C7D2FC60FC2010200005D98 /* CodeCoverageStatic.xcconfig */ = {isa = PBXFileReference; fileEncoding = 4; lastKnownFileType = text.xcconfig; path = CodeCoverageStatic.xcconfig; sourceTree = "<group>"; };
		4C7D2FC70FC2010200005D98 /* Debug.xcconfig */ = {isa = PBXFileReference; fileEncoding = 4; lastKnownFileType = text.xcconfig; path = Debug.xcconfig; sourceTree = "<group>"; };
		4C7D2FC80FC2010200005D98 /* GCSupported.xcconfig */ = {isa = PBXFileReference; fileEncoding = 4; lastKnownFileType = text.xcconfig; path = GCSupported.xcconfig; sourceTree = "<group>"; };
		4C7D2FC90FC2010200005D98 /* General.xcconfig */ = {isa = PBXFileReference; fileEncoding = 4; lastKnownFileType = text.xcconfig; path = General.xcconfig; sourceTree = "<group>"; };
		4C7D2FCA0FC2010200005D98 /* GTMMerge.xcconfig */ = {isa = PBXFileReference; fileEncoding = 4; lastKnownFileType = text.xcconfig; path = GTMMerge.xcconfig; sourceTree = "<group>"; };
		4C7D2FCB0FC2010200005D98 /* iPhone20.xcconfig */ = {isa = PBXFileReference; fileEncoding = 4; lastKnownFileType = text.xcconfig; path = iPhone20.xcconfig; sourceTree = "<group>"; };
		4C7D2FCC0FC2010200005D98 /* iPhone21.xcconfig */ = {isa = PBXFileReference; fileEncoding = 4; lastKnownFileType = text.xcconfig; path = iPhone21.xcconfig; sourceTree = "<group>"; };
		4C7D2FCD0FC2010200005D98 /* LeopardOrLater.xcconfig */ = {isa = PBXFileReference; fileEncoding = 4; lastKnownFileType = text.xcconfig; path = LeopardOrLater.xcconfig; sourceTree = "<group>"; };
		4C7D2FCE0FC2010200005D98 /* Release.xcconfig */ = {isa = PBXFileReference; fileEncoding = 4; lastKnownFileType = text.xcconfig; path = Release.xcconfig; sourceTree = "<group>"; };
		4C7D2FCF0FC2010200005D98 /* SnowLeopardOrLater.xcconfig */ = {isa = PBXFileReference; fileEncoding = 4; lastKnownFileType = text.xcconfig; path = SnowLeopardOrLater.xcconfig; sourceTree = "<group>"; };
		4C7D2FD00FC2010200005D98 /* TigerOrLater.xcconfig */ = {isa = PBXFileReference; fileEncoding = 4; lastKnownFileType = text.xcconfig; path = TigerOrLater.xcconfig; sourceTree = "<group>"; };
		4C7D2FD10FC2010200005D98 /* Unittest.xcconfig */ = {isa = PBXFileReference; fileEncoding = 4; lastKnownFileType = text.xcconfig; path = Unittest.xcconfig; sourceTree = "<group>"; };
		4C7D2FD30FC2010200005D98 /* DebugUnittest.xcconfig */ = {isa = PBXFileReference; fileEncoding = 4; lastKnownFileType = text.xcconfig; path = DebugUnittest.xcconfig; sourceTree = "<group>"; };
		4C7D2FD40FC2010200005D98 /* LoadableBundle.xcconfig */ = {isa = PBXFileReference; fileEncoding = 4; lastKnownFileType = text.xcconfig; path = LoadableBundle.xcconfig; sourceTree = "<group>"; };
		4C7D2FD50FC2010200005D98 /* LoadableBundleGCSupported.xcconfig */ = {isa = PBXFileReference; fileEncoding = 4; lastKnownFileType = text.xcconfig; path = LoadableBundleGCSupported.xcconfig; sourceTree = "<group>"; };
		4C7D2FD60FC2010200005D98 /* ReleaseUnittest.xcconfig */ = {isa = PBXFileReference; fileEncoding = 4; lastKnownFileType = text.xcconfig; path = ReleaseUnittest.xcconfig; sourceTree = "<group>"; };
		4C7D2FD70FC2010200005D98 /* SharedLibrary.xcconfig */ = {isa = PBXFileReference; fileEncoding = 4; lastKnownFileType = text.xcconfig; path = SharedLibrary.xcconfig; sourceTree = "<group>"; };
		4C7D2FD80FC2010200005D98 /* SharedLibraryGCSupported.xcconfig */ = {isa = PBXFileReference; fileEncoding = 4; lastKnownFileType = text.xcconfig; path = SharedLibraryGCSupported.xcconfig; sourceTree = "<group>"; };
		4C7D2FD90FC2010200005D98 /* StaticLibrary.xcconfig */ = {isa = PBXFileReference; fileEncoding = 4; lastKnownFileType = text.xcconfig; path = StaticLibrary.xcconfig; sourceTree = "<group>"; };
		4C7D2FDA0FC2010200005D98 /* StaticLibraryGCSupported.xcconfig */ = {isa = PBXFileReference; fileEncoding = 4; lastKnownFileType = text.xcconfig; path = StaticLibraryGCSupported.xcconfig; sourceTree = "<group>"; };
		4C7D2FDB0FC2010200005D98 /* xcconfigs-readme.txt */ = {isa = PBXFileReference; fileEncoding = 4; lastKnownFileType = text; path = "xcconfigs-readme.txt"; sourceTree = "<group>"; };
		4C7D30560FC202CD00005D98 /* TestMerge-UnitTests.octest */ = {isa = PBXFileReference; explicitFileType = wrapper.cfbundle; includeInIndex = 0; path = "TestMerge-UnitTests.octest"; sourceTree = BUILT_PRODUCTS_DIR; };
		4C7D30570FC202CD00005D98 /* TestMerge-UnitTests-Info.plist */ = {isa = PBXFileReference; lastKnownFileType = text.plist.xml; path = "TestMerge-UnitTests-Info.plist"; sourceTree = "<group>"; };
		4C7D30920FC2043000005D98 /* TMOutputSorterTests.h */ = {isa = PBXFileReference; fileEncoding = 4; lastKnownFileType = sourcecode.c.h; path = TMOutputSorterTests.h; sourceTree = "<group>"; };
		4C7D30930FC2043000005D98 /* TMOutputSorterTests.m */ = {isa = PBXFileReference; fileEncoding = 4; lastKnownFileType = sourcecode.c.objc; path = TMOutputSorterTests.m; sourceTree = "<group>"; };
		4C7D30C90FC2097A00005D98 /* NSString+UUID.h */ = {isa = PBXFileReference; fileEncoding = 4; lastKnownFileType = sourcecode.c.h; name = "NSString+UUID.h"; path = "../../BWKit/NSString+UUID.h"; sourceTree = SOURCE_ROOT; };
		4C7D30CA0FC2097A00005D98 /* NSString+UUID.m */ = {isa = PBXFileReference; fileEncoding = 4; lastKnownFileType = sourcecode.c.objc; name = "NSString+UUID.m"; path = "../../BWKit/NSString+UUID.m"; sourceTree = SOURCE_ROOT; };
		4C7D30CD0FC209DC00005D98 /* TMOutputSorter.h */ = {isa = PBXFileReference; fileEncoding = 4; lastKnownFileType = sourcecode.c.h; path = TMOutputSorter.h; sourceTree = "<group>"; };
		4C7D30CE0FC209DC00005D98 /* TMOutputSorter.m */ = {isa = PBXFileReference; fileEncoding = 4; lastKnownFileType = sourcecode.c.objc; path = TMOutputSorter.m; sourceTree = "<group>"; };
		4C7D31770FC215CE00005D98 /* TMOutputGroupCDFactory.h */ = {isa = PBXFileReference; fileEncoding = 4; lastKnownFileType = sourcecode.c.h; path = TMOutputGroupCDFactory.h; sourceTree = "<group>"; };
		4C7D31780FC215CE00005D98 /* TMOutputGroupCDFactory.m */ = {isa = PBXFileReference; fileEncoding = 4; lastKnownFileType = sourcecode.c.objc; path = TMOutputGroupCDFactory.m; sourceTree = "<group>"; };
		4C7D31BC0FC21F0600005D98 /* _OutputGroup.h */ = {isa = PBXFileReference; fileEncoding = 4; lastKnownFileType = sourcecode.c.h; path = _OutputGroup.h; sourceTree = "<group>"; };
		4C7D31BD0FC21F0600005D98 /* _OutputGroup.m */ = {isa = PBXFileReference; fileEncoding = 4; lastKnownFileType = sourcecode.c.objc; path = _OutputGroup.m; sourceTree = "<group>"; };
		4C7D31BE0FC21F0600005D98 /* OutputGroup.h */ = {isa = PBXFileReference; fileEncoding = 4; lastKnownFileType = sourcecode.c.h; path = OutputGroup.h; sourceTree = "<group>"; };
		4C7D31BF0FC21F0600005D98 /* OutputGroup.m */ = {isa = PBXFileReference; fileEncoding = 4; lastKnownFileType = sourcecode.c.objc; path = OutputGroup.m; sourceTree = "<group>"; };
		4C7D32530FC221EE00005D98 /* OCMock.xcodeproj */ = {isa = PBXFileReference; lastKnownFileType = "wrapper.pb-project"; name = OCMock.xcodeproj; path = "externals/ocmock-1.29/OCMock.xcodeproj"; sourceTree = "<group>"; };
		4C7D32EB0FC2303500005D98 /* TMOutputSorterTests-testInitialState.gtmUTState */ = {isa = PBXFileReference; fileEncoding = 4; lastKnownFileType = text.xml; name = "TMOutputSorterTests-testInitialState.gtmUTState"; path = "TestResources/TMOutputSorterTests-testInitialState.gtmUTState"; sourceTree = "<group>"; };
		4C7D33040FC2311B00005D98 /* TMMergeController.h */ = {isa = PBXFileReference; fileEncoding = 4; lastKnownFileType = sourcecode.c.h; path = TMMergeController.h; sourceTree = "<group>"; };
		4C7D33050FC2311B00005D98 /* TMMergeController.m */ = {isa = PBXFileReference; fileEncoding = 4; lastKnownFileType = sourcecode.c.objc; path = TMMergeController.m; sourceTree = "<group>"; };
		4C7D33130FC2328E00005D98 /* English */ = {isa = PBXFileReference; lastKnownFileType = file.xib; name = English; path = English.lproj/MergeUI.xib; sourceTree = "<group>"; };
		4C86F6D20FCDA6C4008849CC /* TMOutputGroup.h */ = {isa = PBXFileReference; fileEncoding = 4; lastKnownFileType = sourcecode.c.h; path = TMOutputGroup.h; sourceTree = "<group>"; };
		4C86F6D70FCDA747008849CC /* TMOutputGroupFactory.h */ = {isa = PBXFileReference; fileEncoding = 4; lastKnownFileType = sourcecode.c.h; path = TMOutputGroupFactory.h; sourceTree = "<group>"; };
		4C86F6D90FCDA798008849CC /* TMErrors.h */ = {isa = PBXFileReference; fileEncoding = 4; lastKnownFileType = sourcecode.c.h; path = TMErrors.h; sourceTree = "<group>"; };
		4C86F6DA0FCDA798008849CC /* TMErrors.m */ = {isa = PBXFileReference; fileEncoding = 4; lastKnownFileType = sourcecode.c.objc; path = TMErrors.m; sourceTree = "<group>"; };
		4C86F7920FCDAF72008849CC /* TMMergeControllerTests.h */ = {isa = PBXFileReference; fileEncoding = 4; lastKnownFileType = sourcecode.c.h; path = TMMergeControllerTests.h; sourceTree = "<group>"; };
		4C86F7930FCDAF72008849CC /* TMMergeControllerTests.m */ = {isa = PBXFileReference; fileEncoding = 4; lastKnownFileType = sourcecode.c.objc; path = TMMergeControllerTests.m; sourceTree = "<group>"; };
		4C86F7B70FCDB211008849CC /* BWToolkit.xcodeproj */ = {isa = PBXFileReference; lastKnownFileType = "wrapper.pb-project"; name = BWToolkit.xcodeproj; path = bwtoolkit/BWToolkit.xcodeproj; sourceTree = "<group>"; };
		4C86F7E00FCDB45F008849CC /* TMMergeControllerTests-testWindowUIRendering.tiff */ = {isa = PBXFileReference; lastKnownFileType = image.tiff; name = "TMMergeControllerTests-testWindowUIRendering.tiff"; path = "TestResources/TMMergeControllerTests-testWindowUIRendering.tiff"; sourceTree = "<group>"; };
		770B37EC0679A11B001EADE2 /* TestMerge_DataModel.xcdatamodel */ = {isa = PBXFileReference; fileEncoding = 4; lastKnownFileType = wrapper.xcdatamodel; path = TestMerge_DataModel.xcdatamodel; sourceTree = "<group>"; };
		77C82804067257F0000B614F /* CoreData.framework */ = {isa = PBXFileReference; lastKnownFileType = wrapper.framework; name = CoreData.framework; path = /System/Library/Frameworks/CoreData.framework; sourceTree = "<absolute>"; };
		77C8280B06725ACE000B614F /* AppDelegate.h */ = {isa = PBXFileReference; fileEncoding = 4; lastKnownFileType = sourcecode.c.h; path = AppDelegate.h; sourceTree = "<group>"; };
		77C8280C06725ACE000B614F /* AppDelegate.m */ = {isa = PBXFileReference; fileEncoding = 4; lastKnownFileType = sourcecode.c.objc; path = AppDelegate.m; sourceTree = "<group>"; };
		8D1107310486CEB800E47090 /* Info.plist */ = {isa = PBXFileReference; fileEncoding = 4; lastKnownFileType = text.plist; path = Info.plist; sourceTree = "<group>"; };
		8D1107320486CEB800E47090 /* TestMerge.app */ = {isa = PBXFileReference; explicitFileType = wrapper.application; includeInIndex = 0; path = TestMerge.app; sourceTree = BUILT_PRODUCTS_DIR; };
/* End PBXFileReference section */

/* Begin PBXFrameworksBuildPhase section */
		4C7D30530FC202CD00005D98 /* Frameworks */ = {
			isa = PBXFrameworksBuildPhase;
			buildActionMask = 2147483647;
			files = (
				4C7D325F0FC221FA00005D98 /* OCMock.framework in Frameworks */,
				4C6C4C4B0FCF1C0900D6AB30 /* Quartz.framework in Frameworks */,
			);
			runOnlyForDeploymentPostprocessing = 0;
		};
		8D11072E0486CEB800E47090 /* Frameworks */ = {
			isa = PBXFrameworksBuildPhase;
			buildActionMask = 2147483647;
			files = (
				4C86F7C60FCDB22C008849CC /* BWToolkitFramework.framework in Frameworks */,
				8D11072F0486CEB800E47090 /* Cocoa.framework in Frameworks */,
				4C6C4AF20FCDD58000D6AB30 /* Quartz.framework in Frameworks */,
			);
			runOnlyForDeploymentPostprocessing = 0;
		};
/* End PBXFrameworksBuildPhase section */

/* Begin PBXGroup section */
		080E96DDFE201D6D7F000001 /* Classes */ = {
			isa = PBXGroup;
			children = (
				4C86F6D10FCDA6B4008849CC /* Protocols */,
				4C2677E80FD830770091972D /* Comparison View Controllers */,
				4C2677E60FD8306B0091972D /* Window Controllers */,
				77C8280B06725ACE000B614F /* AppDelegate.h */,
				77C8280C06725ACE000B614F /* AppDelegate.m */,
				4C7D30CD0FC209DC00005D98 /* TMOutputSorter.h */,
				4C7D30CE0FC209DC00005D98 /* TMOutputSorter.m */,
				4C6C4C250FCF19A800D6AB30 /* TMImageView.h */,
				4C6C4C260FCF19A800D6AB30 /* TMImageView.m */,
				4C7D31770FC215CE00005D98 /* TMOutputGroupCDFactory.h */,
				4C7D31780FC215CE00005D98 /* TMOutputGroupCDFactory.m */,
				4C7D30C90FC2097A00005D98 /* NSString+UUID.h */,
				4C7D30CA0FC2097A00005D98 /* NSString+UUID.m */,
				4C86F6D90FCDA798008849CC /* TMErrors.h */,
				4C86F6DA0FCDA798008849CC /* TMErrors.m */,
				4C7D30910FC203FB00005D98 /* Tests */,
			);
			name = Classes;
			sourceTree = "<group>";
		};
		1058C7A0FEA54F0111CA2CBB /* Linked Frameworks */ = {
			isa = PBXGroup;
			children = (
				1058C7A1FEA54F0111CA2CBB /* Cocoa.framework */,
			);
			name = "Linked Frameworks";
			sourceTree = "<group>";
		};
		1058C7A2FEA54F0111CA2CBB /* Other Frameworks */ = {
			isa = PBXGroup;
			children = (
				77C82804067257F0000B614F /* CoreData.framework */,
				29B97325FDCFA39411CA2CEA /* Foundation.framework */,
				29B97324FDCFA39411CA2CEA /* AppKit.framework */,
			);
			name = "Other Frameworks";
			sourceTree = "<group>";
		};
		19C28FACFE9D520D11CA2CBB /* Products */ = {
			isa = PBXGroup;
			children = (
				8D1107320486CEB800E47090 /* TestMerge.app */,
				4C7D30560FC202CD00005D98 /* TestMerge-UnitTests.octest */,
			);
			name = Products;
			sourceTree = "<group>";
		};
		29B97314FDCFA39411CA2CEA /* TestMerge */ = {
			isa = PBXGroup;
			children = (
				4C86F7B70FCDB211008849CC /* BWToolkit.xcodeproj */,
				4C7D32530FC221EE00005D98 /* OCMock.xcodeproj */,
				4C7D2CC60FC200A900005D98 /* GTM */,
				7756732906782D8800D1FEB8 /* Models */,
				4C7D32DF0FC22FEF00005D98 /* Test Resources */,
				4C6C4A2C0FCDC5C700D6AB30 /* OutputGroupTest */,
				080E96DDFE201D6D7F000001 /* Classes */,
				29B97315FDCFA39411CA2CEA /* Other Sources */,
				29B97317FDCFA39411CA2CEA /* Resources */,
				29B97323FDCFA39411CA2CEA /* Frameworks */,
				19C28FACFE9D520D11CA2CBB /* Products */,
				4C6C4AF10FCDD58000D6AB30 /* Quartz.framework */,
			);
			name = TestMerge;
			sourceTree = "<group>";
		};
		29B97315FDCFA39411CA2CEA /* Other Sources */ = {
			isa = PBXGroup;
			children = (
				32CA4F630368D1EE00C91783 /* TestMerge_Prefix.pch */,
				29B97316FDCFA39411CA2CEA /* main.m */,
			);
			name = "Other Sources";
			sourceTree = "<group>";
		};
		29B97317FDCFA39411CA2CEA /* Resources */ = {
			isa = PBXGroup;
			children = (
				4C2679460FD83FC20091972D /* UTStateCompareView.xib */,
				4C6C4AE60FCDD4DB00D6AB30 /* ImageCompareView.xib */,
				2F7446970DB6B7EA00F9684A /* MainMenu.xib */,
				4C7D33150FC2329700005D98 /* MergeUI.xib */,
				089C165CFE840E0CC02AAC07 /* InfoPlist.strings */,
				8D1107310486CEB800E47090 /* Info.plist */,
				4C7D30570FC202CD00005D98 /* TestMerge-UnitTests-Info.plist */,
			);
			name = Resources;
			sourceTree = "<group>";
		};
		29B97323FDCFA39411CA2CEA /* Frameworks */ = {
			isa = PBXGroup;
			children = (
				1058C7A0FEA54F0111CA2CBB /* Linked Frameworks */,
				1058C7A2FEA54F0111CA2CBB /* Other Frameworks */,
			);
			name = Frameworks;
			sourceTree = "<group>";
		};
		4C2677E60FD8306B0091972D /* Window Controllers */ = {
			isa = PBXGroup;
			children = (
				4C7D33040FC2311B00005D98 /* TMMergeController.h */,
				4C7D33050FC2311B00005D98 /* TMMergeController.m */,
			);
			name = "Window Controllers";
			sourceTree = "<group>";
		};
		4C2677E80FD830770091972D /* Comparison View Controllers */ = {
			isa = PBXGroup;
			children = (
				4C6C4BEE0FCE0B3D00D6AB30 /* TMCompareController.h */,
				4C6C4BEF0FCE0B3D00D6AB30 /* TMCompareController.m */,
				4C6C4AF60FCDD72400D6AB30 /* TMImageCompareController.h */,
				4C6C4AF70FCDD72400D6AB30 /* TMImageCompareController.m */,
				4C2679490FD83FFF0091972D /* TMUTStateCompareController.h */,
				4C26794A0FD83FFF0091972D /* TMUTStateCompareController.m */,
			);
			name = "Comparison View Controllers";
			sourceTree = "<group>";
		};
		4C7D2CC60FC200A900005D98 /* GTM */ = {
			isa = PBXGroup;
			children = (
				4C7D2EB60FC2010200005D98 /* AppKit */,
				4C7D2EFC0FC2010200005D98 /* DebugUtils */,
				4C7D2F040FC2010200005D98 /* Foundation */,
				4C7D2F7F0FC2010200005D98 /* GTMDefines.h */,
				4C7D2F800FC2010200005D98 /* UnitTesting */,
				4C7D2FB60FC2010200005D98 /* XcodeConfig */,
			);
			name = GTM;
			sourceTree = "<group>";
		};
		4C7D2EB60FC2010200005D98 /* AppKit */ = {
			isa = PBXGroup;
			children = (
				4C7D2EBA0FC2010200005D98 /* GTMDelegatingTableColumn.h */,
				4C7D2EBB0FC2010200005D98 /* GTMDelegatingTableColumn.m */,
				4C7D2EC60FC2010200005D98 /* GTMLinearRGBShading.h */,
				4C7D2EC70FC2010200005D98 /* GTMLinearRGBShading.m */,
				4C7D2EC80FC2010200005D98 /* GTMLinearRGBShadingTest.m */,
				4C7D2EC90FC2010200005D98 /* GTMLoginItems.h */,
				4C7D2ECA0FC2010200005D98 /* GTMLoginItems.m */,
				4C7D2ECB0FC2010200005D98 /* GTMLoginItemsTest.m */,
				4C7D2ECC0FC2010200005D98 /* GTMNSBezierPath+CGPath.h */,
				4C7D2ECD0FC2010200005D98 /* GTMNSBezierPath+CGPath.m */,
				4C7D2ECE0FC2010200005D98 /* GTMNSBezierPath+CGPathTest.m */,
				4C7D2ECF0FC2010200005D98 /* GTMNSBezierPath+RoundRect.h */,
				4C7D2ED00FC2010200005D98 /* GTMNSBezierPath+RoundRect.m */,
				4C7D2ED10FC2010200005D98 /* GTMNSBezierPath+RoundRectTest.m */,
				4C7D2ED20FC2010200005D98 /* GTMNSBezierPath+Shading.h */,
				4C7D2ED30FC2010200005D98 /* GTMNSBezierPath+Shading.m */,
				4C7D2ED40FC2010200005D98 /* GTMNSBezierPath+ShadingTest.m */,
				4C7D2EDE0FC2010200005D98 /* GTMShading.h */,
				4C7D2EE80FC2010200005D98 /* TestData */,
			);
			name = AppKit;
			path = "../google-toolbox-for-mac/AppKit";
			sourceTree = SOURCE_ROOT;
		};
		4C7D2EE80FC2010200005D98 /* TestData */ = {
			isa = PBXGroup;
			children = (
				4C7D2EED0FC2010200005D98 /* GTMNSBezierPath+CGPathTest.ppc64.tiff */,
				4C7D2EEE0FC2010200005D98 /* GTMNSBezierPath+CGPathTest.tiff */,
				4C7D2EEF0FC2010200005D98 /* GTMNSBezierPath+CGPathTest.x86_64.tiff */,
				4C7D2EF00FC2010200005D98 /* GTMNSBezierPath+RoundRectTest.ppc64.tiff */,
				4C7D2EF10FC2010200005D98 /* GTMNSBezierPath+RoundRectTest.tiff */,
				4C7D2EF20FC2010200005D98 /* GTMNSBezierPath+RoundRectTest.x86_64.tiff */,
				4C7D2EF90FC2010200005D98 /* Resources */,
			);
			path = TestData;
			sourceTree = "<group>";
		};
		4C7D2EF90FC2010200005D98 /* Resources */ = {
			isa = PBXGroup;
			children = (
			);
			path = Resources;
			sourceTree = "<group>";
		};
		4C7D2EFC0FC2010200005D98 /* DebugUtils */ = {
			isa = PBXGroup;
			children = (
				4C7D2EFD0FC2010200005D98 /* GTMDebugSelectorValidation.h */,
				4C7D2F010FC2010200005D98 /* GTMMethodCheck.h */,
				4C7D2F020FC2010200005D98 /* GTMMethodCheck.m */,
				4C7D2F030FC2010200005D98 /* GTMMethodCheckTest.m */,
			);
			name = DebugUtils;
			path = "../google-toolbox-for-mac/DebugUtils";
			sourceTree = SOURCE_ROOT;
		};
		4C7D2F040FC2010200005D98 /* Foundation */ = {
			isa = PBXGroup;
			children = (
				4C7D0F5F0FD594A000D83C0F /* GTMNSString+FindFolder.h */,
				4C7D0F600FD594A000D83C0F /* GTMNSString+FindFolder.m */,
				4C7D0F360FD5937400D83C0F /* GTMLogger+ASL.h */,
				4C7D0F370FD5937400D83C0F /* GTMLogger+ASL.m */,
				4C7D0F380FD5937400D83C0F /* GTMLogger.h */,
				4C7D0F390FD5937400D83C0F /* GTMLogger.m */,
				4C7D0F3A0FD5937400D83C0F /* GTMNSObject+KeyValueObserving.h */,
				4C7D0F3B0FD5937400D83C0F /* GTMNSObject+KeyValueObserving.m */,
				4C7D0F3C0FD5937400D83C0F /* GTMStackTrace.m */,
				4C7D2F080FC2010200005D98 /* GTMBase64.h */,
				4C7D2F090FC2010200005D98 /* GTMBase64.m */,
				4C7D2F0A0FC2010200005D98 /* GTMBase64Test.m */,
				4C7D2F0B0FC2010200005D98 /* GTMCalculatedRange.h */,
				4C7D2F0C0FC2010200005D98 /* GTMCalculatedRange.m */,
				4C7D2F0D0FC2010200005D98 /* GTMCalculatedRangeTest.m */,
				4C7D2F140FC2010200005D98 /* GTMFourCharCode.h */,
				4C7D2F150FC2010200005D98 /* GTMFourCharCode.m */,
				4C7D2F160FC2010200005D98 /* GTMFourCharCodeTest.m */,
				4C7D2F170FC2010200005D98 /* GTMGarbageCollection.h */,
				4C7D2F180FC2010200005D98 /* GTMGeometryUtils.h */,
				4C7D2F190FC2010200005D98 /* GTMGeometryUtils.m */,
				4C7D2F1A0FC2010200005D98 /* GTMGeometryUtilsTest.m */,
				4C7D2F1B0FC2010200005D98 /* GTMHTTPFetcher.h */,
				4C7D2F1C0FC2010200005D98 /* GTMHTTPServer.h */,
				4C7D2F1D0FC2010200005D98 /* GTMHTTPServer.m */,
				4C7D2F1E0FC2010200005D98 /* GTMHTTPServerTest.m */,
				4C7D2F2B0FC2010200005D98 /* GTMNSAppleEvent+HandlerTest.applescript */,
				4C7D2F2C0FC2010200005D98 /* GTMNSAppleEventDescriptor+Foundation.h */,
				4C7D2F2D0FC2010200005D98 /* GTMNSAppleEventDescriptor+Foundation.m */,
				4C7D2F2E0FC2010200005D98 /* GTMNSAppleEventDescriptor+FoundationTest.m */,
				4C7D2F2F0FC2010200005D98 /* GTMNSAppleEventDescriptor+Handler.h */,
				4C7D2F300FC2010200005D98 /* GTMNSAppleEventDescriptor+Handler.m */,
				4C7D2F310FC2010200005D98 /* GTMNSAppleEventDescriptor+HandlerTest.m */,
				4C7D2F320FC2010200005D98 /* GTMNSAppleScript+Handler.h */,
				4C7D2F330FC2010200005D98 /* GTMNSAppleScript+Handler.m */,
				4C7D2F340FC2010200005D98 /* GTMNSAppleScript+HandlerTest.m */,
				4C7D2F380FC2010200005D98 /* GTMNSData+zlib.h */,
				4C7D2F390FC2010200005D98 /* GTMNSData+zlib.m */,
				4C7D2F3A0FC2010200005D98 /* GTMNSData+zlibTest.m */,
				4C7D2F3B0FC2010200005D98 /* GTMNSDictionary+URLArguments.h */,
				4C7D2F3C0FC2010200005D98 /* GTMNSDictionary+URLArguments.m */,
				4C7D2F3D0FC2010200005D98 /* GTMNSDictionary+URLArgumentsTest.m */,
				4C7D2F3E0FC2010200005D98 /* GTMNSEnumerator+Filter.h */,
				4C7D2F3F0FC2010200005D98 /* GTMNSEnumerator+Filter.m */,
				4C7D2F400FC2010200005D98 /* GTMNSEnumerator+FilterTest.m */,
				4C7D2F440FC2010200005D98 /* GTMNSFileManager+Path.h */,
				4C7D2F450FC2010200005D98 /* GTMNSFileManager+Path.m */,
				4C7D2F460FC2010200005D98 /* GTMNSFileManager+PathTest.m */,
				4C7D2F500FC2010200005D98 /* GTMNSString+HTML.h */,
				4C7D2F510FC2010200005D98 /* GTMNSString+HTML.m */,
				4C7D2F520FC2010200005D98 /* GTMNSString+HTMLTest.m */,
				4C7D2F560FC2010200005D98 /* GTMNSString+URLArguments.h */,
				4C7D2F570FC2010200005D98 /* GTMNSString+URLArguments.m */,
				4C7D2F580FC2010200005D98 /* GTMNSString+URLArgumentsTest.m */,
				4C7D2F590FC2010200005D98 /* GTMNSString+XML.h */,
				4C7D2F5A0FC2010200005D98 /* GTMNSString+XML.m */,
				4C7D2F5B0FC2010200005D98 /* GTMNSString+XMLTest.m */,
				4C7D2F5C0FC2010200005D98 /* GTMObjC2Runtime.h */,
				4C7D2F5D0FC2010200005D98 /* GTMObjC2Runtime.m */,
				4C7D2F5E0FC2010200005D98 /* GTMObjC2RuntimeTest.m */,
				4C7D2F5F0FC2010200005D98 /* GTMObjectSingleton.h */,
				4C7D2F630FC2010200005D98 /* GTMProgressMonitorInputStream.h */,
				4C7D2F640FC2010200005D98 /* GTMRegex.h */,
				4C7D2F650FC2010200005D98 /* GTMRegex.m */,
				4C7D2F660FC2010200005D98 /* GTMRegexTest.m */,
				4C7D2F670FC2010200005D98 /* GTMScriptRunner.h */,
				4C7D2F680FC2010200005D98 /* GTMScriptRunner.m */,
				4C7D2F690FC2010200005D98 /* GTMScriptRunnerTest.m */,
				4C7D2F700FC2010200005D98 /* GTMStackTrace.h */,
				4C05868B0FD44EA900D029E0 /* GTMStackTrace.c */,
				4C7D2F720FC2010200005D98 /* GTMStackTraceTest.m */,
				4C7D2F730FC2010200005D98 /* GTMSystemVersion.h */,
				4C7D2F740FC2010200005D98 /* GTMSystemVersion.m */,
				4C7D2F750FC2010200005D98 /* GTMSystemVersionTest.m */,
			);
			name = Foundation;
			path = "../google-toolbox-for-mac/Foundation";
			sourceTree = SOURCE_ROOT;
		};
		4C7D2F800FC2010200005D98 /* UnitTesting */ = {
			isa = PBXGroup;
			children = (
				4C7D2F810FC2010200005D98 /* GTMAppKit+UnitTesting.h */,
				4C7D2F820FC2010200005D98 /* GTMAppKit+UnitTesting.m */,
				4C7D2F830FC2010200005D98 /* GTMCALayer+UnitTesting.h */,
				4C7D2F840FC2010200005D98 /* GTMCALayer+UnitTesting.m */,
				4C7D2F860FC2010200005D98 /* GTMIPhoneUnitTestDelegate.h */,
				4C7D2F870FC2010200005D98 /* GTMIPhoneUnitTestDelegate.m */,
				4C7D2F880FC2010200005D98 /* GTMIPhoneUnitTestMain.m */,
				4C7D2F890FC2010200005D98 /* GTMNSObject+BindingUnitTesting.h */,
				4C7D2F8A0FC2010200005D98 /* GTMNSObject+BindingUnitTesting.m */,
				4C7D2F8B0FC2010200005D98 /* GTMNSObject+UnitTesting.h */,
				4C7D2F8C0FC2010200005D98 /* GTMNSObject+UnitTesting.m */,
				4C7D2F8D0FC2010200005D98 /* GTMSenTestCase.h */,
				4C7D2F8E0FC2010200005D98 /* GTMSenTestCase.m */,
				4C7D2F8F0FC2010200005D98 /* GTMTestHTTPServer.h */,
				4C7D2F900FC2010200005D98 /* GTMTestHTTPServer.m */,
				4C7D2F930FC2010200005D98 /* GTMUIKit+UnitTesting.h */,
				4C7D2F940FC2010200005D98 /* GTMUIKit+UnitTesting.m */,
				4C7D2F950FC2010200005D98 /* GTMUIKit+UnitTestingTest.m */,
				4C7D2F960FC2010200005D98 /* GTMUIUnitTestingHarness */,
				4C7D2F9F0FC2010200005D98 /* GTMUIViewUnitTestingTest.png */,
				4C7D2FA00FC2010200005D98 /* GTMUnitTestDevLog.h */,
				4C7D2FA10FC2010200005D98 /* GTMUnitTestDevLog.m */,
				4C7D2FA20FC2010200005D98 /* GTMUnitTestingBindingTest.m */,
				4C7D2FA30FC2010200005D98 /* GTMUnitTestingTest.h */,
				4C7D2FA40FC2010200005D98 /* GTMUnitTestingTest.m */,
				4C7D2FA50FC2010200005D98 /* GTMUnitTestingUtilities.h */,
				4C7D2FA60FC2010200005D98 /* GTMUnitTestingUtilities.m */,
				4C7D2FA70FC2010200005D98 /* RunIPhoneUnitTest.sh */,
				4C7D2FA80FC2010200005D98 /* RunMacOSUnitTests.sh */,
				4C7D2FA90FC2010200005D98 /* TestData */,
			);
			name = UnitTesting;
			path = "../google-toolbox-for-mac/UnitTesting";
			sourceTree = SOURCE_ROOT;
		};
		4C7D2F960FC2010200005D98 /* GTMUIUnitTestingHarness */ = {
			isa = PBXGroup;
			children = (
				4C7D2F970FC2010200005D98 /* Localizable.strings */,
				4C7D2F990FC2010200005D98 /* MainMenu.nib */,
				4C7D2F9B0FC2010200005D98 /* MainMenu.xib */,
				4C7D2F9D0FC2010200005D98 /* Info.plist */,
				4C7D2F9E0FC2010200005D98 /* main.m */,
			);
			path = GTMUIUnitTestingHarness;
			sourceTree = "<group>";
		};
		4C7D2FA90FC2010200005D98 /* TestData */ = {
			isa = PBXGroup;
			children = (
				4C7D2FAA0FC2010200005D98 /* GTMUIViewUnitTestingTest.gtmUTState */,
				4C7D2FAB0FC2010200005D98 /* GTMUIViewUnitTestingTest.png */,
				4C7D2FAD0FC2010200005D98 /* GTMUnitTestingImage.gtmUTState */,
				4C7D2FAE0FC2010200005D98 /* GTMUnitTestingImage.tiff */,
				4C7D2FAF0FC2010200005D98 /* GTMUnitTestingTest.nib */,
				4C7D2FB00FC2010200005D98 /* GTMUnitTestingTestApp.gtmUTState */,
				4C7D2FB10FC2010200005D98 /* GTMUnitTestingView.tiff */,
				4C7D2FB40FC2010200005D98 /* GTMUnitTestingWindow.gtmUTState */,
				4C7D2FB50FC2010200005D98 /* GTMUnitTestingWindow.tiff */,
			);
			path = TestData;
			sourceTree = "<group>";
		};
		4C7D2FB60FC2010200005D98 /* XcodeConfig */ = {
			isa = PBXGroup;
			children = (
				4C7D2FB70FC2010200005D98 /* Project */,
				4C7D2FC40FC2010200005D98 /* subconfig */,
				4C7D2FD20FC2010200005D98 /* Target */,
				4C7D2FDB0FC2010200005D98 /* xcconfigs-readme.txt */,
			);
			name = XcodeConfig;
			path = "../google-toolbox-for-mac/XcodeConfig";
			sourceTree = SOURCE_ROOT;
		};
		4C7D2FB70FC2010200005D98 /* Project */ = {
			isa = PBXGroup;
			children = (
				4C7D2FB80FC2010200005D98 /* DebugiPhone.xcconfig */,
				4C7D2FBB0FC2010200005D98 /* DebugLeopardOrLater.xcconfig */,
				4C7D2FBD0FC2010200005D98 /* DebugTigerOrLater.xcconfig */,
				4C7D2FBE0FC2010200005D98 /* ReleaseiPhone.xcconfig */,
				4C7D2FC10FC2010200005D98 /* ReleaseLeopardOrLater.xcconfig */,
				4C7D2FC30FC2010200005D98 /* ReleaseTigerOrLater.xcconfig */,
			);
			path = Project;
			sourceTree = "<group>";
		};
		4C7D2FC40FC2010200005D98 /* subconfig */ = {
			isa = PBXGroup;
			children = (
				4C7D2FC50FC2010200005D98 /* CodeCoverage.xcconfig */,
				4C7D2FC60FC2010200005D98 /* CodeCoverageStatic.xcconfig */,
				4C7D2FC70FC2010200005D98 /* Debug.xcconfig */,
				4C7D2FC80FC2010200005D98 /* GCSupported.xcconfig */,
				4C7D2FC90FC2010200005D98 /* General.xcconfig */,
				4C7D2FCA0FC2010200005D98 /* GTMMerge.xcconfig */,
				4C7D2FCB0FC2010200005D98 /* iPhone20.xcconfig */,
				4C7D2FCC0FC2010200005D98 /* iPhone21.xcconfig */,
				4C7D2FCD0FC2010200005D98 /* LeopardOrLater.xcconfig */,
				4C7D2FCE0FC2010200005D98 /* Release.xcconfig */,
				4C7D2FCF0FC2010200005D98 /* SnowLeopardOrLater.xcconfig */,
				4C7D2FD00FC2010200005D98 /* TigerOrLater.xcconfig */,
				4C7D2FD10FC2010200005D98 /* Unittest.xcconfig */,
			);
			path = subconfig;
			sourceTree = "<group>";
		};
		4C7D2FD20FC2010200005D98 /* Target */ = {
			isa = PBXGroup;
			children = (
				4C7D2FD30FC2010200005D98 /* DebugUnittest.xcconfig */,
				4C7D2FD40FC2010200005D98 /* LoadableBundle.xcconfig */,
				4C7D2FD50FC2010200005D98 /* LoadableBundleGCSupported.xcconfig */,
				4C7D2FD60FC2010200005D98 /* ReleaseUnittest.xcconfig */,
				4C7D2FD70FC2010200005D98 /* SharedLibrary.xcconfig */,
				4C7D2FD80FC2010200005D98 /* SharedLibraryGCSupported.xcconfig */,
				4C7D2FD90FC2010200005D98 /* StaticLibrary.xcconfig */,
				4C7D2FDA0FC2010200005D98 /* StaticLibraryGCSupported.xcconfig */,
			);
			path = Target;
			sourceTree = "<group>";
		};
		4C7D30910FC203FB00005D98 /* Tests */ = {
			isa = PBXGroup;
			children = (
				4C7D30920FC2043000005D98 /* TMOutputSorterTests.h */,
				4C7D30930FC2043000005D98 /* TMOutputSorterTests.m */,
				4C86F7920FCDAF72008849CC /* TMMergeControllerTests.h */,
				4C86F7930FCDAF72008849CC /* TMMergeControllerTests.m */,
				4C6C4AF90FCDD7A600D6AB30 /* TMImageCompareControllerTests.h */,
				4C6C4AFA0FCDD7A600D6AB30 /* TMImageCompareControllerTests.m */,
				4C6C4C290FCF19D400D6AB30 /* TMImageViewTests.h */,
				4C6C4C2A0FCF19D400D6AB30 /* TMImageViewTests.m */,
				4C2672880FD6FB660091972D /* TMOutputGroupCDFactoryTests.h */,
				4C2672890FD6FB660091972D /* TMOutputGroupCDFactoryTests.m */,
			);
			name = Tests;
			sourceTree = "<group>";
		};
		4C7D31BA0FC21F0600005D98 /* MOClasses */ = {
			isa = PBXGroup;
			children = (
				4C7D31BB0FC21F0600005D98 /* machine */,
				4C7D31BE0FC21F0600005D98 /* OutputGroup.h */,
				4C7D31BF0FC21F0600005D98 /* OutputGroup.m */,
			);
			path = MOClasses;
			sourceTree = "<group>";
		};
		4C7D31BB0FC21F0600005D98 /* machine */ = {
			isa = PBXGroup;
			children = (
				4C7D31BC0FC21F0600005D98 /* _OutputGroup.h */,
				4C7D31BD0FC21F0600005D98 /* _OutputGroup.m */,
			);
			path = machine;
			sourceTree = "<group>";
		};
		4C7D32540FC221EE00005D98 /* Products */ = {
			isa = PBXGroup;
			children = (
				4C7D325C0FC221EE00005D98 /* OCMock.framework */,
				4C7D325E0FC221EE00005D98 /* OCMockTests.octest */,
			);
			name = Products;
			sourceTree = "<group>";
		};
		4C7D32DF0FC22FEF00005D98 /* Test Resources */ = {
			isa = PBXGroup;
			children = (
				4C6C4C880FCF1F5C00D6AB30 /* TMImageViewTests-testRenderNilURLImage.tiff */,
				4C6C4C770FCF1EF700D6AB30 /* TMImageViewTests-testRenderNotSelected.tiff */,
				4C6C4C780FCF1EF700D6AB30 /* TMImageViewTests-testRenderSelected.tiff */,
				4C6C4C590FCF1C9A00D6AB30 /* TMImageViewTests-testRenderNotSelected.gtmUTState */,
				4C6C4C5A0FCF1C9A00D6AB30 /* TMImageViewTests-testRenderSelected.gtmUTState */,
				4C6C4AD20FCDD21800D6AB30 /* TMMergeControllerTests-testOutputGroupsSortsReferenceAndOutputFiles.gtmUTState */,
				4C6C4AD30FCDD21800D6AB30 /* TMMergeControllerTests-testOutputGroupsSortsReferenceAndOutputFiles.tiff */,
				4C86F7E00FCDB45F008849CC /* TMMergeControllerTests-testWindowUIRendering.tiff */,
				4C7D32EB0FC2303500005D98 /* TMOutputSorterTests-testInitialState.gtmUTState */,
			);
			name = "Test Resources";
			sourceTree = "<group>";
		};
		4C86F6D10FCDA6B4008849CC /* Protocols */ = {
			isa = PBXGroup;
			children = (
				4C86F6D20FCDA6C4008849CC /* TMOutputGroup.h */,
				4C86F6D70FCDA747008849CC /* TMOutputGroupFactory.h */,
			);
			name = Protocols;
			sourceTree = "<group>";
		};
		4C86F7B80FCDB211008849CC /* Products */ = {
			isa = PBXGroup;
			children = (
				4C86F7C10FCDB211008849CC /* BWToolkit.ibplugin */,
				4C86F7C30FCDB211008849CC /* BWToolkitFramework.framework */,
			);
			name = Products;
			sourceTree = "<group>";
		};
		7756732906782D8800D1FEB8 /* Models */ = {
			isa = PBXGroup;
			children = (
				770B37EC0679A11B001EADE2 /* TestMerge_DataModel.xcdatamodel */,
				4C7D31BA0FC21F0600005D98 /* MOClasses */,
			);
			name = Models;
			sourceTree = "<group>";
		};
/* End PBXGroup section */

/* Begin PBXNativeTarget section */
		4C7D30550FC202CD00005D98 /* TestMerge-UnitTests */ = {
			isa = PBXNativeTarget;
			buildConfigurationList = 4C7D305A0FC202CE00005D98 /* Build configuration list for PBXNativeTarget "TestMerge-UnitTests" */;
			buildPhases = (
				4C7D30510FC202CD00005D98 /* Resources */,
				4C7D30520FC202CD00005D98 /* Sources */,
				4C7D30530FC202CD00005D98 /* Frameworks */,
				4C7D30540FC202CD00005D98 /* ShellScript */,
			);
			buildRules = (
			);
			dependencies = (
				4C7D305C0FC202D400005D98 /* PBXTargetDependency */,
				4C7D32610FC2220400005D98 /* PBXTargetDependency */,
			);
			name = "TestMerge-UnitTests";
			productName = Untitled;
			productReference = 4C7D30560FC202CD00005D98 /* TestMerge-UnitTests.octest */;
			productType = "com.apple.product-type.bundle";
		};
		8D1107260486CEB800E47090 /* TestMerge */ = {
			isa = PBXNativeTarget;
			buildConfigurationList = 26FC0A840875C7B200E6366F /* Build configuration list for PBXNativeTarget "TestMerge" */;
			buildPhases = (
				4C7D31D20FC2209A00005D98 /* ShellScript */,
				8D1107290486CEB800E47090 /* Resources */,
				8D11072C0486CEB800E47090 /* Sources */,
				8D11072E0486CEB800E47090 /* Frameworks */,
				4C86F7CE0FCDB24A008849CC /* CopyFiles */,
			);
			buildRules = (
			);
			dependencies = (
				4C86F7C50FCDB219008849CC /* PBXTargetDependency */,
			);
			name = TestMerge;
			productInstallPath = "$(HOME)/Applications";
			productName = TestMerge;
			productReference = 8D1107320486CEB800E47090 /* TestMerge.app */;
			productType = "com.apple.product-type.application";
		};
/* End PBXNativeTarget section */

/* Begin PBXProject section */
		29B97313FDCFA39411CA2CEA /* Project object */ = {
			isa = PBXProject;
			buildConfigurationList = 26FC0A880875C7B200E6366F /* Build configuration list for PBXProject "TestMerge" */;
			compatibilityVersion = "Xcode 3.1";
			hasScannedForEncodings = 1;
			mainGroup = 29B97314FDCFA39411CA2CEA /* TestMerge */;
			projectDirPath = "";
			projectReferences = (
				{
					ProductGroup = 4C86F7B80FCDB211008849CC /* Products */;
					ProjectRef = 4C86F7B70FCDB211008849CC /* BWToolkit.xcodeproj */;
				},
				{
					ProductGroup = 4C7D32540FC221EE00005D98 /* Products */;
					ProjectRef = 4C7D32530FC221EE00005D98 /* OCMock.xcodeproj */;
				},
			);
			projectRoot = "";
			targets = (
				8D1107260486CEB800E47090 /* TestMerge */,
				4C7D30550FC202CD00005D98 /* TestMerge-UnitTests */,
			);
		};
/* End PBXProject section */

/* Begin PBXReferenceProxy section */
		4C7D325C0FC221EE00005D98 /* OCMock.framework */ = {
			isa = PBXReferenceProxy;
			fileType = wrapper.framework;
			path = OCMock.framework;
			remoteRef = 4C7D325B0FC221EE00005D98 /* PBXContainerItemProxy */;
			sourceTree = BUILT_PRODUCTS_DIR;
		};
		4C7D325E0FC221EE00005D98 /* OCMockTests.octest */ = {
			isa = PBXReferenceProxy;
			fileType = wrapper.cfbundle;
			path = OCMockTests.octest;
			remoteRef = 4C7D325D0FC221EE00005D98 /* PBXContainerItemProxy */;
			sourceTree = BUILT_PRODUCTS_DIR;
		};
		4C86F7C10FCDB211008849CC /* BWToolkit.ibplugin */ = {
			isa = PBXReferenceProxy;
			fileType = wrapper.cfbundle;
			path = BWToolkit.ibplugin;
			remoteRef = 4C86F7C00FCDB211008849CC /* PBXContainerItemProxy */;
			sourceTree = BUILT_PRODUCTS_DIR;
		};
		4C86F7C30FCDB211008849CC /* BWToolkitFramework.framework */ = {
			isa = PBXReferenceProxy;
			fileType = wrapper.framework;
			path = BWToolkitFramework.framework;
			remoteRef = 4C86F7C20FCDB211008849CC /* PBXContainerItemProxy */;
			sourceTree = BUILT_PRODUCTS_DIR;
		};
/* End PBXReferenceProxy section */

/* Begin PBXResourcesBuildPhase section */
		4C7D30510FC202CD00005D98 /* Resources */ = {
			isa = PBXResourcesBuildPhase;
			buildActionMask = 2147483647;
			files = (
				4C7D32FE0FC2306500005D98 /* TMOutputSorterTests-testInitialState.gtmUTState in Resources */,
				4C86F7E10FCDB45F008849CC /* TMMergeControllerTests-testWindowUIRendering.tiff in Resources */,
				4C6C4A350FCDC5C700D6AB30 /* OutputGroupTest in Resources */,
				4C6C4AD40FCDD21800D6AB30 /* TMMergeControllerTests-testOutputGroupsSortsReferenceAndOutputFiles.gtmUTState in Resources */,
				4C6C4AD50FCDD21800D6AB30 /* TMMergeControllerTests-testOutputGroupsSortsReferenceAndOutputFiles.tiff in Resources */,
				4C6C4C5B0FCF1C9A00D6AB30 /* TMImageViewTests-testRenderNotSelected.gtmUTState in Resources */,
				4C6C4C5C0FCF1C9A00D6AB30 /* TMImageViewTests-testRenderSelected.gtmUTState in Resources */,
				4C6C4C790FCF1EF700D6AB30 /* TMImageViewTests-testRenderNotSelected.tiff in Resources */,
				4C6C4C7A0FCF1EF700D6AB30 /* TMImageViewTests-testRenderSelected.tiff in Resources */,
				4C6C4C890FCF1F5C00D6AB30 /* TMImageViewTests-testRenderNilURLImage.tiff in Resources */,
			);
			runOnlyForDeploymentPostprocessing = 0;
		};
		8D1107290486CEB800E47090 /* Resources */ = {
			isa = PBXResourcesBuildPhase;
			buildActionMask = 2147483647;
			files = (
				8D11072B0486CEB800E47090 /* InfoPlist.strings in Resources */,
				2F7446990DB6B7EA00F9684A /* MainMenu.xib in Resources */,
				4C7D33160FC2329700005D98 /* MergeUI.xib in Resources */,
				4C6C4AE70FCDD4DB00D6AB30 /* ImageCompareView.xib in Resources */,
				4C2679470FD83FC20091972D /* UTStateCompareView.xib in Resources */,
			);
			runOnlyForDeploymentPostprocessing = 0;
		};
/* End PBXResourcesBuildPhase section */

/* Begin PBXShellScriptBuildPhase section */
		4C7D30540FC202CD00005D98 /* ShellScript */ = {
			isa = PBXShellScriptBuildPhase;
			buildActionMask = 2147483647;
			files = (
			);
			inputPaths = (
			);
			outputPaths = (
			);
			runOnlyForDeploymentPostprocessing = 0;
			shellPath = /bin/sh;
			shellScript = "# Run the unit tests in this test bundle using GTM's RunMacOSUnitTests.sh\n\nexport GTM_DISABLE_ZOMBIES=1\nexport TM_REFERENCE_PATH=$(PROJECT_DIR)/TestResources\nexport TM_OUTPUT_PATH=~/Desktop\n\n\"${PROJECT_DIR}/../google-toolbox-for-mac/UnitTesting/RunMacOSUnitTests.sh\"";
		};
		4C7D31D20FC2209A00005D98 /* ShellScript */ = {
			isa = PBXShellScriptBuildPhase;
			buildActionMask = 2147483647;
			comments = "Run mogenerator on data model";
			files = (
			);
			inputPaths = (
				"$(SRCROOT)/TestMerge_DataModel.xcdatamodel",
			);
			outputPaths = (
			);
			runOnlyForDeploymentPostprocessing = 0;
			shellPath = /bin/sh;
			shellScript = "cd $PROJECT_DIR;\n\nHAS_MOGENERATOR=\"`which mogenerator`\"\n\nif [ \"$HAS_MOGENERATOR\" != \"\" ]; then\n\nmogenerator -m TestMerge_DataModel.xcdatamodel/ -O MOClasses/ -M MOClasses/machine\n\nfi";
		};
/* End PBXShellScriptBuildPhase section */

/* Begin PBXSourcesBuildPhase section */
		4C7D30520FC202CD00005D98 /* Sources */ = {
			isa = PBXSourcesBuildPhase;
			buildActionMask = 2147483647;
			files = (
				4C7D30940FC2043000005D98 /* TMOutputSorterTests.m in Sources */,
				4C7D30950FC2044100005D98 /* GTMSenTestCase.m in Sources */,
				4C7D30960FC2044400005D98 /* GTMAppKit+UnitTesting.m in Sources */,
				4C7D30980FC2044900005D98 /* GTMCALayer+UnitTesting.m in Sources */,
				4C7D30990FC2044D00005D98 /* GTMNSObject+BindingUnitTesting.m in Sources */,
				4C7D309A0FC2045000005D98 /* GTMNSObject+UnitTesting.m in Sources */,
				4C7D309C0FC2045A00005D98 /* GTMUnitTestDevLog.m in Sources */,
				4C7D30A60FC204D700005D98 /* GTMMethodCheck.m in Sources */,
				4C7D30CB0FC2097A00005D98 /* NSString+UUID.m in Sources */,
				4C86F7940FCDAF72008849CC /* TMMergeControllerTests.m in Sources */,
				4C6C4AFB0FCDD7A600D6AB30 /* TMImageCompareControllerTests.m in Sources */,
				4C6C4C2B0FCF19D400D6AB30 /* TMImageViewTests.m in Sources */,
				4C26728A0FD6FB660091972D /* TMOutputGroupCDFactoryTests.m in Sources */,
			);
			runOnlyForDeploymentPostprocessing = 0;
		};
		8D11072C0486CEB800E47090 /* Sources */ = {
			isa = PBXSourcesBuildPhase;
			buildActionMask = 2147483647;
			files = (
				8D11072D0486CEB800E47090 /* main.m in Sources */,
				77C8280E06725ACE000B614F /* AppDelegate.m in Sources */,
				770B37ED0679A11B001EADE2 /* TestMerge_DataModel.xcdatamodel in Sources */,
				4C7D2FDE0FC2013500005D98 /* GTMNSEnumerator+Filter.m in Sources */,
				4C7D2FE00FC2013600005D98 /* GTMNSFileManager+Path.m in Sources */,
				4C7D2FE20FC2013700005D98 /* GTMRegex.m in Sources */,
				4C7D30270FC2028700005D98 /* GTMGeometryUtils.m in Sources */,
				4C7D30CF0FC209DC00005D98 /* TMOutputSorter.m in Sources */,
				4C7D31C00FC21F0600005D98 /* _OutputGroup.m in Sources */,
				4C7D31C10FC21F0600005D98 /* OutputGroup.m in Sources */,
				4C7D32C90FC22D9E00005D98 /* GTMSystemVersion.m in Sources */,
				4C7D33060FC2311B00005D98 /* TMMergeController.m in Sources */,
				4C86F6DB0FCDA798008849CC /* TMErrors.m in Sources */,
				4C86F6F10FCDAC5D008849CC /* GTMUnitTestingUtilities.m in Sources */,
				4C6C49D90FCDC2D600D6AB30 /* TMOutputGroupCDFactory.m in Sources */,
				4C6C4AF80FCDD72400D6AB30 /* TMImageCompareController.m in Sources */,
				4C6C4BF00FCE0B3D00D6AB30 /* TMCompareController.m in Sources */,
				4C6C4C270FCF19A800D6AB30 /* TMImageView.m in Sources */,
				4C7D0F430FD5938400D83C0F /* GTMStackTrace.m in Sources */,
				4C7D0F450FD5939100D83C0F /* GTMNSObject+KeyValueObserving.m in Sources */,
				4C7D0F460FD5939500D83C0F /* GTMLogger.m in Sources */,
				4C7D0F470FD5939600D83C0F /* GTMLogger+ASL.m in Sources */,
				4C7D0F610FD594A000D83C0F /* GTMNSString+FindFolder.m in Sources */,
				4C26794B0FD83FFF0091972D /* TMUTStateCompareController.m in Sources */,
			);
			runOnlyForDeploymentPostprocessing = 0;
		};
/* End PBXSourcesBuildPhase section */

/* Begin PBXTargetDependency section */
		4C7D305C0FC202D400005D98 /* PBXTargetDependency */ = {
			isa = PBXTargetDependency;
			target = 8D1107260486CEB800E47090 /* TestMerge */;
			targetProxy = 4C7D305B0FC202D400005D98 /* PBXContainerItemProxy */;
		};
		4C7D32610FC2220400005D98 /* PBXTargetDependency */ = {
			isa = PBXTargetDependency;
			name = OCMock;
			targetProxy = 4C7D32600FC2220400005D98 /* PBXContainerItemProxy */;
		};
		4C86F7C50FCDB219008849CC /* PBXTargetDependency */ = {
			isa = PBXTargetDependency;
			name = BWToolkitFramework;
			targetProxy = 4C86F7C40FCDB219008849CC /* PBXContainerItemProxy */;
		};
/* End PBXTargetDependency section */

/* Begin PBXVariantGroup section */
		089C165CFE840E0CC02AAC07 /* InfoPlist.strings */ = {
			isa = PBXVariantGroup;
			children = (
				089C165DFE840E0CC02AAC07 /* English */,
			);
			name = InfoPlist.strings;
			sourceTree = "<group>";
		};
		2F7446970DB6B7EA00F9684A /* MainMenu.xib */ = {
			isa = PBXVariantGroup;
			children = (
				2F7446980DB6B7EA00F9684A /* English */,
			);
			name = MainMenu.xib;
			sourceTree = "<group>";
		};
		4C2679460FD83FC20091972D /* UTStateCompareView.xib */ = {
			isa = PBXVariantGroup;
			children = (
				4C2679440FD83FB80091972D /* English */,
			);
			name = UTStateCompareView.xib;
			sourceTree = "<group>";
		};
		4C6C4AE60FCDD4DB00D6AB30 /* ImageCompareView.xib */ = {
			isa = PBXVariantGroup;
			children = (
				4C6C4AE40FCDD4C900D6AB30 /* English */,
			);
			name = ImageCompareView.xib;
			sourceTree = "<group>";
		};
		4C7D2F970FC2010200005D98 /* Localizable.strings */ = {
			isa = PBXVariantGroup;
			children = (
				4C7D2F980FC2010200005D98 /* English */,
			);
			name = Localizable.strings;
			sourceTree = "<group>";
		};
		4C7D2F990FC2010200005D98 /* MainMenu.nib */ = {
			isa = PBXVariantGroup;
			children = (
				4C7D2F9A0FC2010200005D98 /* English */,
			);
			name = MainMenu.nib;
			sourceTree = "<group>";
		};
		4C7D2F9B0FC2010200005D98 /* MainMenu.xib */ = {
			isa = PBXVariantGroup;
			children = (
				4C7D2F9C0FC2010200005D98 /* English */,
			);
			name = MainMenu.xib;
			sourceTree = "<group>";
		};
		4C7D33150FC2329700005D98 /* MergeUI.xib */ = {
			isa = PBXVariantGroup;
			children = (
				4C7D33130FC2328E00005D98 /* English */,
			);
			name = MergeUI.xib;
			sourceTree = "<group>";
		};
/* End PBXVariantGroup section */

/* Begin XCBuildConfiguration section */
		26FC0A850875C7B200E6366F /* Debug */ = {
			isa = XCBuildConfiguration;
			buildSettings = {
				COPY_PHASE_STRIP = NO;
				CURRENT_PROJECT_VERSION = 1;
				GCC_DYNAMIC_NO_PIC = NO;
				GCC_ENABLE_FIX_AND_CONTINUE = YES;
				GCC_ENABLE_OBJC_EXCEPTIONS = YES;
				GCC_ENABLE_OBJC_GC = required;
				GCC_MODEL_TUNING = G5;
				GCC_OPTIMIZATION_LEVEL = 0;
				GCC_PRECOMPILE_PREFIX_HEADER = YES;
				GCC_PREFIX_HEADER = TestMerge_Prefix.pch;
				INFOPLIST_FILE = Info.plist;
				INSTALL_PATH = "$(HOME)/Applications";
				PRODUCT_NAME = TestMerge;
				WRAPPER_EXTENSION = app;
			};
			name = Debug;
		};
		26FC0A860875C7B200E6366F /* Release */ = {
			isa = XCBuildConfiguration;
			buildSettings = {
				CURRENT_PROJECT_VERSION = 1;
				DEBUG_INFORMATION_FORMAT = "dwarf-with-dsym";
				GCC_ENABLE_OBJC_EXCEPTIONS = YES;
				GCC_ENABLE_OBJC_GC = required;
				GCC_MODEL_TUNING = G5;
				GCC_PRECOMPILE_PREFIX_HEADER = YES;
				GCC_PREFIX_HEADER = TestMerge_Prefix.pch;
				INFOPLIST_FILE = Info.plist;
				INSTALL_PATH = "$(HOME)/Applications";
				PRODUCT_NAME = TestMerge;
				WRAPPER_EXTENSION = app;
			};
			name = Release;
		};
		26FC0A890875C7B200E6366F /* Debug */ = {
			isa = XCBuildConfiguration;
			baseConfigurationReference = 4C7D2FBB0FC2010200005D98 /* DebugLeopardOrLater.xcconfig */;
			buildSettings = {
				ARCHS = "$(ARCHS_STANDARD_32_BIT)";
				GCC_C_LANGUAGE_STANDARD = c99;
				GCC_WARN_ABOUT_RETURN_TYPE = YES;
				GCC_WARN_UNUSED_VARIABLE = YES;
				ONLY_ACTIVE_ARCH = YES;
				PREBINDING = NO;
				SDKROOT = macosx10.5;
			};
			name = Debug;
		};
		26FC0A8A0875C7B200E6366F /* Release */ = {
			isa = XCBuildConfiguration;
			baseConfigurationReference = 4C7D2FC10FC2010200005D98 /* ReleaseLeopardOrLater.xcconfig */;
			buildSettings = {
				ARCHS = "$(ARCHS_STANDARD_32_BIT)";
				GCC_C_LANGUAGE_STANDARD = c99;
				GCC_WARN_ABOUT_RETURN_TYPE = YES;
				GCC_WARN_UNUSED_VARIABLE = YES;
				PREBINDING = NO;
				SDKROOT = macosx10.5;
			};
			name = Release;
		};
		4C7D30580FC202CE00005D98 /* Debug */ = {
			isa = XCBuildConfiguration;
			baseConfigurationReference = 4C7D2FD30FC2010200005D98 /* DebugUnittest.xcconfig */;
			buildSettings = {
				ALWAYS_SEARCH_USER_PATHS = NO;
				BUNDLE_LOADER = "$(BUILT_PRODUCTS_DIR)/TestMerge.app/Contents/MacOS/TestMerge";
				COPY_PHASE_STRIP = NO;
				FRAMEWORK_SEARCH_PATHS = "$(DEVELOPER_LIBRARY_DIR)/Frameworks";
				GCC_DYNAMIC_NO_PIC = NO;
				GCC_ENABLE_FIX_AND_CONTINUE = NO;
				GCC_ENABLE_OBJC_EXCEPTIONS = YES;
				GCC_ENABLE_OBJC_GC = required;
				GCC_MODEL_TUNING = G5;
				GCC_OPTIMIZATION_LEVEL = 0;
				GCC_PRECOMPILE_PREFIX_HEADER = YES;
				GCC_PREFIX_HEADER = "$(SYSTEM_LIBRARY_DIR)/Frameworks/Cocoa.framework/Headers/Cocoa.h";
				INFOPLIST_FILE = "TestMerge-UnitTests-Info.plist";
				INSTALL_PATH = "$(USER_LIBRARY_DIR)/Bundles";
				OTHER_LDFLAGS = (
					"-framework",
					Cocoa,
					"-framework",
					SenTestingKit,
				);
				PREBINDING = NO;
				PRODUCT_NAME = "TestMerge-UnitTests";
				TEST_HOST = "$(BUNDLE_LOADER)";
				WRAPPER_EXTENSION = octest;
			};
			name = Debug;
		};
		4C7D30590FC202CE00005D98 /* Release */ = {
			isa = XCBuildConfiguration;
			baseConfigurationReference = 4C7D2FD60FC2010200005D98 /* ReleaseUnittest.xcconfig */;
			buildSettings = {
				ALWAYS_SEARCH_USER_PATHS = NO;
				BUNDLE_LOADER = "$(BUILT_PRODUCTS_DIR)/TestMerge.app/Contents/MacOS/TestMerge";
				COPY_PHASE_STRIP = YES;
				DEBUG_INFORMATION_FORMAT = "dwarf-with-dsym";
				FRAMEWORK_SEARCH_PATHS = "$(DEVELOPER_LIBRARY_DIR)/Frameworks";
				GCC_ENABLE_FIX_AND_CONTINUE = NO;
				GCC_ENABLE_OBJC_EXCEPTIONS = YES;
				GCC_ENABLE_OBJC_GC = required;
				GCC_MODEL_TUNING = G5;
				GCC_PRECOMPILE_PREFIX_HEADER = YES;
				GCC_PREFIX_HEADER = "$(SYSTEM_LIBRARY_DIR)/Frameworks/Cocoa.framework/Headers/Cocoa.h";
				INFOPLIST_FILE = "TestMerge-UnitTests-Info.plist";
				INSTALL_PATH = "$(USER_LIBRARY_DIR)/Bundles";
				OTHER_LDFLAGS = (
					"-framework",
					Cocoa,
					"-framework",
					SenTestingKit,
				);
				PREBINDING = NO;
				PRODUCT_NAME = Untitled;
				TEST_HOST = "$(BUNDLE_LOADER)";
				WRAPPER_EXTENSION = octest;
				ZERO_LINK = NO;
			};
			name = Release;
		};
/* End XCBuildConfiguration section */

/* Begin XCConfigurationList section */
		26FC0A840875C7B200E6366F /* Build configuration list for PBXNativeTarget "TestMerge" */ = {
			isa = XCConfigurationList;
			buildConfigurations = (
				26FC0A850875C7B200E6366F /* Debug */,
				26FC0A860875C7B200E6366F /* Release */,
			);
			defaultConfigurationIsVisible = 0;
			defaultConfigurationName = Release;
		};
		26FC0A880875C7B200E6366F /* Build configuration list for PBXProject "TestMerge" */ = {
			isa = XCConfigurationList;
			buildConfigurations = (
				26FC0A890875C7B200E6366F /* Debug */,
				26FC0A8A0875C7B200E6366F /* Release */,
			);
			defaultConfigurationIsVisible = 0;
			defaultConfigurationName = Release;
		};
		4C7D305A0FC202CE00005D98 /* Build configuration list for PBXNativeTarget "TestMerge-UnitTests" */ = {
			isa = XCConfigurationList;
			buildConfigurations = (
				4C7D30580FC202CE00005D98 /* Debug */,
				4C7D30590FC202CE00005D98 /* Release */,
			);
			defaultConfigurationIsVisible = 0;
			defaultConfigurationName = Release;
		};
/* End XCConfigurationList section */
	};
	rootObject = 29B97313FDCFA39411CA2CEA /* Project object */;
}
